PODS:
  - SwiftGen (6.6.3)
  - SwiftLint (0.54.0)

DEPENDENCIES:
  - SwiftGen
  - SwiftLint

SPEC REPOS:
  https://github.com/CocoaPods/Specs.git:
    - SwiftGen
    - SwiftLint

SPEC CHECKSUMS:
  SwiftGen: 4993cbf71cbc4886f775e26f8d5c3a1188ec9f99
  SwiftLint: c1de071d9d08c8aba837545f6254315bc900e211

PODFILE CHECKSUM: 330d8363fa137f4a9d2c456e762a5fd86e490f81

COCOAPODS: 1.11.3
