// !$*UTF8*$!
{
	archiveVersion = 1;
	classes = {
	};
	objectVersion = 56;
	objects = {

/* Begin PBXBuildFile section */
		0C79EE612A76DCD600EE90EA /* NftByIdRequest.swift in Sources */ = {isa = PBXBuildFile; fileRef = 0C79EE602A76DCD600EE90EA /* NftByIdRequest.swift */; };
		0C79EE632A76DD1900EE90EA /* RequestConstants.swift in Sources */ = {isa = PBXBuildFile; fileRef = 0C79EE622A76DD1900EE90EA /* RequestConstants.swift */; };
		0C79EE662A76DDFF00EE90EA /* NftDetailViewController.swift in Sources */ = {isa = PBXBuildFile; fileRef = 0C79EE652A76DDFF00EE90EA /* NftDetailViewController.swift */; };
		0C79EE682A76DE0900EE90EA /* NftDetailPresenter.swift in Sources */ = {isa = PBXBuildFile; fileRef = 0C79EE672A76DE0900EE90EA /* NftDetailPresenter.swift */; };
		0C79EE6A2A76DE1000EE90EA /* NftDetailAssembly.swift in Sources */ = {isa = PBXBuildFile; fileRef = 0C79EE692A76DE1000EE90EA /* NftDetailAssembly.swift */; };
		0C79EE6C2A76DE2E00EE90EA /* ServicesAssemly.swift in Sources */ = {isa = PBXBuildFile; fileRef = 0C79EE6B2A76DE2E00EE90EA /* ServicesAssemly.swift */; };
		0CF2C2DB2A783C1B00FDC837 /* LoadingView.swift in Sources */ = {isa = PBXBuildFile; fileRef = 0CF2C2DA2A783C1B00FDC837 /* LoadingView.swift */; };
		0CF2C2DD2A783CE600FDC837 /* ErrorView.swift in Sources */ = {isa = PBXBuildFile; fileRef = 0CF2C2DC2A783CE600FDC837 /* ErrorView.swift */; };
		0CF2C2E12A784C7000FDC837 /* LinePageControl.swift in Sources */ = {isa = PBXBuildFile; fileRef = 0CF2C2E02A784C7000FDC837 /* LinePageControl.swift */; };
		0CFCB7402A78002A0009A829 /* NftService.swift in Sources */ = {isa = PBXBuildFile; fileRef = 0CFCB73F2A78002A0009A829 /* NftService.swift */; };
		0CFCB7442A7802440009A829 /* NftDetailInput.swift in Sources */ = {isa = PBXBuildFile; fileRef = 0CFCB7432A7802440009A829 /* NftDetailInput.swift */; };
		0CFCB7462A78064B0009A829 /* NftDetailCellModel.swift in Sources */ = {isa = PBXBuildFile; fileRef = 0CFCB7452A78064B0009A829 /* NftDetailCellModel.swift */; };
		0CFCB74B2A780EA80009A829 /* UIView+Constraints.swift in Sources */ = {isa = PBXBuildFile; fileRef = 0CFCB74A2A780EA80009A829 /* UIView+Constraints.swift */; };
		0CFCB74E2A7817DC0009A829 /* NftStorage.swift in Sources */ = {isa = PBXBuildFile; fileRef = 0CFCB74D2A7817DC0009A829 /* NftStorage.swift */; };
		3F478ECF29DB474E00F6D39E /* Colors.swift in Sources */ = {isa = PBXBuildFile; fileRef = 3F478ECE29DB474E00F6D39E /* Colors.swift */; };
		3F478ED129DB476500F6D39E /* Fonts.swift in Sources */ = {isa = PBXBuildFile; fileRef = 3F478ED029DB476500F6D39E /* Fonts.swift */; };
		3F603CCD29DB4A53000C43D7 /* ProgressHUD in Frameworks */ = {isa = PBXBuildFile; productRef = 3F603CCC29DB4A53000C43D7 /* ProgressHUD */; };
		3F603CD029DB4A74000C43D7 /* Kingfisher in Frameworks */ = {isa = PBXBuildFile; productRef = 3F603CCF29DB4A74000C43D7 /* Kingfisher */; };
		3F68069729CBBAF100B4F915 /* AppDelegate.swift in Sources */ = {isa = PBXBuildFile; fileRef = 3F68069629CBBAF100B4F915 /* AppDelegate.swift */; };
		3F68069929CBBAF100B4F915 /* SceneDelegate.swift in Sources */ = {isa = PBXBuildFile; fileRef = 3F68069829CBBAF100B4F915 /* SceneDelegate.swift */; };
		3F6806A029CBBAF200B4F915 /* Assets.xcassets in Resources */ = {isa = PBXBuildFile; fileRef = 3F68069F29CBBAF200B4F915 /* Assets.xcassets */; };
		3F6806A329CBBAF200B4F915 /* LaunchScreen.storyboard in Resources */ = {isa = PBXBuildFile; fileRef = 3F6806A129CBBAF200B4F915 /* LaunchScreen.storyboard */; };
		3F6806D129CBBE6B00B4F915 /* NetworkClient.swift in Sources */ = {isa = PBXBuildFile; fileRef = 3F6806D029CBBE6B00B4F915 /* NetworkClient.swift */; };
		3F6806D329CBBE9600B4F915 /* NetworkRequest.swift in Sources */ = {isa = PBXBuildFile; fileRef = 3F6806D229CBBE9600B4F915 /* NetworkRequest.swift */; };
		3F6806D529CBBEC700B4F915 /* NetworkTask.swift in Sources */ = {isa = PBXBuildFile; fileRef = 3F6806D429CBBEC700B4F915 /* NetworkTask.swift */; };
		3F6806D729CBC50A00B4F915 /* CellsReusingUtils.swift in Sources */ = {isa = PBXBuildFile; fileRef = 3F6806D629CBC50A00B4F915 /* CellsReusingUtils.swift */; };
		3FC8C39329D246BA0081F015 /* DateFormatters+Presets.swift in Sources */ = {isa = PBXBuildFile; fileRef = 3FC8C39229D246BA0081F015 /* DateFormatters+Presets.swift */; };
		5E13B0BA2BAD5F07006EB5AA /* UIView+Ext.swift in Sources */ = {isa = PBXBuildFile; fileRef = 5E13B0B92BAD5F07006EB5AA /* UIView+Ext.swift */; };
		5E13B0BC2BAD6A68006EB5AA /* CatalogItem.swift in Sources */ = {isa = PBXBuildFile; fileRef = 5E13B0BB2BAD6A68006EB5AA /* CatalogItem.swift */; };
		5E13B0C42BAD91BD006EB5AA /* CollectionPresenter.swift in Sources */ = {isa = PBXBuildFile; fileRef = 5E13B0BF2BAD91BD006EB5AA /* CollectionPresenter.swift */; };
		5E13B0C52BAD91BD006EB5AA /* CollectionRouter.swift in Sources */ = {isa = PBXBuildFile; fileRef = 5E13B0C02BAD91BD006EB5AA /* CollectionRouter.swift */; };
		5E13B0C62BAD91BD006EB5AA /* CollectionViewController.swift in Sources */ = {isa = PBXBuildFile; fileRef = 5E13B0C12BAD91BD006EB5AA /* CollectionViewController.swift */; };
		5E13B0C72BAD91BD006EB5AA /* CollectionAssembly.swift in Sources */ = {isa = PBXBuildFile; fileRef = 5E13B0C22BAD91BD006EB5AA /* CollectionAssembly.swift */; };
		5E13B0C92BAD9F16006EB5AA /* ILayoutProvider.swift in Sources */ = {isa = PBXBuildFile; fileRef = 5E13B0C82BAD9F16006EB5AA /* ILayoutProvider.swift */; };
		5E13B0CC2BAD9F8E006EB5AA /* CollectionLayoutProvider.swift in Sources */ = {isa = PBXBuildFile; fileRef = 5E13B0CB2BAD9F8E006EB5AA /* CollectionLayoutProvider.swift */; };
		5E13B0CE2BADA0DB006EB5AA /* VerticalNftCell.swift in Sources */ = {isa = PBXBuildFile; fileRef = 5E13B0CD2BADA0DB006EB5AA /* VerticalNftCell.swift */; };
		5E13B0D02BADCAEE006EB5AA /* ProductImageView.swift in Sources */ = {isa = PBXBuildFile; fileRef = 5E13B0CF2BADCAEE006EB5AA /* ProductImageView.swift */; };
		5E13B0D22BADCB2B006EB5AA /* RatingView.swift in Sources */ = {isa = PBXBuildFile; fileRef = 5E13B0D12BADCB2B006EB5AA /* RatingView.swift */; };
		5E1D0C102BB1E4AB0067AB47 /* CollectionItemService.swift in Sources */ = {isa = PBXBuildFile; fileRef = 5E1D0C0F2BB1E4AB0067AB47 /* CollectionItemService.swift */; };
		5E1D0C122BB1E6E20067AB47 /* CatalogItemRequest.swift in Sources */ = {isa = PBXBuildFile; fileRef = 5E1D0C112BB1E6E20067AB47 /* CatalogItemRequest.swift */; };
		5E1D0C152BB1EC260067AB47 /* ApiConstant.swift in Sources */ = {isa = PBXBuildFile; fileRef = 5E1D0C142BB1EC260067AB47 /* ApiConstant.swift */; };
		5E1D0C172BB1EF240067AB47 /* UIBlockProgressHUD.swift in Sources */ = {isa = PBXBuildFile; fileRef = 5E1D0C162BB1EF240067AB47 /* UIBlockProgressHUD.swift */; };
		5E1D0C1A2BB3054C0067AB47 /* VerticalNftCellModel.swift in Sources */ = {isa = PBXBuildFile; fileRef = 5E1D0C192BB3054C0067AB47 /* VerticalNftCellModel.swift */; };
		5E2EC62B2BB33588004769C6 /* SortStorage.swift in Sources */ = {isa = PBXBuildFile; fileRef = 5E2EC62A2BB33588004769C6 /* SortStorage.swift */; };
		5E425F332BB5DBCF002594B0 /* CatalogCellModel.swift in Sources */ = {isa = PBXBuildFile; fileRef = 5E425F322BB5DBCF002594B0 /* CatalogCellModel.swift */; };
		5E7E677A2BAF75F3007DC77E /* ProfileInfo.swift in Sources */ = {isa = PBXBuildFile; fileRef = 5E7E67792BAF75F3007DC77E /* ProfileInfo.swift */; };
		5E7E677C2BAF7617007DC77E /* Order.swift in Sources */ = {isa = PBXBuildFile; fileRef = 5E7E677B2BAF7617007DC77E /* Order.swift */; };
		5E7E677E2BAF79DF007DC77E /* Nft.swift in Sources */ = {isa = PBXBuildFile; fileRef = 5E7E677D2BAF79DF007DC77E /* Nft.swift */; };
		5E7E67812BAF7EDA007DC77E /* CollectionViewModel.swift in Sources */ = {isa = PBXBuildFile; fileRef = 5E7E67802BAF7EDA007DC77E /* CollectionViewModel.swift */; };
		5E805A812BB996BF00517566 /* ProfileInfoRequest.swift in Sources */ = {isa = PBXBuildFile; fileRef = 5E805A802BB996BF00517566 /* ProfileInfoRequest.swift */; };
		5E8774752BB01B2E00CFDA5E /* WebViewAssembly.swift in Sources */ = {isa = PBXBuildFile; fileRef = 5E8774742BB01B2E00CFDA5E /* WebViewAssembly.swift */; };
		5E8774772BB01B4400CFDA5E /* WebViewViewController.swift in Sources */ = {isa = PBXBuildFile; fileRef = 5E8774762BB01B4400CFDA5E /* WebViewViewController.swift */; };
		5E8774792BB01B9A00CFDA5E /* WebViewPresenter.swift in Sources */ = {isa = PBXBuildFile; fileRef = 5E8774782BB01B9A00CFDA5E /* WebViewPresenter.swift */; };
		5EB445192BBD59BF00DD9C55 /* CatalogPresenterTests.swift in Sources */ = {isa = PBXBuildFile; fileRef = 5EB445182BBD59BF00DD9C55 /* CatalogPresenterTests.swift */; };
		5EC3DC312BB4AA8500AD506F /* ProfileRequest.swift in Sources */ = {isa = PBXBuildFile; fileRef = 5EC3DC302BB4AA8500AD506F /* ProfileRequest.swift */; };
		5EC3DC332BB4ABDD00AD506F /* ProfileService.swift in Sources */ = {isa = PBXBuildFile; fileRef = 5EC3DC322BB4ABDD00AD506F /* ProfileService.swift */; };
		5EC3DC352BB4B00900AD506F /* OrderRequest.swift in Sources */ = {isa = PBXBuildFile; fileRef = 5EC3DC342BB4B00900AD506F /* OrderRequest.swift */; };
		5EC3DC372BB4B06500AD506F /* OrderService.swift in Sources */ = {isa = PBXBuildFile; fileRef = 5EC3DC362BB4B06500AD506F /* OrderService.swift */; };
		5EC401332BC019F500F7864E /* CatalogItemServiceStub.swift in Sources */ = {isa = PBXBuildFile; fileRef = 5EC401322BC019F500F7864E /* CatalogItemServiceStub.swift */; };
		5EC401362BC01BEA00F7864E /* CatalogRouterSpy.swift in Sources */ = {isa = PBXBuildFile; fileRef = 5EC401352BC01BEA00F7864E /* CatalogRouterSpy.swift */; };
		5EC401382BC01C3400F7864E /* SortStorageStub.swift in Sources */ = {isa = PBXBuildFile; fileRef = 5EC401372BC01C3400F7864E /* SortStorageStub.swift */; };
		5EC4013A2BC01EAE00F7864E /* CatalogViewSpy.swift in Sources */ = {isa = PBXBuildFile; fileRef = 5EC401392BC01EAE00F7864E /* CatalogViewSpy.swift */; };
		5EC4013D2BC02A5F00F7864E /* CollectionPresenterTests.swift in Sources */ = {isa = PBXBuildFile; fileRef = 5EC4013C2BC02A5F00F7864E /* CollectionPresenterTests.swift */; };
		5EC401402BC04F2F00F7864E /* CollectionViewSpy.swift in Sources */ = {isa = PBXBuildFile; fileRef = 5EC4013F2BC04F2F00F7864E /* CollectionViewSpy.swift */; };
		5EC401422BC04F7F00F7864E /* ProfileServiceStub.swift in Sources */ = {isa = PBXBuildFile; fileRef = 5EC401412BC04F7F00F7864E /* ProfileServiceStub.swift */; };
		5EC401442BC051F500F7864E /* OrderServiceStub.swift in Sources */ = {isa = PBXBuildFile; fileRef = 5EC401432BC051F500F7864E /* OrderServiceStub.swift */; };
		5EC401462BC052DB00F7864E /* NftServiceStub.swift in Sources */ = {isa = PBXBuildFile; fileRef = 5EC401452BC052DB00F7864E /* NftServiceStub.swift */; };
		5EC401482BC0548800F7864E /* CollectionRouterSpy.swift in Sources */ = {isa = PBXBuildFile; fileRef = 5EC401472BC0548800F7864E /* CollectionRouterSpy.swift */; };
		5EC4014A2BC054E900F7864E /* CatalogItem+Fake.swift in Sources */ = {isa = PBXBuildFile; fileRef = 5EC401492BC054E900F7864E /* CatalogItem+Fake.swift */; };
		5EC4014C2BC1CEE700F7864E /* CatalogUITests.swift in Sources */ = {isa = PBXBuildFile; fileRef = 5EC4014B2BC1CEE700F7864E /* CatalogUITests.swift */; };
		5EC4014E2BC1DA3E00F7864E /* AccessibilityConstant.swift in Sources */ = {isa = PBXBuildFile; fileRef = 5EC4014D2BC1DA3E00F7864E /* AccessibilityConstant.swift */; };
		5EC4014F2BC1DB1400F7864E /* AccessibilityConstant.swift in Sources */ = {isa = PBXBuildFile; fileRef = 5EC4014D2BC1DA3E00F7864E /* AccessibilityConstant.swift */; };
		5EC401502BC1E9AE00F7864E /* SortStorage.swift in Sources */ = {isa = PBXBuildFile; fileRef = 5E2EC62A2BB33588004769C6 /* SortStorage.swift */; };
		5EC401532BC2819400F7864E /* CatalogPage.swift in Sources */ = {isa = PBXBuildFile; fileRef = 5EC401522BC2819400F7864E /* CatalogPage.swift */; };
		5EC401552BC286CE00F7864E /* CollectionUITests.swift in Sources */ = {isa = PBXBuildFile; fileRef = 5EC401542BC286CE00F7864E /* CollectionUITests.swift */; };
		5EC401572BC286D800F7864E /* CollectionPage.swift in Sources */ = {isa = PBXBuildFile; fileRef = 5EC401562BC286D800F7864E /* CollectionPage.swift */; };
		5EE4C1982BACDF480089100B /* CatalogCell.swift in Sources */ = {isa = PBXBuildFile; fileRef = 5EE4C1972BACDF480089100B /* CatalogCell.swift */; };
		5EE7BEE62BAA028400A32EC0 /* SplashAssembly.swift in Sources */ = {isa = PBXBuildFile; fileRef = 5EE7BEE52BAA028400A32EC0 /* SplashAssembly.swift */; };
		5EE7BEE82BAA028D00A32EC0 /* SplashViewController.swift in Sources */ = {isa = PBXBuildFile; fileRef = 5EE7BEE72BAA028D00A32EC0 /* SplashViewController.swift */; };
		5EE7BEEA2BAA029400A32EC0 /* SplashPresenter.swift in Sources */ = {isa = PBXBuildFile; fileRef = 5EE7BEE92BAA029400A32EC0 /* SplashPresenter.swift */; };
		5EE7BEEC2BAA029C00A32EC0 /* SplashRouter.swift in Sources */ = {isa = PBXBuildFile; fileRef = 5EE7BEEB2BAA029C00A32EC0 /* SplashRouter.swift */; };
		5EE7BEEE2BAA179800A32EC0 /* CatalogAssembly.swift in Sources */ = {isa = PBXBuildFile; fileRef = 5EE7BEED2BAA179800A32EC0 /* CatalogAssembly.swift */; };
		5EE7BEF02BAA17A200A32EC0 /* CatalogViewController.swift in Sources */ = {isa = PBXBuildFile; fileRef = 5EE7BEEF2BAA17A200A32EC0 /* CatalogViewController.swift */; };
		5EE7BEF22BAA17A800A32EC0 /* CatalogRouter.swift in Sources */ = {isa = PBXBuildFile; fileRef = 5EE7BEF12BAA17A800A32EC0 /* CatalogRouter.swift */; };
		5EE7BEF42BAA17B000A32EC0 /* CatalogPresenter.swift in Sources */ = {isa = PBXBuildFile; fileRef = 5EE7BEF32BAA17B000A32EC0 /* CatalogPresenter.swift */; };
		5EE7BEF92BAA19C700A32EC0 /* CartAssembly.swift in Sources */ = {isa = PBXBuildFile; fileRef = 5EE7BEF82BAA19C700A32EC0 /* CartAssembly.swift */; };
		5EE7BEFB2BAA19CF00A32EC0 /* CartViewController.swift in Sources */ = {isa = PBXBuildFile; fileRef = 5EE7BEFA2BAA19CF00A32EC0 /* CartViewController.swift */; };
		5EE7BEFD2BAA19D600A32EC0 /* CartPresenter.swift in Sources */ = {isa = PBXBuildFile; fileRef = 5EE7BEFC2BAA19D600A32EC0 /* CartPresenter.swift */; };
		5EE7BEFF2BAA19DD00A32EC0 /* CartRouter.swift in Sources */ = {isa = PBXBuildFile; fileRef = 5EE7BEFE2BAA19DD00A32EC0 /* CartRouter.swift */; };
		5EE7BF012BAA1A9300A32EC0 /* StatisticsAssembly.swift in Sources */ = {isa = PBXBuildFile; fileRef = 5EE7BF002BAA1A9300A32EC0 /* StatisticsAssembly.swift */; };
		5EE7BF032BAA1A9900A32EC0 /* StatisticsViewController.swift in Sources */ = {isa = PBXBuildFile; fileRef = 5EE7BF022BAA1A9900A32EC0 /* StatisticsViewController.swift */; };
		5EE7BF052BAA1A9F00A32EC0 /* StatisticsPresenter.swift in Sources */ = {isa = PBXBuildFile; fileRef = 5EE7BF042BAA1A9F00A32EC0 /* StatisticsPresenter.swift */; };
		5EE7BF072BAA1AA400A32EC0 /* StatisticsRouter.swift in Sources */ = {isa = PBXBuildFile; fileRef = 5EE7BF062BAA1AA400A32EC0 /* StatisticsRouter.swift */; };
		5EE7BF092BAA1B6600A32EC0 /* ProfileAssembly.swift in Sources */ = {isa = PBXBuildFile; fileRef = 5EE7BF082BAA1B6600A32EC0 /* ProfileAssembly.swift */; };
		5EE7BF0B2BAA1B6C00A32EC0 /* ProfileViewController.swift in Sources */ = {isa = PBXBuildFile; fileRef = 5EE7BF0A2BAA1B6C00A32EC0 /* ProfileViewController.swift */; };
		5EE7BF0D2BAA1B7300A32EC0 /* ProfilePresenter.swift in Sources */ = {isa = PBXBuildFile; fileRef = 5EE7BF0C2BAA1B7300A32EC0 /* ProfilePresenter.swift */; };
		5EE7BF0F2BAA1B7900A32EC0 /* ProfileRouter.swift in Sources */ = {isa = PBXBuildFile; fileRef = 5EE7BF0E2BAA1B7900A32EC0 /* ProfileRouter.swift */; };
		5EE7BF112BAA213600A32EC0 /* Localizable.strings in Resources */ = {isa = PBXBuildFile; fileRef = 5EE7BF132BAA213600A32EC0 /* Localizable.strings */; };
		5EE7BF182BAA218400A32EC0 /* Assets.swift in Sources */ = {isa = PBXBuildFile; fileRef = 5EE7BF162BAA218400A32EC0 /* Assets.swift */; };
		5EE7BF192BAA218400A32EC0 /* Localization.swift in Sources */ = {isa = PBXBuildFile; fileRef = 5EE7BF172BAA218400A32EC0 /* Localization.swift */; };
		5EE7BF1C2BAA223A00A32EC0 /* Bundle+Ext.swift in Sources */ = {isa = PBXBuildFile; fileRef = 5EE7BF1B2BAA223A00A32EC0 /* Bundle+Ext.swift */; };
		5EE7BF1E2BAA227A00A32EC0 /* StringGenerated.swift in Sources */ = {isa = PBXBuildFile; fileRef = 5EE7BF1D2BAA227A00A32EC0 /* StringGenerated.swift */; };
		D0B1601A0568E3C04145F196 /* libPods-FakeNFT.a in Frameworks */ = {isa = PBXBuildFile; fileRef = 6A219B8B67C97AA0E1670C3F /* libPods-FakeNFT.a */; };
		E19CD5AB2A98B56600CA39A5 /* NftImageCollectionViewCell.swift in Sources */ = {isa = PBXBuildFile; fileRef = E19CD5AA2A98B56600CA39A5 /* NftImageCollectionViewCell.swift */; };
		E1A1B9DA2AA01CE400C3AFBC /* TabBarController.swift in Sources */ = {isa = PBXBuildFile; fileRef = E1A1B9D92AA01CE400C3AFBC /* TabBarController.swift */; };
		EA97C5AF2BADF1F9003B6A81 /* ProfileButtonFactoryProtocol.swift in Sources */ = {isa = PBXBuildFile; fileRef = EA97C5AE2BADF1F9003B6A81 /* ProfileButtonFactoryProtocol.swift */; };
		EA97C5B22BADF242003B6A81 /* ProfileButtonFactory.swift in Sources */ = {isa = PBXBuildFile; fileRef = EA97C5B12BADF242003B6A81 /* ProfileButtonFactory.swift */; };
		EA97C5B42BAEB00D003B6A81 /* RouterCases.swift in Sources */ = {isa = PBXBuildFile; fileRef = EA97C5B32BAEB00D003B6A81 /* RouterCases.swift */; };
		EA97C5B62BB075AF003B6A81 /* ProfileViewTableViewCell.swift in Sources */ = {isa = PBXBuildFile; fileRef = EA97C5B52BB075AF003B6A81 /* ProfileViewTableViewCell.swift */; };
		EA97C5BB2BB1D4BC003B6A81 /* ProfileEditViewController.swift in Sources */ = {isa = PBXBuildFile; fileRef = EA97C5BA2BB1D4BB003B6A81 /* ProfileEditViewController.swift */; };
		EA97C5BF2BB1D5D8003B6A81 /* ProfileEditPresenter.swift in Sources */ = {isa = PBXBuildFile; fileRef = EA97C5BE2BB1D5D8003B6A81 /* ProfileEditPresenter.swift */; };
		EA97C5C12BB1DB50003B6A81 /* ProfileEditAssembly.swift in Sources */ = {isa = PBXBuildFile; fileRef = EA97C5C02BB1DB50003B6A81 /* ProfileEditAssembly.swift */; };
		EA97C5C32BB1E3DE003B6A81 /* ProfileEditRouter.swift in Sources */ = {isa = PBXBuildFile; fileRef = EA97C5C22BB1E3DE003B6A81 /* ProfileEditRouter.swift */; };
		EA97C5C52BB2BEE2003B6A81 /* Extension+TextField.swift in Sources */ = {isa = PBXBuildFile; fileRef = EA97C5C42BB2BEE2003B6A81 /* Extension+TextField.swift */; };
		EA97C5C82BB2D8F6003B6A81 /* ProfileMyNFTViewController.swift in Sources */ = {isa = PBXBuildFile; fileRef = EA97C5C72BB2D8F6003B6A81 /* ProfileMyNFTViewController.swift */; };
		EA97C5CA2BB2D90D003B6A81 /* ProfileMyNFTPresenter.swift in Sources */ = {isa = PBXBuildFile; fileRef = EA97C5C92BB2D90D003B6A81 /* ProfileMyNFTPresenter.swift */; };
		EA97C5CC2BB2D923003B6A81 /* ProfileMyNFTAssembly.swift in Sources */ = {isa = PBXBuildFile; fileRef = EA97C5CB2BB2D923003B6A81 /* ProfileMyNFTAssembly.swift */; };
		EA97C5CE2BB2D932003B6A81 /* ProfileMyNFTRouter.swift in Sources */ = {isa = PBXBuildFile; fileRef = EA97C5CD2BB2D932003B6A81 /* ProfileMyNFTRouter.swift */; };
		EA97C5D12BB2FFB0003B6A81 /* MyNFTViewModel.swift in Sources */ = {isa = PBXBuildFile; fileRef = EA97C5D02BB2FFB0003B6A81 /* MyNFTViewModel.swift */; };
		EA97C5D32BB30E23003B6A81 /* ProfileMyNFTTableViewCell.swift in Sources */ = {isa = PBXBuildFile; fileRef = EA97C5D22BB30E23003B6A81 /* ProfileMyNFTTableViewCell.swift */; };
		EA97C5D52BB34746003B6A81 /* RatingStarsView.swift in Sources */ = {isa = PBXBuildFile; fileRef = EA97C5D42BB34746003B6A81 /* RatingStarsView.swift */; };
/* End PBXBuildFile section */

/* Begin PBXContainerItemProxy section */
		3F6806AA29CBBAF200B4F915 /* PBXContainerItemProxy */ = {
			isa = PBXContainerItemProxy;
			containerPortal = 3F68068B29CBBAF100B4F915 /* Project object */;
			proxyType = 1;
			remoteGlobalIDString = 3F68069229CBBAF100B4F915;
			remoteInfo = FakeNFT;
		};
		3F6806B429CBBAF200B4F915 /* PBXContainerItemProxy */ = {
			isa = PBXContainerItemProxy;
			containerPortal = 3F68068B29CBBAF100B4F915 /* Project object */;
			proxyType = 1;
			remoteGlobalIDString = 3F68069229CBBAF100B4F915;
			remoteInfo = FakeNFT;
		};
/* End PBXContainerItemProxy section */

/* Begin PBXFileReference section */
		0C79EE602A76DCD600EE90EA /* NftByIdRequest.swift */ = {isa = PBXFileReference; lastKnownFileType = sourcecode.swift; path = NftByIdRequest.swift; sourceTree = "<group>"; };
		0C79EE622A76DD1900EE90EA /* RequestConstants.swift */ = {isa = PBXFileReference; lastKnownFileType = sourcecode.swift; path = RequestConstants.swift; sourceTree = "<group>"; };
		0C79EE652A76DDFF00EE90EA /* NftDetailViewController.swift */ = {isa = PBXFileReference; lastKnownFileType = sourcecode.swift; path = NftDetailViewController.swift; sourceTree = "<group>"; };
		0C79EE672A76DE0900EE90EA /* NftDetailPresenter.swift */ = {isa = PBXFileReference; lastKnownFileType = sourcecode.swift; path = NftDetailPresenter.swift; sourceTree = "<group>"; };
		0C79EE692A76DE1000EE90EA /* NftDetailAssembly.swift */ = {isa = PBXFileReference; lastKnownFileType = sourcecode.swift; path = NftDetailAssembly.swift; sourceTree = "<group>"; };
		0C79EE6B2A76DE2E00EE90EA /* ServicesAssemly.swift */ = {isa = PBXFileReference; lastKnownFileType = sourcecode.swift; path = ServicesAssemly.swift; sourceTree = "<group>"; };
		0CF2C2DA2A783C1B00FDC837 /* LoadingView.swift */ = {isa = PBXFileReference; lastKnownFileType = sourcecode.swift; path = LoadingView.swift; sourceTree = "<group>"; };
		0CF2C2DC2A783CE600FDC837 /* ErrorView.swift */ = {isa = PBXFileReference; lastKnownFileType = sourcecode.swift; path = ErrorView.swift; sourceTree = "<group>"; };
		0CF2C2E02A784C7000FDC837 /* LinePageControl.swift */ = {isa = PBXFileReference; lastKnownFileType = sourcecode.swift; path = LinePageControl.swift; sourceTree = "<group>"; };
		0CFCB73F2A78002A0009A829 /* NftService.swift */ = {isa = PBXFileReference; lastKnownFileType = sourcecode.swift; path = NftService.swift; sourceTree = "<group>"; };
		0CFCB7432A7802440009A829 /* NftDetailInput.swift */ = {isa = PBXFileReference; lastKnownFileType = sourcecode.swift; path = NftDetailInput.swift; sourceTree = "<group>"; };
		0CFCB7452A78064B0009A829 /* NftDetailCellModel.swift */ = {isa = PBXFileReference; lastKnownFileType = sourcecode.swift; path = NftDetailCellModel.swift; sourceTree = "<group>"; };
		0CFCB74A2A780EA80009A829 /* UIView+Constraints.swift */ = {isa = PBXFileReference; lastKnownFileType = sourcecode.swift; path = "UIView+Constraints.swift"; sourceTree = "<group>"; };
		0CFCB74D2A7817DC0009A829 /* NftStorage.swift */ = {isa = PBXFileReference; lastKnownFileType = sourcecode.swift; path = NftStorage.swift; sourceTree = "<group>"; };
		2F23CCC4E611B0A1EAA42138 /* Pods-FakeNFT.debug.xcconfig */ = {isa = PBXFileReference; includeInIndex = 1; lastKnownFileType = text.xcconfig; name = "Pods-FakeNFT.debug.xcconfig"; path = "Target Support Files/Pods-FakeNFT/Pods-FakeNFT.debug.xcconfig"; sourceTree = "<group>"; };
		3F478ECE29DB474E00F6D39E /* Colors.swift */ = {isa = PBXFileReference; lastKnownFileType = sourcecode.swift; path = Colors.swift; sourceTree = "<group>"; };
		3F478ED029DB476500F6D39E /* Fonts.swift */ = {isa = PBXFileReference; lastKnownFileType = sourcecode.swift; path = Fonts.swift; sourceTree = "<group>"; };
		3F68069329CBBAF100B4F915 /* FakeNFT.app */ = {isa = PBXFileReference; explicitFileType = wrapper.application; includeInIndex = 0; path = FakeNFT.app; sourceTree = BUILT_PRODUCTS_DIR; };
		3F68069629CBBAF100B4F915 /* AppDelegate.swift */ = {isa = PBXFileReference; lastKnownFileType = sourcecode.swift; path = AppDelegate.swift; sourceTree = "<group>"; };
		3F68069829CBBAF100B4F915 /* SceneDelegate.swift */ = {isa = PBXFileReference; lastKnownFileType = sourcecode.swift; path = SceneDelegate.swift; sourceTree = "<group>"; };
		3F68069F29CBBAF200B4F915 /* Assets.xcassets */ = {isa = PBXFileReference; lastKnownFileType = folder.assetcatalog; path = Assets.xcassets; sourceTree = "<group>"; };
		3F6806A229CBBAF200B4F915 /* Base */ = {isa = PBXFileReference; lastKnownFileType = file.storyboard; name = Base; path = Base.lproj/LaunchScreen.storyboard; sourceTree = "<group>"; };
		3F6806A429CBBAF200B4F915 /* Info.plist */ = {isa = PBXFileReference; lastKnownFileType = text.plist.xml; path = Info.plist; sourceTree = "<group>"; };
		3F6806A929CBBAF200B4F915 /* FakeNFTTests.xctest */ = {isa = PBXFileReference; explicitFileType = wrapper.cfbundle; includeInIndex = 0; path = FakeNFTTests.xctest; sourceTree = BUILT_PRODUCTS_DIR; };
		3F6806B329CBBAF200B4F915 /* FakeNFTUITests.xctest */ = {isa = PBXFileReference; explicitFileType = wrapper.cfbundle; includeInIndex = 0; path = FakeNFTUITests.xctest; sourceTree = BUILT_PRODUCTS_DIR; };
		3F6806D029CBBE6B00B4F915 /* NetworkClient.swift */ = {isa = PBXFileReference; lastKnownFileType = sourcecode.swift; path = NetworkClient.swift; sourceTree = "<group>"; };
		3F6806D229CBBE9600B4F915 /* NetworkRequest.swift */ = {isa = PBXFileReference; lastKnownFileType = sourcecode.swift; path = NetworkRequest.swift; sourceTree = "<group>"; };
		3F6806D429CBBEC700B4F915 /* NetworkTask.swift */ = {isa = PBXFileReference; lastKnownFileType = sourcecode.swift; path = NetworkTask.swift; sourceTree = "<group>"; };
		3F6806D629CBC50A00B4F915 /* CellsReusingUtils.swift */ = {isa = PBXFileReference; lastKnownFileType = sourcecode.swift; path = CellsReusingUtils.swift; sourceTree = "<group>"; };
		3FC8C39229D246BA0081F015 /* DateFormatters+Presets.swift */ = {isa = PBXFileReference; lastKnownFileType = sourcecode.swift; path = "DateFormatters+Presets.swift"; sourceTree = "<group>"; };
		5E13B0B92BAD5F07006EB5AA /* UIView+Ext.swift */ = {isa = PBXFileReference; lastKnownFileType = sourcecode.swift; path = "UIView+Ext.swift"; sourceTree = "<group>"; };
		5E13B0BB2BAD6A68006EB5AA /* CatalogItem.swift */ = {isa = PBXFileReference; lastKnownFileType = sourcecode.swift; path = CatalogItem.swift; sourceTree = "<group>"; };
		5E13B0BF2BAD91BD006EB5AA /* CollectionPresenter.swift */ = {isa = PBXFileReference; lastKnownFileType = sourcecode.swift; path = CollectionPresenter.swift; sourceTree = "<group>"; };
		5E13B0C02BAD91BD006EB5AA /* CollectionRouter.swift */ = {isa = PBXFileReference; lastKnownFileType = sourcecode.swift; path = CollectionRouter.swift; sourceTree = "<group>"; };
		5E13B0C12BAD91BD006EB5AA /* CollectionViewController.swift */ = {isa = PBXFileReference; lastKnownFileType = sourcecode.swift; path = CollectionViewController.swift; sourceTree = "<group>"; };
		5E13B0C22BAD91BD006EB5AA /* CollectionAssembly.swift */ = {isa = PBXFileReference; lastKnownFileType = sourcecode.swift; path = CollectionAssembly.swift; sourceTree = "<group>"; };
		5E13B0C82BAD9F16006EB5AA /* ILayoutProvider.swift */ = {isa = PBXFileReference; lastKnownFileType = sourcecode.swift; path = ILayoutProvider.swift; sourceTree = "<group>"; };
		5E13B0CB2BAD9F8E006EB5AA /* CollectionLayoutProvider.swift */ = {isa = PBXFileReference; lastKnownFileType = sourcecode.swift; path = CollectionLayoutProvider.swift; sourceTree = "<group>"; };
		5E13B0CD2BADA0DB006EB5AA /* VerticalNftCell.swift */ = {isa = PBXFileReference; lastKnownFileType = sourcecode.swift; path = VerticalNftCell.swift; sourceTree = "<group>"; };
		5E13B0CF2BADCAEE006EB5AA /* ProductImageView.swift */ = {isa = PBXFileReference; lastKnownFileType = sourcecode.swift; path = ProductImageView.swift; sourceTree = "<group>"; };
		5E13B0D12BADCB2B006EB5AA /* RatingView.swift */ = {isa = PBXFileReference; lastKnownFileType = sourcecode.swift; path = RatingView.swift; sourceTree = "<group>"; };
		5E1D0C0F2BB1E4AB0067AB47 /* CollectionItemService.swift */ = {isa = PBXFileReference; lastKnownFileType = sourcecode.swift; path = CollectionItemService.swift; sourceTree = "<group>"; };
		5E1D0C112BB1E6E20067AB47 /* CatalogItemRequest.swift */ = {isa = PBXFileReference; lastKnownFileType = sourcecode.swift; path = CatalogItemRequest.swift; sourceTree = "<group>"; };
		5E1D0C142BB1EC260067AB47 /* ApiConstant.swift */ = {isa = PBXFileReference; lastKnownFileType = sourcecode.swift; path = ApiConstant.swift; sourceTree = "<group>"; };
		5E1D0C162BB1EF240067AB47 /* UIBlockProgressHUD.swift */ = {isa = PBXFileReference; lastKnownFileType = sourcecode.swift; path = UIBlockProgressHUD.swift; sourceTree = "<group>"; };
		5E1D0C192BB3054C0067AB47 /* VerticalNftCellModel.swift */ = {isa = PBXFileReference; lastKnownFileType = sourcecode.swift; path = VerticalNftCellModel.swift; sourceTree = "<group>"; };
		5E2EC62A2BB33588004769C6 /* SortStorage.swift */ = {isa = PBXFileReference; lastKnownFileType = sourcecode.swift; path = SortStorage.swift; sourceTree = "<group>"; };
		5E425F322BB5DBCF002594B0 /* CatalogCellModel.swift */ = {isa = PBXFileReference; lastKnownFileType = sourcecode.swift; path = CatalogCellModel.swift; sourceTree = "<group>"; };
		5E7E67792BAF75F3007DC77E /* ProfileInfo.swift */ = {isa = PBXFileReference; lastKnownFileType = sourcecode.swift; path = ProfileInfo.swift; sourceTree = "<group>"; };
		5E7E677B2BAF7617007DC77E /* Order.swift */ = {isa = PBXFileReference; lastKnownFileType = sourcecode.swift; path = Order.swift; sourceTree = "<group>"; };
		5E7E677D2BAF79DF007DC77E /* Nft.swift */ = {isa = PBXFileReference; fileEncoding = 4; lastKnownFileType = sourcecode.swift; path = Nft.swift; sourceTree = "<group>"; };
		5E7E67802BAF7EDA007DC77E /* CollectionViewModel.swift */ = {isa = PBXFileReference; lastKnownFileType = sourcecode.swift; path = CollectionViewModel.swift; sourceTree = "<group>"; };
		5E805A802BB996BF00517566 /* ProfileInfoRequest.swift */ = {isa = PBXFileReference; lastKnownFileType = sourcecode.swift; path = ProfileInfoRequest.swift; sourceTree = "<group>"; };
		5E8774742BB01B2E00CFDA5E /* WebViewAssembly.swift */ = {isa = PBXFileReference; lastKnownFileType = sourcecode.swift; path = WebViewAssembly.swift; sourceTree = "<group>"; };
		5E8774762BB01B4400CFDA5E /* WebViewViewController.swift */ = {isa = PBXFileReference; lastKnownFileType = sourcecode.swift; path = WebViewViewController.swift; sourceTree = "<group>"; };
		5E8774782BB01B9A00CFDA5E /* WebViewPresenter.swift */ = {isa = PBXFileReference; lastKnownFileType = sourcecode.swift; path = WebViewPresenter.swift; sourceTree = "<group>"; };
		5EB445182BBD59BF00DD9C55 /* CatalogPresenterTests.swift */ = {isa = PBXFileReference; lastKnownFileType = sourcecode.swift; path = CatalogPresenterTests.swift; sourceTree = "<group>"; };
		5EC3DC302BB4AA8500AD506F /* ProfileRequest.swift */ = {isa = PBXFileReference; lastKnownFileType = sourcecode.swift; path = ProfileRequest.swift; sourceTree = "<group>"; };
		5EC3DC322BB4ABDD00AD506F /* ProfileService.swift */ = {isa = PBXFileReference; lastKnownFileType = sourcecode.swift; path = ProfileService.swift; sourceTree = "<group>"; };
		5EC3DC342BB4B00900AD506F /* OrderRequest.swift */ = {isa = PBXFileReference; lastKnownFileType = sourcecode.swift; path = OrderRequest.swift; sourceTree = "<group>"; };
		5EC3DC362BB4B06500AD506F /* OrderService.swift */ = {isa = PBXFileReference; lastKnownFileType = sourcecode.swift; path = OrderService.swift; sourceTree = "<group>"; };
		5EC401322BC019F500F7864E /* CatalogItemServiceStub.swift */ = {isa = PBXFileReference; lastKnownFileType = sourcecode.swift; path = CatalogItemServiceStub.swift; sourceTree = "<group>"; };
		5EC401352BC01BEA00F7864E /* CatalogRouterSpy.swift */ = {isa = PBXFileReference; lastKnownFileType = sourcecode.swift; path = CatalogRouterSpy.swift; sourceTree = "<group>"; };
		5EC401372BC01C3400F7864E /* SortStorageStub.swift */ = {isa = PBXFileReference; lastKnownFileType = sourcecode.swift; path = SortStorageStub.swift; sourceTree = "<group>"; };
		5EC401392BC01EAE00F7864E /* CatalogViewSpy.swift */ = {isa = PBXFileReference; lastKnownFileType = sourcecode.swift; path = CatalogViewSpy.swift; sourceTree = "<group>"; };
		5EC4013C2BC02A5F00F7864E /* CollectionPresenterTests.swift */ = {isa = PBXFileReference; lastKnownFileType = sourcecode.swift; path = CollectionPresenterTests.swift; sourceTree = "<group>"; };
		5EC4013F2BC04F2F00F7864E /* CollectionViewSpy.swift */ = {isa = PBXFileReference; lastKnownFileType = sourcecode.swift; path = CollectionViewSpy.swift; sourceTree = "<group>"; };
		5EC401412BC04F7F00F7864E /* ProfileServiceStub.swift */ = {isa = PBXFileReference; lastKnownFileType = sourcecode.swift; path = ProfileServiceStub.swift; sourceTree = "<group>"; };
		5EC401432BC051F500F7864E /* OrderServiceStub.swift */ = {isa = PBXFileReference; lastKnownFileType = sourcecode.swift; path = OrderServiceStub.swift; sourceTree = "<group>"; };
		5EC401452BC052DB00F7864E /* NftServiceStub.swift */ = {isa = PBXFileReference; lastKnownFileType = sourcecode.swift; path = NftServiceStub.swift; sourceTree = "<group>"; };
		5EC401472BC0548800F7864E /* CollectionRouterSpy.swift */ = {isa = PBXFileReference; lastKnownFileType = sourcecode.swift; path = CollectionRouterSpy.swift; sourceTree = "<group>"; };
		5EC401492BC054E900F7864E /* CatalogItem+Fake.swift */ = {isa = PBXFileReference; lastKnownFileType = sourcecode.swift; path = "CatalogItem+Fake.swift"; sourceTree = "<group>"; };
		5EC4014B2BC1CEE700F7864E /* CatalogUITests.swift */ = {isa = PBXFileReference; lastKnownFileType = sourcecode.swift; path = CatalogUITests.swift; sourceTree = "<group>"; };
		5EC4014D2BC1DA3E00F7864E /* AccessibilityConstant.swift */ = {isa = PBXFileReference; lastKnownFileType = sourcecode.swift; path = AccessibilityConstant.swift; sourceTree = "<group>"; };
		5EC401522BC2819400F7864E /* CatalogPage.swift */ = {isa = PBXFileReference; lastKnownFileType = sourcecode.swift; path = CatalogPage.swift; sourceTree = "<group>"; };
		5EC401542BC286CE00F7864E /* CollectionUITests.swift */ = {isa = PBXFileReference; lastKnownFileType = sourcecode.swift; path = CollectionUITests.swift; sourceTree = "<group>"; };
		5EC401562BC286D800F7864E /* CollectionPage.swift */ = {isa = PBXFileReference; lastKnownFileType = sourcecode.swift; path = CollectionPage.swift; sourceTree = "<group>"; };
		5EE4C1972BACDF480089100B /* CatalogCell.swift */ = {isa = PBXFileReference; lastKnownFileType = sourcecode.swift; path = CatalogCell.swift; sourceTree = "<group>"; };
		5EE7BEE52BAA028400A32EC0 /* SplashAssembly.swift */ = {isa = PBXFileReference; lastKnownFileType = sourcecode.swift; path = SplashAssembly.swift; sourceTree = "<group>"; };
		5EE7BEE72BAA028D00A32EC0 /* SplashViewController.swift */ = {isa = PBXFileReference; lastKnownFileType = sourcecode.swift; path = SplashViewController.swift; sourceTree = "<group>"; };
		5EE7BEE92BAA029400A32EC0 /* SplashPresenter.swift */ = {isa = PBXFileReference; lastKnownFileType = sourcecode.swift; path = SplashPresenter.swift; sourceTree = "<group>"; };
		5EE7BEEB2BAA029C00A32EC0 /* SplashRouter.swift */ = {isa = PBXFileReference; lastKnownFileType = sourcecode.swift; path = SplashRouter.swift; sourceTree = "<group>"; };
		5EE7BEED2BAA179800A32EC0 /* CatalogAssembly.swift */ = {isa = PBXFileReference; lastKnownFileType = sourcecode.swift; path = CatalogAssembly.swift; sourceTree = "<group>"; };
		5EE7BEEF2BAA17A200A32EC0 /* CatalogViewController.swift */ = {isa = PBXFileReference; lastKnownFileType = sourcecode.swift; path = CatalogViewController.swift; sourceTree = "<group>"; };
		5EE7BEF12BAA17A800A32EC0 /* CatalogRouter.swift */ = {isa = PBXFileReference; lastKnownFileType = sourcecode.swift; path = CatalogRouter.swift; sourceTree = "<group>"; };
		5EE7BEF32BAA17B000A32EC0 /* CatalogPresenter.swift */ = {isa = PBXFileReference; lastKnownFileType = sourcecode.swift; path = CatalogPresenter.swift; sourceTree = "<group>"; };
		5EE7BEF82BAA19C700A32EC0 /* CartAssembly.swift */ = {isa = PBXFileReference; lastKnownFileType = sourcecode.swift; path = CartAssembly.swift; sourceTree = "<group>"; };
		5EE7BEFA2BAA19CF00A32EC0 /* CartViewController.swift */ = {isa = PBXFileReference; lastKnownFileType = sourcecode.swift; path = CartViewController.swift; sourceTree = "<group>"; };
		5EE7BEFC2BAA19D600A32EC0 /* CartPresenter.swift */ = {isa = PBXFileReference; lastKnownFileType = sourcecode.swift; path = CartPresenter.swift; sourceTree = "<group>"; };
		5EE7BEFE2BAA19DD00A32EC0 /* CartRouter.swift */ = {isa = PBXFileReference; lastKnownFileType = sourcecode.swift; path = CartRouter.swift; sourceTree = "<group>"; };
		5EE7BF002BAA1A9300A32EC0 /* StatisticsAssembly.swift */ = {isa = PBXFileReference; lastKnownFileType = sourcecode.swift; path = StatisticsAssembly.swift; sourceTree = "<group>"; };
		5EE7BF022BAA1A9900A32EC0 /* StatisticsViewController.swift */ = {isa = PBXFileReference; lastKnownFileType = sourcecode.swift; path = StatisticsViewController.swift; sourceTree = "<group>"; };
		5EE7BF042BAA1A9F00A32EC0 /* StatisticsPresenter.swift */ = {isa = PBXFileReference; lastKnownFileType = sourcecode.swift; path = StatisticsPresenter.swift; sourceTree = "<group>"; };
		5EE7BF062BAA1AA400A32EC0 /* StatisticsRouter.swift */ = {isa = PBXFileReference; lastKnownFileType = sourcecode.swift; path = StatisticsRouter.swift; sourceTree = "<group>"; };
		5EE7BF082BAA1B6600A32EC0 /* ProfileAssembly.swift */ = {isa = PBXFileReference; lastKnownFileType = sourcecode.swift; path = ProfileAssembly.swift; sourceTree = "<group>"; };
		5EE7BF0A2BAA1B6C00A32EC0 /* ProfileViewController.swift */ = {isa = PBXFileReference; lastKnownFileType = sourcecode.swift; path = ProfileViewController.swift; sourceTree = "<group>"; };
		5EE7BF0C2BAA1B7300A32EC0 /* ProfilePresenter.swift */ = {isa = PBXFileReference; lastKnownFileType = sourcecode.swift; path = ProfilePresenter.swift; sourceTree = "<group>"; };
		5EE7BF0E2BAA1B7900A32EC0 /* ProfileRouter.swift */ = {isa = PBXFileReference; lastKnownFileType = sourcecode.swift; path = ProfileRouter.swift; sourceTree = "<group>"; };
		5EE7BF122BAA213600A32EC0 /* ru */ = {isa = PBXFileReference; lastKnownFileType = text.plist.strings; name = ru; path = ru.lproj/Localizable.strings; sourceTree = "<group>"; };
		5EE7BF142BAA213A00A32EC0 /* en */ = {isa = PBXFileReference; lastKnownFileType = text.plist.strings; name = en; path = en.lproj/Localizable.strings; sourceTree = "<group>"; };
		5EE7BF162BAA218400A32EC0 /* Assets.swift */ = {isa = PBXFileReference; fileEncoding = 4; lastKnownFileType = sourcecode.swift; path = Assets.swift; sourceTree = "<group>"; };
		5EE7BF172BAA218400A32EC0 /* Localization.swift */ = {isa = PBXFileReference; fileEncoding = 4; lastKnownFileType = sourcecode.swift; path = Localization.swift; sourceTree = "<group>"; };
		5EE7BF1B2BAA223A00A32EC0 /* Bundle+Ext.swift */ = {isa = PBXFileReference; lastKnownFileType = sourcecode.swift; path = "Bundle+Ext.swift"; sourceTree = "<group>"; };
		5EE7BF1D2BAA227A00A32EC0 /* StringGenerated.swift */ = {isa = PBXFileReference; lastKnownFileType = sourcecode.swift; path = StringGenerated.swift; sourceTree = "<group>"; };
		6A219B8B67C97AA0E1670C3F /* libPods-FakeNFT.a */ = {isa = PBXFileReference; explicitFileType = archive.ar; includeInIndex = 0; path = "libPods-FakeNFT.a"; sourceTree = BUILT_PRODUCTS_DIR; };
		E19CD5AA2A98B56600CA39A5 /* NftImageCollectionViewCell.swift */ = {isa = PBXFileReference; lastKnownFileType = sourcecode.swift; path = NftImageCollectionViewCell.swift; sourceTree = "<group>"; };
		E1A1B9D92AA01CE400C3AFBC /* TabBarController.swift */ = {isa = PBXFileReference; lastKnownFileType = sourcecode.swift; path = TabBarController.swift; sourceTree = "<group>"; };
		E1CD40D92A96BE7D00BE7FE8 /* ru */ = {isa = PBXFileReference; lastKnownFileType = text.plist.strings; name = ru; path = ru.lproj/LaunchScreen.strings; sourceTree = "<group>"; };
		E6370B2CCA02D1136D7C178F /* Pods-FakeNFT.debug.xcconfig */ = {isa = PBXFileReference; includeInIndex = 1; lastKnownFileType = text.xcconfig; name = "Pods-FakeNFT.debug.xcconfig"; path = "Target Support Files/Pods-FakeNFT/Pods-FakeNFT.debug.xcconfig"; sourceTree = "<group>"; };
		EA97C5AE2BADF1F9003B6A81 /* ProfileButtonFactoryProtocol.swift */ = {isa = PBXFileReference; lastKnownFileType = sourcecode.swift; path = ProfileButtonFactoryProtocol.swift; sourceTree = "<group>"; };
		EA97C5B12BADF242003B6A81 /* ProfileButtonFactory.swift */ = {isa = PBXFileReference; lastKnownFileType = sourcecode.swift; path = ProfileButtonFactory.swift; sourceTree = "<group>"; };
		EA97C5B32BAEB00D003B6A81 /* RouterCases.swift */ = {isa = PBXFileReference; lastKnownFileType = sourcecode.swift; path = RouterCases.swift; sourceTree = "<group>"; };
		EA97C5B52BB075AF003B6A81 /* ProfileViewTableViewCell.swift */ = {isa = PBXFileReference; lastKnownFileType = sourcecode.swift; path = ProfileViewTableViewCell.swift; sourceTree = "<group>"; };
		EA97C5BA2BB1D4BB003B6A81 /* ProfileEditViewController.swift */ = {isa = PBXFileReference; lastKnownFileType = sourcecode.swift; path = ProfileEditViewController.swift; sourceTree = "<group>"; };
		EA97C5BE2BB1D5D8003B6A81 /* ProfileEditPresenter.swift */ = {isa = PBXFileReference; lastKnownFileType = sourcecode.swift; path = ProfileEditPresenter.swift; sourceTree = "<group>"; };
		EA97C5C02BB1DB50003B6A81 /* ProfileEditAssembly.swift */ = {isa = PBXFileReference; lastKnownFileType = sourcecode.swift; path = ProfileEditAssembly.swift; sourceTree = "<group>"; };
		EA97C5C22BB1E3DE003B6A81 /* ProfileEditRouter.swift */ = {isa = PBXFileReference; lastKnownFileType = sourcecode.swift; path = ProfileEditRouter.swift; sourceTree = "<group>"; };
		EA97C5C42BB2BEE2003B6A81 /* Extension+TextField.swift */ = {isa = PBXFileReference; lastKnownFileType = sourcecode.swift; path = "Extension+TextField.swift"; sourceTree = "<group>"; };
		EA97C5C72BB2D8F6003B6A81 /* ProfileMyNFTViewController.swift */ = {isa = PBXFileReference; lastKnownFileType = sourcecode.swift; path = ProfileMyNFTViewController.swift; sourceTree = "<group>"; };
		EA97C5C92BB2D90D003B6A81 /* ProfileMyNFTPresenter.swift */ = {isa = PBXFileReference; lastKnownFileType = sourcecode.swift; path = ProfileMyNFTPresenter.swift; sourceTree = "<group>"; };
		EA97C5CB2BB2D923003B6A81 /* ProfileMyNFTAssembly.swift */ = {isa = PBXFileReference; lastKnownFileType = sourcecode.swift; path = ProfileMyNFTAssembly.swift; sourceTree = "<group>"; };
		EA97C5CD2BB2D932003B6A81 /* ProfileMyNFTRouter.swift */ = {isa = PBXFileReference; lastKnownFileType = sourcecode.swift; path = ProfileMyNFTRouter.swift; sourceTree = "<group>"; };
		EA97C5D02BB2FFB0003B6A81 /* MyNFTViewModel.swift */ = {isa = PBXFileReference; lastKnownFileType = sourcecode.swift; path = MyNFTViewModel.swift; sourceTree = "<group>"; };
		EA97C5D22BB30E23003B6A81 /* ProfileMyNFTTableViewCell.swift */ = {isa = PBXFileReference; lastKnownFileType = sourcecode.swift; path = ProfileMyNFTTableViewCell.swift; sourceTree = "<group>"; };
		EA97C5D42BB34746003B6A81 /* RatingStarsView.swift */ = {isa = PBXFileReference; lastKnownFileType = sourcecode.swift; path = RatingStarsView.swift; sourceTree = "<group>"; };
/* End PBXFileReference section */

/* Begin PBXFrameworksBuildPhase section */
		3F68069029CBBAF100B4F915 /* Frameworks */ = {
			isa = PBXFrameworksBuildPhase;
			buildActionMask = 2147483647;
			files = (
				3F603CD029DB4A74000C43D7 /* Kingfisher in Frameworks */,
				3F603CCD29DB4A53000C43D7 /* ProgressHUD in Frameworks */,
				D0B1601A0568E3C04145F196 /* libPods-FakeNFT.a in Frameworks */,
			);
			runOnlyForDeploymentPostprocessing = 0;
		};
		3F6806A629CBBAF200B4F915 /* Frameworks */ = {
			isa = PBXFrameworksBuildPhase;
			buildActionMask = 2147483647;
			files = (
			);
			runOnlyForDeploymentPostprocessing = 0;
		};
		3F6806B029CBBAF200B4F915 /* Frameworks */ = {
			isa = PBXFrameworksBuildPhase;
			buildActionMask = 2147483647;
			files = (
			);
			runOnlyForDeploymentPostprocessing = 0;
		};
/* End PBXFrameworksBuildPhase section */

/* Begin PBXGroup section */
		0C79EE642A76DDCF00EE90EA /* NftDetails */ = {
			isa = PBXGroup;
			children = (
				E19CD5A92A98B55900CA39A5 /* Cell */,
				0C79EE652A76DDFF00EE90EA /* NftDetailViewController.swift */,
				0C79EE672A76DE0900EE90EA /* NftDetailPresenter.swift */,
				0C79EE692A76DE1000EE90EA /* NftDetailAssembly.swift */,
				0CFCB7432A7802440009A829 /* NftDetailInput.swift */,
			);
			path = NftDetails;
			sourceTree = "<group>";
		};
		0CF2C2D92A783C1600FDC837 /* Common */ = {
			isa = PBXGroup;
			children = (
				5E13B0D32BADCB34006EB5AA /* Cells */,
				5E13B0CA2BAD9F27006EB5AA /* LayoutProviders */,
				0CF2C2DF2A784C5600FDC837 /* Views */,
				0CF2C2DE2A784C4C00FDC837 /* Protocols */,
			);
			path = Common;
			sourceTree = "<group>";
		};
		0CF2C2DE2A784C4C00FDC837 /* Protocols */ = {
			isa = PBXGroup;
			children = (
				0CF2C2DA2A783C1B00FDC837 /* LoadingView.swift */,
				0CF2C2DC2A783CE600FDC837 /* ErrorView.swift */,
				5E13B0C82BAD9F16006EB5AA /* ILayoutProvider.swift */,
			);
			path = Protocols;
			sourceTree = "<group>";
		};
		0CF2C2DF2A784C5600FDC837 /* Views */ = {
			isa = PBXGroup;
			children = (
				5E13B0CF2BADCAEE006EB5AA /* ProductImageView.swift */,
				0CF2C2E02A784C7000FDC837 /* LinePageControl.swift */,
				5E13B0D12BADCB2B006EB5AA /* RatingView.swift */,
			);
			path = Views;
			sourceTree = "<group>";
		};
		0CFCB7472A7808870009A829 /* Catalog */ = {
			isa = PBXGroup;
			children = (
				5E13B0BD2BAD9169006EB5AA /* Collection */,
				0C79EE642A76DDCF00EE90EA /* NftDetails */,
				5EE4C1962BACDF1B0089100B /* Cells */,
				5EE7BEED2BAA179800A32EC0 /* CatalogAssembly.swift */,
				5EE7BEEF2BAA17A200A32EC0 /* CatalogViewController.swift */,
				5EE7BEF32BAA17B000A32EC0 /* CatalogPresenter.swift */,
				5EE7BEF12BAA17A800A32EC0 /* CatalogRouter.swift */,
			);
			path = Catalog;
			sourceTree = "<group>";
		};
		0CFCB74C2A7817C30009A829 /* MemoryStorage */ = {
			isa = PBXGroup;
			children = (
				0CFCB74D2A7817DC0009A829 /* NftStorage.swift */,
			);
			path = MemoryStorage;
			sourceTree = "<group>";
		};
		3F478ECD29DB473000F6D39E /* DesignSystem */ = {
			isa = PBXGroup;
			children = (
				3F478ECE29DB474E00F6D39E /* Colors.swift */,
				3F478ED029DB476500F6D39E /* Fonts.swift */,
			);
			path = DesignSystem;
			sourceTree = "<group>";
		};
		3F68068A29CBBAF100B4F915 = {
			isa = PBXGroup;
			children = (
				3F68069529CBBAF100B4F915 /* FakeNFT */,
				3F6806AC29CBBAF200B4F915 /* FakeNFTTests */,
				3F6806B629CBBAF200B4F915 /* FakeNFTUITests */,
				3F68069429CBBAF100B4F915 /* Products */,
				69BD3A8DEB1E9B54A54CCF48 /* Pods */,
				CE69B75D48A0E191C1247E0E /* Frameworks */,
			);
			sourceTree = "<group>";
		};
		3F68069429CBBAF100B4F915 /* Products */ = {
			isa = PBXGroup;
			children = (
				3F68069329CBBAF100B4F915 /* FakeNFT.app */,
				3F6806A929CBBAF200B4F915 /* FakeNFTTests.xctest */,
				3F6806B329CBBAF200B4F915 /* FakeNFTUITests.xctest */,
			);
			name = Products;
			sourceTree = "<group>";
		};
		3F68069529CBBAF100B4F915 /* FakeNFT */ = {
			isa = PBXGroup;
			children = (
				3F68069629CBBAF100B4F915 /* AppDelegate.swift */,
				3F68069829CBBAF100B4F915 /* SceneDelegate.swift */,
				E1CD40DA2A96BE9B00BE7FE8 /* Resources */,
				3F478ECD29DB473000F6D39E /* DesignSystem */,
				3F6806CE29CBBD1B00B4F915 /* Foundation */,
				3F6806C929CBBCAF00B4F915 /* Models */,
				3F6806C729CBBC5B00B4F915 /* Scenes  */,
				3F6806C629CBBC4E00B4F915 /* Services */,
				5E1D0C132BB1EC150067AB47 /* Utils */,
				3F6806A429CBBAF200B4F915 /* Info.plist */,
			);
			path = FakeNFT;
			sourceTree = "<group>";
		};
		3F6806AC29CBBAF200B4F915 /* FakeNFTTests */ = {
			isa = PBXGroup;
			children = (
				5EC4013B2BC02A4B00F7864E /* Collection */,
				5EB4451A2BBD5B3E00DD9C55 /* Doubles */,
				5EB445152BBD599700DD9C55 /* Catalog */,
			);
			path = FakeNFTTests;
			sourceTree = "<group>";
		};
		3F6806B629CBBAF200B4F915 /* FakeNFTUITests */ = {
			isa = PBXGroup;
			children = (
				5EC401512BC2818800F7864E /* Pages */,
				5EC4014B2BC1CEE700F7864E /* CatalogUITests.swift */,
				5EC401542BC286CE00F7864E /* CollectionUITests.swift */,
			);
			path = FakeNFTUITests;
			sourceTree = "<group>";
		};
		3F6806C629CBBC4E00B4F915 /* Services */ = {
			isa = PBXGroup;
			children = (
				3FC8C38F29D245250081F015 /* Requests */,
				0C79EE6B2A76DE2E00EE90EA /* ServicesAssemly.swift */,
				0CFCB73F2A78002A0009A829 /* NftService.swift */,
				5E1D0C0F2BB1E4AB0067AB47 /* CollectionItemService.swift */,
				5EC3DC322BB4ABDD00AD506F /* ProfileService.swift */,
				5EC3DC362BB4B06500AD506F /* OrderService.swift */,
			);
			path = Services;
			sourceTree = "<group>";
		};
		3F6806C729CBBC5B00B4F915 /* Scenes  */ = {
			isa = PBXGroup;
			children = (
				0CF2C2D92A783C1600FDC837 /* Common */,
				5EE7BEE42BAA026500A32EC0 /* Splash */,
				5EE7BEF62BAA196A00A32EC0 /* Profile */,
				0CFCB7472A7808870009A829 /* Catalog */,
				5EE7BEF52BAA193800A32EC0 /* Cart */,
				5EE7BEF72BAA197400A32EC0 /* Statistics */,
				E1A1B9D92AA01CE400C3AFBC /* TabBarController.swift */,
			);
			path = "Scenes ";
			sourceTree = "<group>";
		};
		3F6806C929CBBCAF00B4F915 /* Models */ = {
			isa = PBXGroup;
			children = (
				3F6806D829CC979D00B4F915 /* Network */,
			);
			path = Models;
			sourceTree = "<group>";
		};
		3F6806CE29CBBD1B00B4F915 /* Foundation */ = {
			isa = PBXGroup;
			children = (
				5E2EC6292BB33575004769C6 /* Storages */,
				5E8774732BB01B1700CFDA5E /* Modules */,
				0CFCB74C2A7817C30009A829 /* MemoryStorage */,
				3F6806CF29CBBDB100B4F915 /* NetworkClient */,
				3F6806D629CBC50A00B4F915 /* CellsReusingUtils.swift */,
				3FC8C39229D246BA0081F015 /* DateFormatters+Presets.swift */,
				0CFCB74A2A780EA80009A829 /* UIView+Constraints.swift */,
				5E13B0B92BAD5F07006EB5AA /* UIView+Ext.swift */,
			);
			path = Foundation;
			sourceTree = "<group>";
		};
		3F6806CF29CBBDB100B4F915 /* NetworkClient */ = {
			isa = PBXGroup;
			children = (
				3F6806D029CBBE6B00B4F915 /* NetworkClient.swift */,
				3F6806D229CBBE9600B4F915 /* NetworkRequest.swift */,
				3F6806D429CBBEC700B4F915 /* NetworkTask.swift */,
			);
			path = NetworkClient;
			sourceTree = "<group>";
		};
		3F6806D829CC979D00B4F915 /* Network */ = {
			isa = PBXGroup;
			children = (
				5E805A822BB996CA00517566 /* Profile */,
				5E7E677D2BAF79DF007DC77E /* Nft.swift */,
				5E13B0BB2BAD6A68006EB5AA /* CatalogItem.swift */,
				5E7E677B2BAF7617007DC77E /* Order.swift */,
			);
			path = Network;
			sourceTree = "<group>";
		};
		3FC8C38F29D245250081F015 /* Requests */ = {
			isa = PBXGroup;
			children = (
				0C79EE622A76DD1900EE90EA /* RequestConstants.swift */,
				0C79EE602A76DCD600EE90EA /* NftByIdRequest.swift */,
				5E1D0C112BB1E6E20067AB47 /* CatalogItemRequest.swift */,
				5EC3DC302BB4AA8500AD506F /* ProfileRequest.swift */,
				5EC3DC342BB4B00900AD506F /* OrderRequest.swift */,
			);
			path = Requests;
			sourceTree = "<group>";
		};
		5E13B0BD2BAD9169006EB5AA /* Collection */ = {
			isa = PBXGroup;
			children = (
				5E1D0C182BB1F61E0067AB47 /* ViewModel */,
				5E13B0C22BAD91BD006EB5AA /* CollectionAssembly.swift */,
				5E13B0C12BAD91BD006EB5AA /* CollectionViewController.swift */,
				5E13B0BF2BAD91BD006EB5AA /* CollectionPresenter.swift */,
				5E13B0C02BAD91BD006EB5AA /* CollectionRouter.swift */,
			);
			path = Collection;
			sourceTree = "<group>";
		};
		5E13B0CA2BAD9F27006EB5AA /* LayoutProviders */ = {
			isa = PBXGroup;
			children = (
				5E13B0CB2BAD9F8E006EB5AA /* CollectionLayoutProvider.swift */,
			);
			path = LayoutProviders;
			sourceTree = "<group>";
		};
		5E13B0D32BADCB34006EB5AA /* Cells */ = {
			isa = PBXGroup;
			children = (
				5E13B0CD2BADA0DB006EB5AA /* VerticalNftCell.swift */,
				5E1D0C192BB3054C0067AB47 /* VerticalNftCellModel.swift */,
			);
			path = Cells;
			sourceTree = "<group>";
		};
		5E1D0C132BB1EC150067AB47 /* Utils */ = {
			isa = PBXGroup;
			children = (
				5E1D0C142BB1EC260067AB47 /* ApiConstant.swift */,
				5E1D0C162BB1EF240067AB47 /* UIBlockProgressHUD.swift */,
				5EC4014D2BC1DA3E00F7864E /* AccessibilityConstant.swift */,
			);
			path = Utils;
			sourceTree = "<group>";
		};
		5E1D0C182BB1F61E0067AB47 /* ViewModel */ = {
			isa = PBXGroup;
			children = (
				5E7E67802BAF7EDA007DC77E /* CollectionViewModel.swift */,
			);
			path = ViewModel;
			sourceTree = "<group>";
		};
		5E2EC6292BB33575004769C6 /* Storages */ = {
			isa = PBXGroup;
			children = (
				5E2EC62A2BB33588004769C6 /* SortStorage.swift */,
			);
			path = Storages;
			sourceTree = "<group>";
		};
		5E805A822BB996CA00517566 /* Profile */ = {
			isa = PBXGroup;
			children = (
				5E7E67792BAF75F3007DC77E /* ProfileInfo.swift */,
				5E805A802BB996BF00517566 /* ProfileInfoRequest.swift */,
			);
			path = Profile;
			sourceTree = "<group>";
		};
		5E8774732BB01B1700CFDA5E /* Modules */ = {
			isa = PBXGroup;
			children = (
				5E8774742BB01B2E00CFDA5E /* WebViewAssembly.swift */,
				5E8774762BB01B4400CFDA5E /* WebViewViewController.swift */,
				5E8774782BB01B9A00CFDA5E /* WebViewPresenter.swift */,
			);
			path = Modules;
			sourceTree = "<group>";
		};
		5EB445152BBD599700DD9C55 /* Catalog */ = {
			isa = PBXGroup;
			children = (
				5EB445182BBD59BF00DD9C55 /* CatalogPresenterTests.swift */,
			);
			path = Catalog;
			sourceTree = "<group>";
		};
		5EB4451A2BBD5B3E00DD9C55 /* Doubles */ = {
			isa = PBXGroup;
			children = (
				5EC4013E2BC04EFA00F7864E /* Collection */,
				5EC401342BC01B4A00F7864E /* Catalog */,
			);
			path = Doubles;
			sourceTree = "<group>";
		};
		5EC401342BC01B4A00F7864E /* Catalog */ = {
			isa = PBXGroup;
			children = (
				5EC401392BC01EAE00F7864E /* CatalogViewSpy.swift */,
				5EC401352BC01BEA00F7864E /* CatalogRouterSpy.swift */,
				5EC401322BC019F500F7864E /* CatalogItemServiceStub.swift */,
				5EC401372BC01C3400F7864E /* SortStorageStub.swift */,
			);
			path = Catalog;
			sourceTree = "<group>";
		};
		5EC4013B2BC02A4B00F7864E /* Collection */ = {
			isa = PBXGroup;
			children = (
				5EC4013C2BC02A5F00F7864E /* CollectionPresenterTests.swift */,
			);
			path = Collection;
			sourceTree = "<group>";
		};
		5EC4013E2BC04EFA00F7864E /* Collection */ = {
			isa = PBXGroup;
			children = (
				5EC4013F2BC04F2F00F7864E /* CollectionViewSpy.swift */,
				5EC401412BC04F7F00F7864E /* ProfileServiceStub.swift */,
				5EC401432BC051F500F7864E /* OrderServiceStub.swift */,
				5EC401452BC052DB00F7864E /* NftServiceStub.swift */,
				5EC401472BC0548800F7864E /* CollectionRouterSpy.swift */,
				5EC401492BC054E900F7864E /* CatalogItem+Fake.swift */,
			);
			path = Collection;
			sourceTree = "<group>";
		};
		5EC401512BC2818800F7864E /* Pages */ = {
			isa = PBXGroup;
			children = (
				5EC401522BC2819400F7864E /* CatalogPage.swift */,
				5EC401562BC286D800F7864E /* CollectionPage.swift */,
			);
			path = Pages;
			sourceTree = "<group>";
		};
		5EE4C1962BACDF1B0089100B /* Cells */ = {
			isa = PBXGroup;
			children = (
				5EE4C1972BACDF480089100B /* CatalogCell.swift */,
				5E425F322BB5DBCF002594B0 /* CatalogCellModel.swift */,
			);
			path = Cells;
			sourceTree = "<group>";
		};
		5EE7BEE42BAA026500A32EC0 /* Splash */ = {
			isa = PBXGroup;
			children = (
				5EE7BEE52BAA028400A32EC0 /* SplashAssembly.swift */,
				5EE7BEE72BAA028D00A32EC0 /* SplashViewController.swift */,
				5EE7BEE92BAA029400A32EC0 /* SplashPresenter.swift */,
				5EE7BEEB2BAA029C00A32EC0 /* SplashRouter.swift */,
			);
			path = Splash;
			sourceTree = "<group>";
		};
		5EE7BEF52BAA193800A32EC0 /* Cart */ = {
			isa = PBXGroup;
			children = (
				5EE7BEF82BAA19C700A32EC0 /* CartAssembly.swift */,
				5EE7BEFA2BAA19CF00A32EC0 /* CartViewController.swift */,
				5EE7BEFC2BAA19D600A32EC0 /* CartPresenter.swift */,
				5EE7BEFE2BAA19DD00A32EC0 /* CartRouter.swift */,
			);
			path = Cart;
			sourceTree = "<group>";
		};
		5EE7BEF62BAA196A00A32EC0 /* Profile */ = {
			isa = PBXGroup;
			children = (
				EA97C5CF2BB2FF3E003B6A81 /* ViewModels */,
				EA97C5B02BADF227003B6A81 /* Helper */,
				7C9833B42BB4092F00781151 /* ProfileMyNFT */,
				EA97C5C62BB2D89C003B6A81 /* ProfileFavorite */,
				EA97C5B92BB1D467003B6A81 /* ProfileEdit */,
				EA97C5B82BB1D21E003B6A81 /* ProfileMain */,
			);
			path = Profile;
			sourceTree = "<group>";
		};
		5EE7BEF72BAA197400A32EC0 /* Statistics */ = {
			isa = PBXGroup;
			children = (
				5EE7BF002BAA1A9300A32EC0 /* StatisticsAssembly.swift */,
				5EE7BF022BAA1A9900A32EC0 /* StatisticsViewController.swift */,
				5EE7BF042BAA1A9F00A32EC0 /* StatisticsPresenter.swift */,
				5EE7BF062BAA1AA400A32EC0 /* StatisticsRouter.swift */,
			);
			path = Statistics;
			sourceTree = "<group>";
		};
		5EE7BF152BAA218400A32EC0 /* Generated */ = {
			isa = PBXGroup;
			children = (
				5EE7BF1A2BAA222900A32EC0 /* Utils */,
				5EE7BF162BAA218400A32EC0 /* Assets.swift */,
				5EE7BF172BAA218400A32EC0 /* Localization.swift */,
			);
			path = Generated;
			sourceTree = "<group>";
		};
		5EE7BF1A2BAA222900A32EC0 /* Utils */ = {
			isa = PBXGroup;
			children = (
				5EE7BF1B2BAA223A00A32EC0 /* Bundle+Ext.swift */,
				5EE7BF1D2BAA227A00A32EC0 /* StringGenerated.swift */,
			);
			path = Utils;
			sourceTree = "<group>";
		};
		69BD3A8DEB1E9B54A54CCF48 /* Pods */ = {
			isa = PBXGroup;
			children = (
				2F23CCC4E611B0A1EAA42138 /* Pods-FakeNFT.debug.xcconfig */,
				F5C82C1A93DD300D701CD5CB /* Pods-FakeNFT.release.xcconfig */,
			);
			path = Pods;
			sourceTree = "<group>";
		};
		7C9833B42BB4092F00781151 /* ProfileMyNFT */ = {
			isa = PBXGroup;
			children = (
				EA97C5C72BB2D8F6003B6A81 /* ProfileMyNFTViewController.swift */,
				EA97C5D22BB30E23003B6A81 /* ProfileMyNFTTableViewCell.swift */,
				EA97C5C92BB2D90D003B6A81 /* ProfileMyNFTPresenter.swift */,
				EA97C5CB2BB2D923003B6A81 /* ProfileMyNFTAssembly.swift */,
				EA97C5CD2BB2D932003B6A81 /* ProfileMyNFTRouter.swift */,
			);
			path = ProfileMyNFT;
			sourceTree = "<group>";
		};
		E19CD5A92A98B55900CA39A5 /* Cell */ = {
			isa = PBXGroup;
			children = (
				0CFCB7452A78064B0009A829 /* NftDetailCellModel.swift */,
				E19CD5AA2A98B56600CA39A5 /* NftImageCollectionViewCell.swift */,
			);
			path = Cell;
			sourceTree = "<group>";
		};
		E1CD40DA2A96BE9B00BE7FE8 /* Resources */ = {
			isa = PBXGroup;
			children = (
				5EE7BF152BAA218400A32EC0 /* Generated */,
				3F68069F29CBBAF200B4F915 /* Assets.xcassets */,
				3F6806A129CBBAF200B4F915 /* LaunchScreen.storyboard */,
				5EE7BF132BAA213600A32EC0 /* Localizable.strings */,
			);
			path = Resources;
			sourceTree = "<group>";
		};
		EA97C5B02BADF227003B6A81 /* Helper */ = {
			isa = PBXGroup;
			children = (
				EA97C5AE2BADF1F9003B6A81 /* ProfileButtonFactoryProtocol.swift */,
				EA97C5C42BB2BEE2003B6A81 /* Extension+TextField.swift */,
				EA97C5B12BADF242003B6A81 /* ProfileButtonFactory.swift */,
				EA97C5B32BAEB00D003B6A81 /* RouterCases.swift */,
			);
			path = Helper;
			sourceTree = "<group>";
		};
		EA97C5B72BB1D1FB003B6A81 /* View */ = {
			isa = PBXGroup;
			children = (
				5EE7BF0A2BAA1B6C00A32EC0 /* ProfileViewController.swift */,
				EA97C5B52BB075AF003B6A81 /* ProfileViewTableViewCell.swift */,
			);
			path = View;
			sourceTree = "<group>";
		};
		EA97C5B82BB1D21E003B6A81 /* ProfileMain */ = {
			isa = PBXGroup;
			children = (
				EA97C5B72BB1D1FB003B6A81 /* View */,
				5EE7BF0C2BAA1B7300A32EC0 /* ProfilePresenter.swift */,
				5EE7BF082BAA1B6600A32EC0 /* ProfileAssembly.swift */,
				5EE7BF0E2BAA1B7900A32EC0 /* ProfileRouter.swift */,
			);
			path = ProfileMain;
			sourceTree = "<group>";
		};
		EA97C5B92BB1D467003B6A81 /* ProfileEdit */ = {
			isa = PBXGroup;
			children = (
				EA97C5BA2BB1D4BB003B6A81 /* ProfileEditViewController.swift */,
				EA97C5BE2BB1D5D8003B6A81 /* ProfileEditPresenter.swift */,
				EA97C5C02BB1DB50003B6A81 /* ProfileEditAssembly.swift */,
				EA97C5C22BB1E3DE003B6A81 /* ProfileEditRouter.swift */,
			);
			path = ProfileEdit;
			sourceTree = "<group>";
		};
		EA97C5C62BB2D89C003B6A81 /* ProfileFavorite */ = {
			isa = PBXGroup;
			children = (
			);
			path = ProfileFavorite;
			sourceTree = "<group>";
		};
		EA97C5CF2BB2FF3E003B6A81 /* ViewModels */ = {
			isa = PBXGroup;
			children = (
				EA97C5D02BB2FFB0003B6A81 /* MyNFTViewModel.swift */,
				EA97C5D42BB34746003B6A81 /* RatingStarsView.swift */,
			);
			path = ViewModels;
			sourceTree = "<group>";
		};
/* End PBXGroup section */

/* Begin PBXNativeTarget section */
		3F68069229CBBAF100B4F915 /* FakeNFT */ = {
			isa = PBXNativeTarget;
			buildConfigurationList = 3F6806BD29CBBAF200B4F915 /* Build configuration list for PBXNativeTarget "FakeNFT" */;
			buildPhases = (
				55769052F5906863D26354AA /* [CP] Check Pods Manifest.lock */,
				3FC8C39529D24CDB0081F015 /* Swiftlint */,
				3F68068F29CBBAF100B4F915 /* Sources */,
				3F68069029CBBAF100B4F915 /* Frameworks */,
				3F68069129CBBAF100B4F915 /* Resources */,
				5EE7BF102BAA20E300A32EC0 /* Run Script */,
			);
			buildRules = (
			);
			dependencies = (
			);
			name = FakeNFT;
			packageProductDependencies = (
				3F603CCC29DB4A53000C43D7 /* ProgressHUD */,
				3F603CCF29DB4A74000C43D7 /* Kingfisher */,
			);
			productName = FakeNFT;
			productReference = 3F68069329CBBAF100B4F915 /* FakeNFT.app */;
			productType = "com.apple.product-type.application";
		};
		3F6806A829CBBAF200B4F915 /* FakeNFTTests */ = {
			isa = PBXNativeTarget;
			buildConfigurationList = 3F6806C029CBBAF200B4F915 /* Build configuration list for PBXNativeTarget "FakeNFTTests" */;
			buildPhases = (
				3F6806A529CBBAF200B4F915 /* Sources */,
				3F6806A629CBBAF200B4F915 /* Frameworks */,
				3F6806A729CBBAF200B4F915 /* Resources */,
			);
			buildRules = (
			);
			dependencies = (
				3F6806AB29CBBAF200B4F915 /* PBXTargetDependency */,
			);
			name = FakeNFTTests;
			productName = FakeNFTTests;
			productReference = 3F6806A929CBBAF200B4F915 /* FakeNFTTests.xctest */;
			productType = "com.apple.product-type.bundle.unit-test";
		};
		3F6806B229CBBAF200B4F915 /* FakeNFTUITests */ = {
			isa = PBXNativeTarget;
			buildConfigurationList = 3F6806C329CBBAF200B4F915 /* Build configuration list for PBXNativeTarget "FakeNFTUITests" */;
			buildPhases = (
				3F6806AF29CBBAF200B4F915 /* Sources */,
				3F6806B029CBBAF200B4F915 /* Frameworks */,
				3F6806B129CBBAF200B4F915 /* Resources */,
			);
			buildRules = (
			);
			dependencies = (
				3F6806B529CBBAF200B4F915 /* PBXTargetDependency */,
			);
			name = FakeNFTUITests;
			productName = FakeNFTUITests;
			productReference = 3F6806B329CBBAF200B4F915 /* FakeNFTUITests.xctest */;
			productType = "com.apple.product-type.bundle.ui-testing";
		};
/* End PBXNativeTarget section */

/* Begin PBXProject section */
		3F68068B29CBBAF100B4F915 /* Project object */ = {
			isa = PBXProject;
			attributes = {
				BuildIndependentTargetsInParallel = 1;
				LastSwiftUpdateCheck = 1420;
				LastUpgradeCheck = 1510;
				TargetAttributes = {
					3F68069229CBBAF100B4F915 = {
						CreatedOnToolsVersion = 14.2;
					};
					3F6806A829CBBAF200B4F915 = {
						CreatedOnToolsVersion = 14.2;
						TestTargetID = 3F68069229CBBAF100B4F915;
					};
					3F6806B229CBBAF200B4F915 = {
						CreatedOnToolsVersion = 14.2;
						TestTargetID = 3F68069229CBBAF100B4F915;
					};
				};
			};
			buildConfigurationList = 3F68068E29CBBAF100B4F915 /* Build configuration list for PBXProject "FakeNFT" */;
			compatibilityVersion = "Xcode 14.0";
			developmentRegion = ru;
			hasScannedForEncodings = 0;
			knownRegions = (
				en,
				Base,
				ru,
			);
			mainGroup = 3F68068A29CBBAF100B4F915;
			packageReferences = (
				3F603CCB29DB4A53000C43D7 /* XCRemoteSwiftPackageReference "ProgressHUD" */,
				3F603CCE29DB4A74000C43D7 /* XCRemoteSwiftPackageReference "Kingfisher" */,
			);
			productRefGroup = 3F68069429CBBAF100B4F915 /* Products */;
			projectDirPath = "";
			projectRoot = "";
			targets = (
				3F68069229CBBAF100B4F915 /* FakeNFT */,
				3F6806A829CBBAF200B4F915 /* FakeNFTTests */,
				3F6806B229CBBAF200B4F915 /* FakeNFTUITests */,
			);
		};
/* End PBXProject section */

/* Begin PBXResourcesBuildPhase section */
		3F68069129CBBAF100B4F915 /* Resources */ = {
			isa = PBXResourcesBuildPhase;
			buildActionMask = 2147483647;
			files = (
				3F6806A329CBBAF200B4F915 /* LaunchScreen.storyboard in Resources */,
				5EE7BF112BAA213600A32EC0 /* Localizable.strings in Resources */,
				3F6806A029CBBAF200B4F915 /* Assets.xcassets in Resources */,
			);
			runOnlyForDeploymentPostprocessing = 0;
		};
		3F6806A729CBBAF200B4F915 /* Resources */ = {
			isa = PBXResourcesBuildPhase;
			buildActionMask = 2147483647;
			files = (
			);
			runOnlyForDeploymentPostprocessing = 0;
		};
		3F6806B129CBBAF200B4F915 /* Resources */ = {
			isa = PBXResourcesBuildPhase;
			buildActionMask = 2147483647;
			files = (
			);
			runOnlyForDeploymentPostprocessing = 0;
		};
/* End PBXResourcesBuildPhase section */

/* Begin PBXShellScriptBuildPhase section */
		3FC8C39529D24CDB0081F015 /* Swiftlint */ = {
			isa = PBXShellScriptBuildPhase;
			buildActionMask = 2147483647;
			files = (
			);
			inputFileListPaths = (
			);
			inputPaths = (
			);
			name = Swiftlint;
			outputFileListPaths = (
			);
			outputPaths = (
				"$(DERIVED_FILE_DIR)/SwiftLintOutput",
			);
			runOnlyForDeploymentPostprocessing = 0;
			shellPath = /bin/sh;
			shellScript = "if [[ \"$(uname -m)\" == arm64 ]]; then\n    export PATH=\"/opt/homebrew/bin:$PATH\"\nfi\n\nif which swiftlint > /dev/null; then\n  swiftlint\nelse\n  echo \"warning: SwiftLint not installed, download from https://github.com/realm/SwiftLint\"\nfi\n";
		};
		55769052F5906863D26354AA /* [CP] Check Pods Manifest.lock */ = {
			isa = PBXShellScriptBuildPhase;
			buildActionMask = 2147483647;
			files = (
			);
			inputFileListPaths = (
			);
			inputPaths = (
				"${PODS_PODFILE_DIR_PATH}/Podfile.lock",
				"${PODS_ROOT}/Manifest.lock",
			);
			name = "[CP] Check Pods Manifest.lock";
			outputFileListPaths = (
			);
			outputPaths = (
				"$(DERIVED_FILE_DIR)/Pods-FakeNFT-checkManifestLockResult.txt",
			);
			runOnlyForDeploymentPostprocessing = 0;
			shellPath = /bin/sh;
			shellScript = "diff \"${PODS_PODFILE_DIR_PATH}/Podfile.lock\" \"${PODS_ROOT}/Manifest.lock\" > /dev/null\nif [ $? != 0 ] ; then\n    # print error to STDERR\n    echo \"error: The sandbox is not in sync with the Podfile.lock. Run 'pod install' or update your CocoaPods installation.\" >&2\n    exit 1\nfi\n# This output is used by Xcode 'outputs' to avoid re-running this script phase.\necho \"SUCCESS\" > \"${SCRIPT_OUTPUT_FILE_0}\"\n";
			showEnvVarsInLog = 0;
		};
		5EE7BF102BAA20E300A32EC0 /* Run Script */ = {
			isa = PBXShellScriptBuildPhase;
			buildActionMask = 2147483647;
			files = (
			);
			inputFileListPaths = (
			);
			inputPaths = (
			);
			name = "Run Script";
			outputFileListPaths = (
			);
			outputPaths = (
			);
			runOnlyForDeploymentPostprocessing = 0;
			shellPath = /bin/sh;
			shellScript = "if [[ -f \"${PODS_ROOT}/SwiftGen/bin/swiftgen\" ]]; then\n  \"${PODS_ROOT}/SwiftGen/bin/swiftgen\"\nelse\n  echo \"warning: SwiftGen is not installed. Run 'pod install --repo-update' to install it.\"\nfi \n";
		};
/* End PBXShellScriptBuildPhase section */

/* Begin PBXSourcesBuildPhase section */
		3F68068F29CBBAF100B4F915 /* Sources */ = {
			isa = PBXSourcesBuildPhase;
			buildActionMask = 2147483647;
			files = (
				EA97C5AF2BADF1F9003B6A81 /* ProfileButtonFactoryProtocol.swift in Sources */,
				EA97C5B22BADF242003B6A81 /* ProfileButtonFactory.swift in Sources */,
				EA97C5CA2BB2D90D003B6A81 /* ProfileMyNFTPresenter.swift in Sources */,
				5EE7BEF02BAA17A200A32EC0 /* CatalogViewController.swift in Sources */,
				EA97C5D12BB2FFB0003B6A81 /* MyNFTViewModel.swift in Sources */,
				3FC8C38B29D242E90081F015 /* ProductDetailsTableViewCell.swift in Sources */,
				EA97C5BF2BB1D5D8003B6A81 /* ProfileEditPresenter.swift in Sources */,
				3F478ECF29DB474E00F6D39E /* Colors.swift in Sources */,
				5EE7BF032BAA1A9900A32EC0 /* StatisticsViewController.swift in Sources */,
				5E8774792BB01B9A00CFDA5E /* WebViewPresenter.swift in Sources */,
				0C79EE662A76DDFF00EE90EA /* NftDetailViewController.swift in Sources */,
				EA97C5C82BB2D8F6003B6A81 /* ProfileMyNFTViewController.swift in Sources */,
				EA97C5D52BB34746003B6A81 /* RatingStarsView.swift in Sources */,
				5EE7BF012BAA1A9300A32EC0 /* StatisticsAssembly.swift in Sources */,
				E1A1B9DA2AA01CE400C3AFBC /* TabBarController.swift in Sources */,
				EA97C5CE2BB2D932003B6A81 /* ProfileMyNFTRouter.swift in Sources */,
				3F478ED129DB476500F6D39E /* Fonts.swift in Sources */,
				5E425F332BB5DBCF002594B0 /* CatalogCellModel.swift in Sources */,
				5EE7BF182BAA218400A32EC0 /* Assets.swift in Sources */,
				5E7E677A2BAF75F3007DC77E /* ProfileInfo.swift in Sources */,
				5E13B0C72BAD91BD006EB5AA /* CollectionAssembly.swift in Sources */,
				5E13B0C42BAD91BD006EB5AA /* CollectionPresenter.swift in Sources */,
				5EE7BF0B2BAA1B6C00A32EC0 /* ProfileViewController.swift in Sources */,
				5EC3DC352BB4B00900AD506F /* OrderRequest.swift in Sources */,
				5EE7BEE62BAA028400A32EC0 /* SplashAssembly.swift in Sources */,
				5EE7BF092BAA1B6600A32EC0 /* ProfileAssembly.swift in Sources */,
				5E13B0BA2BAD5F07006EB5AA /* UIView+Ext.swift in Sources */,
				0C79EE6A2A76DE1000EE90EA /* NftDetailAssembly.swift in Sources */,
				3FC8C39329D246BA0081F015 /* DateFormatters+Presets.swift in Sources */,
				EA97C5CC2BB2D923003B6A81 /* ProfileMyNFTAssembly.swift in Sources */,
				EA97C5C12BB1DB50003B6A81 /* ProfileEditAssembly.swift in Sources */,
				EA97C5C32BB1E3DE003B6A81 /* ProfileEditRouter.swift in Sources */,
				5EE7BF1E2BAA227A00A32EC0 /* StringGenerated.swift in Sources */,
				5E1D0C102BB1E4AB0067AB47 /* CollectionItemService.swift in Sources */,
				5EE4C1982BACDF480089100B /* CatalogCell.swift in Sources */,
				5EC4014E2BC1DA3E00F7864E /* AccessibilityConstant.swift in Sources */,
				5E1D0C1A2BB3054C0067AB47 /* VerticalNftCellModel.swift in Sources */,
				0CF2C2DD2A783CE600FDC837 /* ErrorView.swift in Sources */,
				5EE7BEF92BAA19C700A32EC0 /* CartAssembly.swift in Sources */,
				5EE7BF1C2BAA223A00A32EC0 /* Bundle+Ext.swift in Sources */,
				0C79EE682A76DE0900EE90EA /* NftDetailPresenter.swift in Sources */,
				5E2EC62B2BB33588004769C6 /* SortStorage.swift in Sources */,
				0CFCB7402A78002A0009A829 /* NftService.swift in Sources */,
				5E13B0CE2BADA0DB006EB5AA /* VerticalNftCell.swift in Sources */,
				3F6806D529CBBEC700B4F915 /* NetworkTask.swift in Sources */,
				5EE7BF0F2BAA1B7900A32EC0 /* ProfileRouter.swift in Sources */,
				5EE7BEFD2BAA19D600A32EC0 /* CartPresenter.swift in Sources */,
				5EC3DC332BB4ABDD00AD506F /* ProfileService.swift in Sources */,
				0CF2C2DB2A783C1B00FDC837 /* LoadingView.swift in Sources */,
				3F68069729CBBAF100B4F915 /* AppDelegate.swift in Sources */,
				3F68069929CBBAF100B4F915 /* SceneDelegate.swift in Sources */,
				5EE7BF072BAA1AA400A32EC0 /* StatisticsRouter.swift in Sources */,
				5E805A812BB996BF00517566 /* ProfileInfoRequest.swift in Sources */,
				5EE7BEFB2BAA19CF00A32EC0 /* CartViewController.swift in Sources */,
				EA97C5D32BB30E23003B6A81 /* ProfileMyNFTTableViewCell.swift in Sources */,
				5EE7BF0D2BAA1B7300A32EC0 /* ProfilePresenter.swift in Sources */,
				0C79EE6C2A76DE2E00EE90EA /* ServicesAssemly.swift in Sources */,
				0CFCB74E2A7817DC0009A829 /* NftStorage.swift in Sources */,
				5E13B0C52BAD91BD006EB5AA /* CollectionRouter.swift in Sources */,
				5E8774772BB01B4400CFDA5E /* WebViewViewController.swift in Sources */,
				5EE7BEEE2BAA179800A32EC0 /* CatalogAssembly.swift in Sources */,
				5EE7BF052BAA1A9F00A32EC0 /* StatisticsPresenter.swift in Sources */,
				0CFCB7462A78064B0009A829 /* NftDetailCellModel.swift in Sources */,
				5EE7BF192BAA218400A32EC0 /* Localization.swift in Sources */,
				EA97C5B62BB075AF003B6A81 /* ProfileViewTableViewCell.swift in Sources */,
				5E13B0CC2BAD9F8E006EB5AA /* CollectionLayoutProvider.swift in Sources */,
				5E1D0C122BB1E6E20067AB47 /* CatalogItemRequest.swift in Sources */,
				0CFCB74B2A780EA80009A829 /* UIView+Constraints.swift in Sources */,
				5E7E67812BAF7EDA007DC77E /* CollectionViewModel.swift in Sources */,
				3F6806D729CBC50A00B4F915 /* CellsReusingUtils.swift in Sources */,
				5E1D0C172BB1EF240067AB47 /* UIBlockProgressHUD.swift in Sources */,
				5EC3DC312BB4AA8500AD506F /* ProfileRequest.swift in Sources */,
				5E13B0BC2BAD6A68006EB5AA /* CatalogItem.swift in Sources */,
				0C79EE612A76DCD600EE90EA /* NftByIdRequest.swift in Sources */,
				5E13B0D22BADCB2B006EB5AA /* RatingView.swift in Sources */,
				5E13B0C62BAD91BD006EB5AA /* CollectionViewController.swift in Sources */,
				E19CD5AB2A98B56600CA39A5 /* NftImageCollectionViewCell.swift in Sources */,
				5E7E677E2BAF79DF007DC77E /* Nft.swift in Sources */,
				5EE7BEFF2BAA19DD00A32EC0 /* CartRouter.swift in Sources */,
				5E8774752BB01B2E00CFDA5E /* WebViewAssembly.swift in Sources */,
				5EE7BEEC2BAA029C00A32EC0 /* SplashRouter.swift in Sources */,
				0CF2C2E12A784C7000FDC837 /* LinePageControl.swift in Sources */,
				5E1D0C152BB1EC260067AB47 /* ApiConstant.swift in Sources */,
				5EE7BEEA2BAA029400A32EC0 /* SplashPresenter.swift in Sources */,
				5E13B0D02BADCAEE006EB5AA /* ProductImageView.swift in Sources */,
				3F6806D329CBBE9600B4F915 /* NetworkRequest.swift in Sources */,
				3F6806D129CBBE6B00B4F915 /* NetworkClient.swift in Sources */,
				0CFCB7442A7802440009A829 /* NftDetailInput.swift in Sources */,
				5EE7BEF42BAA17B000A32EC0 /* CatalogPresenter.swift in Sources */,
				0C79EE632A76DD1900EE90EA /* RequestConstants.swift in Sources */,
				EA97C5B42BAEB00D003B6A81 /* RouterCases.swift in Sources */,
				5E7E677C2BAF7617007DC77E /* Order.swift in Sources */,
				5EE7BEF22BAA17A800A32EC0 /* CatalogRouter.swift in Sources */,
				5EE7BEE82BAA028D00A32EC0 /* SplashViewController.swift in Sources */,
			);
			runOnlyForDeploymentPostprocessing = 0;
		};
		3F6806A529CBBAF200B4F915 /* Sources */ = {
			isa = PBXSourcesBuildPhase;
			buildActionMask = 2147483647;
			files = (
				5EB445192BBD59BF00DD9C55 /* CatalogPresenterTests.swift in Sources */,
				5EC401382BC01C3400F7864E /* SortStorageStub.swift in Sources */,
				5EC401462BC052DB00F7864E /* NftServiceStub.swift in Sources */,
				5EC401362BC01BEA00F7864E /* CatalogRouterSpy.swift in Sources */,
				5EC401422BC04F7F00F7864E /* ProfileServiceStub.swift in Sources */,
				5EC401332BC019F500F7864E /* CatalogItemServiceStub.swift in Sources */,
				5EC4013D2BC02A5F00F7864E /* CollectionPresenterTests.swift in Sources */,
				5EC401482BC0548800F7864E /* CollectionRouterSpy.swift in Sources */,
				5EC401402BC04F2F00F7864E /* CollectionViewSpy.swift in Sources */,
				5EC4014A2BC054E900F7864E /* CatalogItem+Fake.swift in Sources */,
				5EC4013A2BC01EAE00F7864E /* CatalogViewSpy.swift in Sources */,
				5EC401442BC051F500F7864E /* OrderServiceStub.swift in Sources */,
			);
			runOnlyForDeploymentPostprocessing = 0;
		};
		3F6806AF29CBBAF200B4F915 /* Sources */ = {
			isa = PBXSourcesBuildPhase;
			buildActionMask = 2147483647;
			files = (
				5EC401532BC2819400F7864E /* CatalogPage.swift in Sources */,
				5EC4014F2BC1DB1400F7864E /* AccessibilityConstant.swift in Sources */,
				5EC401572BC286D800F7864E /* CollectionPage.swift in Sources */,
				5EC401552BC286CE00F7864E /* CollectionUITests.swift in Sources */,
				5EC401502BC1E9AE00F7864E /* SortStorage.swift in Sources */,
				5EC4014C2BC1CEE700F7864E /* CatalogUITests.swift in Sources */,
			);
			runOnlyForDeploymentPostprocessing = 0;
		};
/* End PBXSourcesBuildPhase section */

/* Begin PBXTargetDependency section */
		3F6806AB29CBBAF200B4F915 /* PBXTargetDependency */ = {
			isa = PBXTargetDependency;
			target = 3F68069229CBBAF100B4F915 /* FakeNFT */;
			targetProxy = 3F6806AA29CBBAF200B4F915 /* PBXContainerItemProxy */;
		};
		3F6806B529CBBAF200B4F915 /* PBXTargetDependency */ = {
			isa = PBXTargetDependency;
			target = 3F68069229CBBAF100B4F915 /* FakeNFT */;
			targetProxy = 3F6806B429CBBAF200B4F915 /* PBXContainerItemProxy */;
		};
/* End PBXTargetDependency section */

/* Begin PBXVariantGroup section */
		3F6806A129CBBAF200B4F915 /* LaunchScreen.storyboard */ = {
			isa = PBXVariantGroup;
			children = (
				3F6806A229CBBAF200B4F915 /* Base */,
				E1CD40D92A96BE7D00BE7FE8 /* ru */,
			);
			name = LaunchScreen.storyboard;
			sourceTree = "<group>";
		};
		5EE7BF132BAA213600A32EC0 /* Localizable.strings */ = {
			isa = PBXVariantGroup;
			children = (
				5EE7BF122BAA213600A32EC0 /* ru */,
				5EE7BF142BAA213A00A32EC0 /* en */,
			);
			name = Localizable.strings;
			sourceTree = "<group>";
		};
/* End PBXVariantGroup section */

/* Begin XCBuildConfiguration section */
		3F6806BB29CBBAF200B4F915 /* Debug */ = {
			isa = XCBuildConfiguration;
			buildSettings = {
				ALWAYS_SEARCH_USER_PATHS = NO;
				CLANG_ANALYZER_LOCALIZABILITY_NONLOCALIZED = YES;
				CLANG_ANALYZER_NONNULL = YES;
				CLANG_ANALYZER_NUMBER_OBJECT_CONVERSION = YES_AGGRESSIVE;
				CLANG_CXX_LANGUAGE_STANDARD = "gnu++20";
				CLANG_ENABLE_MODULES = YES;
				CLANG_ENABLE_OBJC_ARC = YES;
				CLANG_ENABLE_OBJC_WEAK = YES;
				CLANG_WARN_BLOCK_CAPTURE_AUTORELEASING = YES;
				CLANG_WARN_BOOL_CONVERSION = YES;
				CLANG_WARN_COMMA = YES;
				CLANG_WARN_CONSTANT_CONVERSION = YES;
				CLANG_WARN_DEPRECATED_OBJC_IMPLEMENTATIONS = YES;
				CLANG_WARN_DIRECT_OBJC_ISA_USAGE = YES_ERROR;
				CLANG_WARN_DOCUMENTATION_COMMENTS = YES;
				CLANG_WARN_EMPTY_BODY = YES;
				CLANG_WARN_ENUM_CONVERSION = YES;
				CLANG_WARN_INFINITE_RECURSION = YES;
				CLANG_WARN_INT_CONVERSION = YES;
				CLANG_WARN_NON_LITERAL_NULL_CONVERSION = YES;
				CLANG_WARN_OBJC_IMPLICIT_RETAIN_SELF = YES;
				CLANG_WARN_OBJC_LITERAL_CONVERSION = YES;
				CLANG_WARN_OBJC_ROOT_CLASS = YES_ERROR;
				CLANG_WARN_QUOTED_INCLUDE_IN_FRAMEWORK_HEADER = YES;
				CLANG_WARN_RANGE_LOOP_ANALYSIS = YES;
				CLANG_WARN_STRICT_PROTOTYPES = YES;
				CLANG_WARN_SUSPICIOUS_MOVE = YES;
				CLANG_WARN_UNGUARDED_AVAILABILITY = YES_AGGRESSIVE;
				CLANG_WARN_UNREACHABLE_CODE = YES;
				CLANG_WARN__DUPLICATE_METHOD_MATCH = YES;
				COPY_PHASE_STRIP = NO;
				DEBUG_INFORMATION_FORMAT = dwarf;
				ENABLE_STRICT_OBJC_MSGSEND = YES;
				ENABLE_TESTABILITY = YES;
				GCC_C_LANGUAGE_STANDARD = gnu11;
				GCC_DYNAMIC_NO_PIC = NO;
				GCC_NO_COMMON_BLOCKS = YES;
				GCC_OPTIMIZATION_LEVEL = 0;
				GCC_PREPROCESSOR_DEFINITIONS = (
					"DEBUG=1",
					"$(inherited)",
				);
				GCC_WARN_64_TO_32_BIT_CONVERSION = YES;
				GCC_WARN_ABOUT_RETURN_TYPE = YES_ERROR;
				GCC_WARN_UNDECLARED_SELECTOR = YES;
				GCC_WARN_UNINITIALIZED_AUTOS = YES_AGGRESSIVE;
				GCC_WARN_UNUSED_FUNCTION = YES;
				GCC_WARN_UNUSED_VARIABLE = YES;
				IPHONEOS_DEPLOYMENT_TARGET = 13.0;
				MTL_ENABLE_DEBUG_INFO = INCLUDE_SOURCE;
				MTL_FAST_MATH = YES;
				ONLY_ACTIVE_ARCH = YES;
				SDKROOT = iphoneos;
				SWIFT_ACTIVE_COMPILATION_CONDITIONS = DEBUG;
				SWIFT_OPTIMIZATION_LEVEL = "-Onone";
			};
			name = Debug;
		};
		3F6806BC29CBBAF200B4F915 /* Release */ = {
			isa = XCBuildConfiguration;
			buildSettings = {
				ALWAYS_SEARCH_USER_PATHS = NO;
				CLANG_ANALYZER_LOCALIZABILITY_NONLOCALIZED = YES;
				CLANG_ANALYZER_NONNULL = YES;
				CLANG_ANALYZER_NUMBER_OBJECT_CONVERSION = YES_AGGRESSIVE;
				CLANG_CXX_LANGUAGE_STANDARD = "gnu++20";
				CLANG_ENABLE_MODULES = YES;
				CLANG_ENABLE_OBJC_ARC = YES;
				CLANG_ENABLE_OBJC_WEAK = YES;
				CLANG_WARN_BLOCK_CAPTURE_AUTORELEASING = YES;
				CLANG_WARN_BOOL_CONVERSION = YES;
				CLANG_WARN_COMMA = YES;
				CLANG_WARN_CONSTANT_CONVERSION = YES;
				CLANG_WARN_DEPRECATED_OBJC_IMPLEMENTATIONS = YES;
				CLANG_WARN_DIRECT_OBJC_ISA_USAGE = YES_ERROR;
				CLANG_WARN_DOCUMENTATION_COMMENTS = YES;
				CLANG_WARN_EMPTY_BODY = YES;
				CLANG_WARN_ENUM_CONVERSION = YES;
				CLANG_WARN_INFINITE_RECURSION = YES;
				CLANG_WARN_INT_CONVERSION = YES;
				CLANG_WARN_NON_LITERAL_NULL_CONVERSION = YES;
				CLANG_WARN_OBJC_IMPLICIT_RETAIN_SELF = YES;
				CLANG_WARN_OBJC_LITERAL_CONVERSION = YES;
				CLANG_WARN_OBJC_ROOT_CLASS = YES_ERROR;
				CLANG_WARN_QUOTED_INCLUDE_IN_FRAMEWORK_HEADER = YES;
				CLANG_WARN_RANGE_LOOP_ANALYSIS = YES;
				CLANG_WARN_STRICT_PROTOTYPES = YES;
				CLANG_WARN_SUSPICIOUS_MOVE = YES;
				CLANG_WARN_UNGUARDED_AVAILABILITY = YES_AGGRESSIVE;
				CLANG_WARN_UNREACHABLE_CODE = YES;
				CLANG_WARN__DUPLICATE_METHOD_MATCH = YES;
				COPY_PHASE_STRIP = NO;
				DEBUG_INFORMATION_FORMAT = "dwarf-with-dsym";
				ENABLE_NS_ASSERTIONS = NO;
				ENABLE_STRICT_OBJC_MSGSEND = YES;
				GCC_C_LANGUAGE_STANDARD = gnu11;
				GCC_NO_COMMON_BLOCKS = YES;
				GCC_WARN_64_TO_32_BIT_CONVERSION = YES;
				GCC_WARN_ABOUT_RETURN_TYPE = YES_ERROR;
				GCC_WARN_UNDECLARED_SELECTOR = YES;
				GCC_WARN_UNINITIALIZED_AUTOS = YES_AGGRESSIVE;
				GCC_WARN_UNUSED_FUNCTION = YES;
				GCC_WARN_UNUSED_VARIABLE = YES;
				IPHONEOS_DEPLOYMENT_TARGET = 13.0;
				MTL_ENABLE_DEBUG_INFO = NO;
				MTL_FAST_MATH = YES;
				SDKROOT = iphoneos;
				SWIFT_COMPILATION_MODE = wholemodule;
				SWIFT_OPTIMIZATION_LEVEL = "-O";
				VALIDATE_PRODUCT = YES;
			};
			name = Release;
		};
		3F6806BE29CBBAF200B4F915 /* Debug */ = {
			isa = XCBuildConfiguration;
			baseConfigurationReference = 2F23CCC4E611B0A1EAA42138 /* Pods-FakeNFT.debug.xcconfig */;
			buildSettings = {
				ASSETCATALOG_COMPILER_APPICON_NAME = AppIcon;
				ASSETCATALOG_COMPILER_GLOBAL_ACCENT_COLOR_NAME = AccentColor;
				ASSETCATALOG_COMPILER_INCLUDE_ALL_APPICON_ASSETS = NO;
				CODE_SIGN_STYLE = Automatic;
				CURRENT_PROJECT_VERSION = 1;
				DEVELOPMENT_TEAM = X7JCT2793N;
				ENABLE_USER_SCRIPT_SANDBOXING = NO;
				GENERATE_INFOPLIST_FILE = YES;
				INFOPLIST_FILE = FakeNFT/Info.plist;
				INFOPLIST_KEY_UIApplicationSupportsIndirectInputEvents = YES;
				INFOPLIST_KEY_UILaunchStoryboardName = LaunchScreen;
				INFOPLIST_KEY_UISupportedInterfaceOrientations_iPad = "UIInterfaceOrientationPortrait UIInterfaceOrientationPortraitUpsideDown UIInterfaceOrientationLandscapeLeft UIInterfaceOrientationLandscapeRight";
				INFOPLIST_KEY_UISupportedInterfaceOrientations_iPhone = "UIInterfaceOrientationPortrait UIInterfaceOrientationLandscapeLeft UIInterfaceOrientationLandscapeRight";
				IPHONEOS_DEPLOYMENT_TARGET = 13.0;
				LD_RUNPATH_SEARCH_PATHS = (
					"$(inherited)",
					"@executable_path/Frameworks",
				);
				MARKETING_VERSION = 1.0;
				PRODUCT_BUNDLE_IDENTIFIER = com.ios11.FakeNFT;
				PRODUCT_NAME = "$(TARGET_NAME)";
				SWIFT_EMIT_LOC_STRINGS = YES;
				SWIFT_VERSION = 5.0;
				TARGETED_DEVICE_FAMILY = "1,2";
			};
			name = Debug;
		};
		3F6806BF29CBBAF200B4F915 /* Release */ = {
			isa = XCBuildConfiguration;
			baseConfigurationReference = F5C82C1A93DD300D701CD5CB /* Pods-FakeNFT.release.xcconfig */;
			buildSettings = {
				ASSETCATALOG_COMPILER_APPICON_NAME = AppIcon;
				ASSETCATALOG_COMPILER_GLOBAL_ACCENT_COLOR_NAME = AccentColor;
				ASSETCATALOG_COMPILER_INCLUDE_ALL_APPICON_ASSETS = NO;
				CODE_SIGN_STYLE = Automatic;
				CURRENT_PROJECT_VERSION = 1;
				DEVELOPMENT_TEAM = X7JCT2793N;
				ENABLE_USER_SCRIPT_SANDBOXING = NO;
				GENERATE_INFOPLIST_FILE = YES;
				INFOPLIST_FILE = FakeNFT/Info.plist;
				INFOPLIST_KEY_UIApplicationSupportsIndirectInputEvents = YES;
				INFOPLIST_KEY_UILaunchStoryboardName = LaunchScreen;
				INFOPLIST_KEY_UISupportedInterfaceOrientations_iPad = "UIInterfaceOrientationPortrait UIInterfaceOrientationPortraitUpsideDown UIInterfaceOrientationLandscapeLeft UIInterfaceOrientationLandscapeRight";
				INFOPLIST_KEY_UISupportedInterfaceOrientations_iPhone = "UIInterfaceOrientationPortrait UIInterfaceOrientationLandscapeLeft UIInterfaceOrientationLandscapeRight";
				IPHONEOS_DEPLOYMENT_TARGET = 13.0;
				LD_RUNPATH_SEARCH_PATHS = (
					"$(inherited)",
					"@executable_path/Frameworks",
				);
				MARKETING_VERSION = 1.0;
				PRODUCT_BUNDLE_IDENTIFIER = com.ios11.FakeNFT;
				PRODUCT_NAME = "$(TARGET_NAME)";
				SWIFT_EMIT_LOC_STRINGS = YES;
				SWIFT_VERSION = 5.0;
				TARGETED_DEVICE_FAMILY = "1,2";
			};
			name = Release;
		};
		3F6806C129CBBAF200B4F915 /* Debug */ = {
			isa = XCBuildConfiguration;
			buildSettings = {
				ALWAYS_EMBED_SWIFT_STANDARD_LIBRARIES = YES;
				BUNDLE_LOADER = "$(TEST_HOST)";
				CODE_SIGN_STYLE = Automatic;
				CURRENT_PROJECT_VERSION = 1;
				GENERATE_INFOPLIST_FILE = YES;
				IPHONEOS_DEPLOYMENT_TARGET = 16.2;
				MARKETING_VERSION = 1.0;
				PRODUCT_BUNDLE_IDENTIFIER = com.ios11.FakeNFT;
				PRODUCT_NAME = "$(TARGET_NAME)";
				SWIFT_EMIT_LOC_STRINGS = NO;
				SWIFT_VERSION = 5.0;
				TARGETED_DEVICE_FAMILY = "1,2";
				TEST_HOST = "$(BUILT_PRODUCTS_DIR)/FakeNFT.app/$(BUNDLE_EXECUTABLE_FOLDER_PATH)/FakeNFT";
			};
			name = Debug;
		};
		3F6806C229CBBAF200B4F915 /* Release */ = {
			isa = XCBuildConfiguration;
			buildSettings = {
				ALWAYS_EMBED_SWIFT_STANDARD_LIBRARIES = YES;
				BUNDLE_LOADER = "$(TEST_HOST)";
				CODE_SIGN_STYLE = Automatic;
				CURRENT_PROJECT_VERSION = 1;
				GENERATE_INFOPLIST_FILE = YES;
				IPHONEOS_DEPLOYMENT_TARGET = 16.2;
				MARKETING_VERSION = 1.0;
				PRODUCT_BUNDLE_IDENTIFIER = com.ios11.FakeNFT;
				PRODUCT_NAME = "$(TARGET_NAME)";
				SWIFT_EMIT_LOC_STRINGS = NO;
				SWIFT_VERSION = 5.0;
				TARGETED_DEVICE_FAMILY = "1,2";
				TEST_HOST = "$(BUILT_PRODUCTS_DIR)/FakeNFT.app/$(BUNDLE_EXECUTABLE_FOLDER_PATH)/FakeNFT";
			};
			name = Release;
		};
		3F6806C429CBBAF200B4F915 /* Debug */ = {
			isa = XCBuildConfiguration;
			buildSettings = {
				ALWAYS_EMBED_SWIFT_STANDARD_LIBRARIES = YES;
				CODE_SIGN_STYLE = Automatic;
				CURRENT_PROJECT_VERSION = 1;
				GENERATE_INFOPLIST_FILE = YES;
				MARKETING_VERSION = 1.0;
				PRODUCT_BUNDLE_IDENTIFIER = com.ios11.FakeNFT;
				PRODUCT_NAME = "$(TARGET_NAME)";
				SWIFT_EMIT_LOC_STRINGS = NO;
				SWIFT_VERSION = 5.0;
				TARGETED_DEVICE_FAMILY = "1,2";
				TEST_TARGET_NAME = FakeNFT;
			};
			name = Debug;
		};
		3F6806C529CBBAF200B4F915 /* Release */ = {
			isa = XCBuildConfiguration;
			buildSettings = {
				ALWAYS_EMBED_SWIFT_STANDARD_LIBRARIES = YES;
				CODE_SIGN_STYLE = Automatic;
				CURRENT_PROJECT_VERSION = 1;
				GENERATE_INFOPLIST_FILE = YES;
				MARKETING_VERSION = 1.0;
				PRODUCT_BUNDLE_IDENTIFIER = com.ios11.FakeNFT;
				PRODUCT_NAME = "$(TARGET_NAME)";
				SWIFT_EMIT_LOC_STRINGS = NO;
				SWIFT_VERSION = 5.0;
				TARGETED_DEVICE_FAMILY = "1,2";
				TEST_TARGET_NAME = FakeNFT;
			};
			name = Release;
		};
/* End XCBuildConfiguration section */

/* Begin XCConfigurationList section */
		3F68068E29CBBAF100B4F915 /* Build configuration list for PBXProject "FakeNFT" */ = {
			isa = XCConfigurationList;
			buildConfigurations = (
				3F6806BB29CBBAF200B4F915 /* Debug */,
				3F6806BC29CBBAF200B4F915 /* Release */,
			);
			defaultConfigurationIsVisible = 0;
			defaultConfigurationName = Release;
		};
		3F6806BD29CBBAF200B4F915 /* Build configuration list for PBXNativeTarget "FakeNFT" */ = {
			isa = XCConfigurationList;
			buildConfigurations = (
				3F6806BE29CBBAF200B4F915 /* Debug */,
				3F6806BF29CBBAF200B4F915 /* Release */,
			);
			defaultConfigurationIsVisible = 0;
			defaultConfigurationName = Release;
		};
		3F6806C029CBBAF200B4F915 /* Build configuration list for PBXNativeTarget "FakeNFTTests" */ = {
			isa = XCConfigurationList;
			buildConfigurations = (
				3F6806C129CBBAF200B4F915 /* Debug */,
				3F6806C229CBBAF200B4F915 /* Release */,
			);
			defaultConfigurationIsVisible = 0;
			defaultConfigurationName = Release;
		};
		3F6806C329CBBAF200B4F915 /* Build configuration list for PBXNativeTarget "FakeNFTUITests" */ = {
			isa = XCConfigurationList;
			buildConfigurations = (
				3F6806C429CBBAF200B4F915 /* Debug */,
				3F6806C529CBBAF200B4F915 /* Release */,
			);
			defaultConfigurationIsVisible = 0;
			defaultConfigurationName = Release;
		};
/* End XCConfigurationList section */

/* Begin XCRemoteSwiftPackageReference section */
		3F603CCB29DB4A53000C43D7 /* XCRemoteSwiftPackageReference "ProgressHUD" */ = {
			isa = XCRemoteSwiftPackageReference;
			repositoryURL = "https://github.com/relatedcode/ProgressHUD";
			requirement = {
				kind = upToNextMajorVersion;
				minimumVersion = 13.0.0;
			};
		};
		3F603CCE29DB4A74000C43D7 /* XCRemoteSwiftPackageReference "Kingfisher" */ = {
			isa = XCRemoteSwiftPackageReference;
			repositoryURL = "https://github.com/onevcat/Kingfisher.git";
			requirement = {
				kind = upToNextMajorVersion;
				minimumVersion = 7.0.0;
			};
		};
/* End XCRemoteSwiftPackageReference section */

/* Begin XCSwiftPackageProductDependency section */
		3F603CCC29DB4A53000C43D7 /* ProgressHUD */ = {
			isa = XCSwiftPackageProductDependency;
			package = 3F603CCB29DB4A53000C43D7 /* XCRemoteSwiftPackageReference "ProgressHUD" */;
			productName = ProgressHUD;
		};
		3F603CCF29DB4A74000C43D7 /* Kingfisher */ = {
			isa = XCSwiftPackageProductDependency;
			package = 3F603CCE29DB4A74000C43D7 /* XCRemoteSwiftPackageReference "Kingfisher" */;
			productName = Kingfisher;
		};
/* End XCSwiftPackageProductDependency section */
	};
	rootObject = 3F68068B29CBBAF100B4F915 /* Project object */;
}
