// !$*UTF8*$!
{
	archiveVersion = 1;
	classes = {
	};
	objectVersion = 56;
	objects = {

/* Begin PBXBuildFile section */
		0C79EE612A76DCD600EE90EA /* NftRequest.swift in Sources */ = {isa = PBXBuildFile; fileRef = 0C79EE602A76DCD600EE90EA /* NftRequest.swift */; };
		0C79EE632A76DD1900EE90EA /* RequestConstants.swift in Sources */ = {isa = PBXBuildFile; fileRef = 0C79EE622A76DD1900EE90EA /* RequestConstants.swift */; };
		0C79EE662A76DDFF00EE90EA /* NftDetailViewController.swift in Sources */ = {isa = PBXBuildFile; fileRef = 0C79EE652A76DDFF00EE90EA /* NftDetailViewController.swift */; };
		0C79EE682A76DE0900EE90EA /* NftDetailPresenter.swift in Sources */ = {isa = PBXBuildFile; fileRef = 0C79EE672A76DE0900EE90EA /* NftDetailPresenter.swift */; };
		0C79EE6A2A76DE1000EE90EA /* NftDetailAssembly.swift in Sources */ = {isa = PBXBuildFile; fileRef = 0C79EE692A76DE1000EE90EA /* NftDetailAssembly.swift */; };
		0C79EE6C2A76DE2E00EE90EA /* ServicesAssemly.swift in Sources */ = {isa = PBXBuildFile; fileRef = 0C79EE6B2A76DE2E00EE90EA /* ServicesAssemly.swift */; };
		0CF2C2DB2A783C1B00FDC837 /* LoadingView.swift in Sources */ = {isa = PBXBuildFile; fileRef = 0CF2C2DA2A783C1B00FDC837 /* LoadingView.swift */; };
		0CF2C2DD2A783CE600FDC837 /* ErrorView.swift in Sources */ = {isa = PBXBuildFile; fileRef = 0CF2C2DC2A783CE600FDC837 /* ErrorView.swift */; };
		0CF2C2E12A784C7000FDC837 /* LinePageControl.swift in Sources */ = {isa = PBXBuildFile; fileRef = 0CF2C2E02A784C7000FDC837 /* LinePageControl.swift */; };
		0CFCB7402A78002A0009A829 /* NftService.swift in Sources */ = {isa = PBXBuildFile; fileRef = 0CFCB73F2A78002A0009A829 /* NftService.swift */; };
		0CFCB7422A78013E0009A829 /* Nft.swift in Sources */ = {isa = PBXBuildFile; fileRef = 0CFCB7412A78013E0009A829 /* Nft.swift */; };
		0CFCB7442A7802440009A829 /* NftDetailInput.swift in Sources */ = {isa = PBXBuildFile; fileRef = 0CFCB7432A7802440009A829 /* NftDetailInput.swift */; };
		0CFCB7462A78064B0009A829 /* NftDetailCellModel.swift in Sources */ = {isa = PBXBuildFile; fileRef = 0CFCB7452A78064B0009A829 /* NftDetailCellModel.swift */; };
		0CFCB74B2A780EA80009A829 /* UIView+Constraints.swift in Sources */ = {isa = PBXBuildFile; fileRef = 0CFCB74A2A780EA80009A829 /* UIView+Constraints.swift */; };
		0CFCB74E2A7817DC0009A829 /* NftStorage.swift in Sources */ = {isa = PBXBuildFile; fileRef = 0CFCB74D2A7817DC0009A829 /* NftStorage.swift */; };
		31112FFC9F67C833A82853C1 /* libPods-FakeNFT.a in Frameworks */ = {isa = PBXBuildFile; fileRef = 9682A24B6A9D60C7EBD048DB /* libPods-FakeNFT.a */; };
		3F478ECF29DB474E00F6D39E /* Colors.swift in Sources */ = {isa = PBXBuildFile; fileRef = 3F478ECE29DB474E00F6D39E /* Colors.swift */; };
		3F478ED129DB476500F6D39E /* Fonts.swift in Sources */ = {isa = PBXBuildFile; fileRef = 3F478ED029DB476500F6D39E /* Fonts.swift */; };
		3F603CCD29DB4A53000C43D7 /* ProgressHUD in Frameworks */ = {isa = PBXBuildFile; productRef = 3F603CCC29DB4A53000C43D7 /* ProgressHUD */; };
		3F603CD029DB4A74000C43D7 /* Kingfisher in Frameworks */ = {isa = PBXBuildFile; productRef = 3F603CCF29DB4A74000C43D7 /* Kingfisher */; };
		3F68069729CBBAF100B4F915 /* AppDelegate.swift in Sources */ = {isa = PBXBuildFile; fileRef = 3F68069629CBBAF100B4F915 /* AppDelegate.swift */; };
		3F68069929CBBAF100B4F915 /* SceneDelegate.swift in Sources */ = {isa = PBXBuildFile; fileRef = 3F68069829CBBAF100B4F915 /* SceneDelegate.swift */; };
		3F68069B29CBBAF100B4F915 /* ProductDetailsTableViewController.swift in Sources */ = {isa = PBXBuildFile; fileRef = 3F68069A29CBBAF100B4F915 /* ProductDetailsTableViewController.swift */; };
		3F6806A029CBBAF200B4F915 /* Assets.xcassets in Resources */ = {isa = PBXBuildFile; fileRef = 3F68069F29CBBAF200B4F915 /* Assets.xcassets */; };
		3F6806A329CBBAF200B4F915 /* LaunchScreen.storyboard in Resources */ = {isa = PBXBuildFile; fileRef = 3F6806A129CBBAF200B4F915 /* LaunchScreen.storyboard */; };
		3F6806AE29CBBAF200B4F915 /* ExampleUnitTests.swift in Sources */ = {isa = PBXBuildFile; fileRef = 3F6806AD29CBBAF200B4F915 /* ExampleUnitTests.swift */; };
		3F6806B829CBBAF200B4F915 /* FakeNFTUITests.swift in Sources */ = {isa = PBXBuildFile; fileRef = 3F6806B729CBBAF200B4F915 /* FakeNFTUITests.swift */; };
		3F6806D129CBBE6B00B4F915 /* NetworkClient.swift in Sources */ = {isa = PBXBuildFile; fileRef = 3F6806D029CBBE6B00B4F915 /* NetworkClient.swift */; };
		3F6806D329CBBE9600B4F915 /* NetworkRequest.swift in Sources */ = {isa = PBXBuildFile; fileRef = 3F6806D229CBBE9600B4F915 /* NetworkRequest.swift */; };
		3F6806D529CBBEC700B4F915 /* NetworkTask.swift in Sources */ = {isa = PBXBuildFile; fileRef = 3F6806D429CBBEC700B4F915 /* NetworkTask.swift */; };
		3F6806D729CBC50A00B4F915 /* CellsReusingUtils.swift in Sources */ = {isa = PBXBuildFile; fileRef = 3F6806D629CBC50A00B4F915 /* CellsReusingUtils.swift */; };
		3FC8C38B29D242E90081F015 /* ProductDetailsTableViewCell.swift in Sources */ = {isa = PBXBuildFile; fileRef = 3FC8C38A29D242E90081F015 /* ProductDetailsTableViewCell.swift */; };
		3FC8C39129D2453B0081F015 /* ExampleRequest.swift in Sources */ = {isa = PBXBuildFile; fileRef = 3FC8C39029D2453B0081F015 /* ExampleRequest.swift */; };
		3FC8C39329D246BA0081F015 /* DateFormatters+Presets.swift in Sources */ = {isa = PBXBuildFile; fileRef = 3FC8C39229D246BA0081F015 /* DateFormatters+Presets.swift */; };
		5EE7BEE62BAA028400A32EC0 /* SplashAssembly.swift in Sources */ = {isa = PBXBuildFile; fileRef = 5EE7BEE52BAA028400A32EC0 /* SplashAssembly.swift */; };
		5EE7BEE82BAA028D00A32EC0 /* SplashViewController.swift in Sources */ = {isa = PBXBuildFile; fileRef = 5EE7BEE72BAA028D00A32EC0 /* SplashViewController.swift */; };
		5EE7BEEA2BAA029400A32EC0 /* SplashPresenter.swift in Sources */ = {isa = PBXBuildFile; fileRef = 5EE7BEE92BAA029400A32EC0 /* SplashPresenter.swift */; };
		5EE7BEEC2BAA029C00A32EC0 /* SplashRouter.swift in Sources */ = {isa = PBXBuildFile; fileRef = 5EE7BEEB2BAA029C00A32EC0 /* SplashRouter.swift */; };
		5EE7BEEE2BAA179800A32EC0 /* CatalogAssembly.swift in Sources */ = {isa = PBXBuildFile; fileRef = 5EE7BEED2BAA179800A32EC0 /* CatalogAssembly.swift */; };
		5EE7BEF02BAA17A200A32EC0 /* CatalogViewController.swift in Sources */ = {isa = PBXBuildFile; fileRef = 5EE7BEEF2BAA17A200A32EC0 /* CatalogViewController.swift */; };
		5EE7BEF22BAA17A800A32EC0 /* CatalogRouter.swift in Sources */ = {isa = PBXBuildFile; fileRef = 5EE7BEF12BAA17A800A32EC0 /* CatalogRouter.swift */; };
		5EE7BEF42BAA17B000A32EC0 /* CatalogPresenter.swift in Sources */ = {isa = PBXBuildFile; fileRef = 5EE7BEF32BAA17B000A32EC0 /* CatalogPresenter.swift */; };
		5EE7BEF92BAA19C700A32EC0 /* CartAssembly.swift in Sources */ = {isa = PBXBuildFile; fileRef = 5EE7BEF82BAA19C700A32EC0 /* CartAssembly.swift */; };
		5EE7BEFB2BAA19CF00A32EC0 /* CartViewController.swift in Sources */ = {isa = PBXBuildFile; fileRef = 5EE7BEFA2BAA19CF00A32EC0 /* CartViewController.swift */; };
		5EE7BEFD2BAA19D600A32EC0 /* CartPresenter.swift in Sources */ = {isa = PBXBuildFile; fileRef = 5EE7BEFC2BAA19D600A32EC0 /* CartPresenter.swift */; };
		5EE7BEFF2BAA19DD00A32EC0 /* CartRouter.swift in Sources */ = {isa = PBXBuildFile; fileRef = 5EE7BEFE2BAA19DD00A32EC0 /* CartRouter.swift */; };
		5EE7BF012BAA1A9300A32EC0 /* StatisticsAssembly.swift in Sources */ = {isa = PBXBuildFile; fileRef = 5EE7BF002BAA1A9300A32EC0 /* StatisticsAssembly.swift */; };
		5EE7BF032BAA1A9900A32EC0 /* StatisticsViewController.swift in Sources */ = {isa = PBXBuildFile; fileRef = 5EE7BF022BAA1A9900A32EC0 /* StatisticsViewController.swift */; };
		5EE7BF052BAA1A9F00A32EC0 /* StatisticsPresenter.swift in Sources */ = {isa = PBXBuildFile; fileRef = 5EE7BF042BAA1A9F00A32EC0 /* StatisticsPresenter.swift */; };
		5EE7BF072BAA1AA400A32EC0 /* StatisticsRouter.swift in Sources */ = {isa = PBXBuildFile; fileRef = 5EE7BF062BAA1AA400A32EC0 /* StatisticsRouter.swift */; };
		5EE7BF092BAA1B6600A32EC0 /* ProfileAssembly.swift in Sources */ = {isa = PBXBuildFile; fileRef = 5EE7BF082BAA1B6600A32EC0 /* ProfileAssembly.swift */; };
		5EE7BF0B2BAA1B6C00A32EC0 /* ProfileViewController.swift in Sources */ = {isa = PBXBuildFile; fileRef = 5EE7BF0A2BAA1B6C00A32EC0 /* ProfileViewController.swift */; };
		5EE7BF0D2BAA1B7300A32EC0 /* ProfilePresenter.swift in Sources */ = {isa = PBXBuildFile; fileRef = 5EE7BF0C2BAA1B7300A32EC0 /* ProfilePresenter.swift */; };
		5EE7BF0F2BAA1B7900A32EC0 /* ProfileRouter.swift in Sources */ = {isa = PBXBuildFile; fileRef = 5EE7BF0E2BAA1B7900A32EC0 /* ProfileRouter.swift */; };
		5EE7BF112BAA213600A32EC0 /* Localizable.strings in Resources */ = {isa = PBXBuildFile; fileRef = 5EE7BF132BAA213600A32EC0 /* Localizable.strings */; };
		5EE7BF182BAA218400A32EC0 /* Assets.swift in Sources */ = {isa = PBXBuildFile; fileRef = 5EE7BF162BAA218400A32EC0 /* Assets.swift */; };
		5EE7BF192BAA218400A32EC0 /* Localization.swift in Sources */ = {isa = PBXBuildFile; fileRef = 5EE7BF172BAA218400A32EC0 /* Localization.swift */; };
		5EE7BF1C2BAA223A00A32EC0 /* Bundle+Ext.swift in Sources */ = {isa = PBXBuildFile; fileRef = 5EE7BF1B2BAA223A00A32EC0 /* Bundle+Ext.swift */; };
		5EE7BF1E2BAA227A00A32EC0 /* StringGenerated.swift in Sources */ = {isa = PBXBuildFile; fileRef = 5EE7BF1D2BAA227A00A32EC0 /* StringGenerated.swift */; };
		7C31AE222BC3B12100C8226E /* UIBlockingProgressHUD.swift in Sources */ = {isa = PBXBuildFile; fileRef = 7C31AE212BC3B12100C8226E /* UIBlockingProgressHUD.swift */; };
		7C31AE242BC3DCE700C8226E /* NetworkConstants.swift in Sources */ = {isa = PBXBuildFile; fileRef = 7C31AE232BC3DCE700C8226E /* NetworkConstants.swift */; };
		7C31AE262BC5214000C8226E /* MockName.swift in Sources */ = {isa = PBXBuildFile; fileRef = 7C31AE252BC5214000C8226E /* MockName.swift */; };
		7C9833B82BB40DC300781151 /* ProfileFavoritesRouter.swift in Sources */ = {isa = PBXBuildFile; fileRef = 7C9833B72BB40DC300781151 /* ProfileFavoritesRouter.swift */; };
		7C9833BA2BB40E0D00781151 /* ProfileFavoritesAssembly.swift in Sources */ = {isa = PBXBuildFile; fileRef = 7C9833B92BB40E0D00781151 /* ProfileFavoritesAssembly.swift */; };
		7C9833BC2BB40E4A00781151 /* ProfileFavoritesPresenter.swift in Sources */ = {isa = PBXBuildFile; fileRef = 7C9833BB2BB40E4A00781151 /* ProfileFavoritesPresenter.swift */; };
		7C9833BE2BB40EB500781151 /* ProfileFavoritesViewController.swift in Sources */ = {isa = PBXBuildFile; fileRef = 7C9833BD2BB40EB500781151 /* ProfileFavoritesViewController.swift */; };
		7C9833C02BB4135300781151 /* ProfileFavoritesCollectionViewCell.swift in Sources */ = {isa = PBXBuildFile; fileRef = 7C9833BF2BB4135300781151 /* ProfileFavoritesCollectionViewCell.swift */; };
		7C9833C42BB4360D00781151 /* GeometricParamsCollectionView.swift in Sources */ = {isa = PBXBuildFile; fileRef = 7C9833C32BB4360D00781151 /* GeometricParamsCollectionView.swift */; };
		7C9833C72BB445BC00781151 /* ProfileUserWebViewPresenter.swift in Sources */ = {isa = PBXBuildFile; fileRef = 7C9833C62BB445BC00781151 /* ProfileUserWebViewPresenter.swift */; };
		7C9833C92BB445E900781151 /* ProfileUserWebViewAssembly.swift in Sources */ = {isa = PBXBuildFile; fileRef = 7C9833C82BB445E900781151 /* ProfileUserWebViewAssembly.swift */; };
		7C9833CB2BB4460A00781151 /* ProfileUserWebViewViewController.swift in Sources */ = {isa = PBXBuildFile; fileRef = 7C9833CA2BB4460A00781151 /* ProfileUserWebViewViewController.swift */; };
		7C9833CD2BB44E7E00781151 /* ProfileViewModel.swift in Sources */ = {isa = PBXBuildFile; fileRef = 7C9833CC2BB44E7E00781151 /* ProfileViewModel.swift */; };
		7C9834012BBBECAF00781151 /* ProfileMyNFT.swift in Sources */ = {isa = PBXBuildFile; fileRef = 7C9833FF2BBBECAE00781151 /* ProfileMyNFT.swift */; };
		7C9834022BBBECAF00781151 /* Profile.swift in Sources */ = {isa = PBXBuildFile; fileRef = 7C9834002BBBECAF00781151 /* Profile.swift */; };
		7C9834052BBBECED00781151 /* ProfileRequest.swift in Sources */ = {isa = PBXBuildFile; fileRef = 7C9834042BBBECED00781151 /* ProfileRequest.swift */; };
		7C98340A2BBBED1900781151 /* ProfileService.swift in Sources */ = {isa = PBXBuildFile; fileRef = 7C9834072BBBED1900781151 /* ProfileService.swift */; };
		7C98340C2BBBED1900781151 /* ProfileNFTServices.swift in Sources */ = {isa = PBXBuildFile; fileRef = 7C9834092BBBED1900781151 /* ProfileNFTServices.swift */; };
		7C98340E2BBD431B00781151 /* ProfileUpdateRequest.swift in Sources */ = {isa = PBXBuildFile; fileRef = 7C98340D2BBD431B00781151 /* ProfileUpdateRequest.swift */; };
		7C9834102BBEC9A200781151 /* ObserverProtocol.swift in Sources */ = {isa = PBXBuildFile; fileRef = 7C98340F2BBEC9A200781151 /* ObserverProtocol.swift */; };
		E19CD5AB2A98B56600CA39A5 /* NftImageCollectionViewCell.swift in Sources */ = {isa = PBXBuildFile; fileRef = E19CD5AA2A98B56600CA39A5 /* NftImageCollectionViewCell.swift */; };
		E1A1B9DA2AA01CE400C3AFBC /* TabBarController.swift in Sources */ = {isa = PBXBuildFile; fileRef = E1A1B9D92AA01CE400C3AFBC /* TabBarController.swift */; };
		EA97C5AF2BADF1F9003B6A81 /* ProfileButtonFactoryProtocol.swift in Sources */ = {isa = PBXBuildFile; fileRef = EA97C5AE2BADF1F9003B6A81 /* ProfileButtonFactoryProtocol.swift */; };
		EA97C5B22BADF242003B6A81 /* ProfileButtonFactory.swift in Sources */ = {isa = PBXBuildFile; fileRef = EA97C5B12BADF242003B6A81 /* ProfileButtonFactory.swift */; };
		EA97C5B42BAEB00D003B6A81 /* RouterCases.swift in Sources */ = {isa = PBXBuildFile; fileRef = EA97C5B32BAEB00D003B6A81 /* RouterCases.swift */; };
		EA97C5B62BB075AF003B6A81 /* ProfileViewTableViewCell.swift in Sources */ = {isa = PBXBuildFile; fileRef = EA97C5B52BB075AF003B6A81 /* ProfileViewTableViewCell.swift */; };
		EA97C5BB2BB1D4BC003B6A81 /* ProfileEditViewController.swift in Sources */ = {isa = PBXBuildFile; fileRef = EA97C5BA2BB1D4BB003B6A81 /* ProfileEditViewController.swift */; };
		EA97C5BF2BB1D5D8003B6A81 /* ProfileEditPresenter.swift in Sources */ = {isa = PBXBuildFile; fileRef = EA97C5BE2BB1D5D8003B6A81 /* ProfileEditPresenter.swift */; };
		EA97C5C12BB1DB50003B6A81 /* ProfileEditAssembly.swift in Sources */ = {isa = PBXBuildFile; fileRef = EA97C5C02BB1DB50003B6A81 /* ProfileEditAssembly.swift */; };
		EA97C5C32BB1E3DE003B6A81 /* ProfileEditRouter.swift in Sources */ = {isa = PBXBuildFile; fileRef = EA97C5C22BB1E3DE003B6A81 /* ProfileEditRouter.swift */; };
		EA97C5C52BB2BEE2003B6A81 /* Extension+TextField.swift in Sources */ = {isa = PBXBuildFile; fileRef = EA97C5C42BB2BEE2003B6A81 /* Extension+TextField.swift */; };
		EA97C5C82BB2D8F6003B6A81 /* ProfileMyNFTViewController.swift in Sources */ = {isa = PBXBuildFile; fileRef = EA97C5C72BB2D8F6003B6A81 /* ProfileMyNFTViewController.swift */; };
		EA97C5CA2BB2D90D003B6A81 /* ProfileMyNFTPresenter.swift in Sources */ = {isa = PBXBuildFile; fileRef = EA97C5C92BB2D90D003B6A81 /* ProfileMyNFTPresenter.swift */; };
		EA97C5CC2BB2D923003B6A81 /* ProfileMyNFTAssembly.swift in Sources */ = {isa = PBXBuildFile; fileRef = EA97C5CB2BB2D923003B6A81 /* ProfileMyNFTAssembly.swift */; };
		EA97C5CE2BB2D932003B6A81 /* ProfileMyNFTRouter.swift in Sources */ = {isa = PBXBuildFile; fileRef = EA97C5CD2BB2D932003B6A81 /* ProfileMyNFTRouter.swift */; };
		EA97C5D12BB2FFB0003B6A81 /* MyNFTViewModel.swift in Sources */ = {isa = PBXBuildFile; fileRef = EA97C5D02BB2FFB0003B6A81 /* MyNFTViewModel.swift */; };
		EA97C5D32BB30E23003B6A81 /* ProfileMyNFTTableViewCell.swift in Sources */ = {isa = PBXBuildFile; fileRef = EA97C5D22BB30E23003B6A81 /* ProfileMyNFTTableViewCell.swift */; };
		EA97C5D52BB34746003B6A81 /* RatingStarsView.swift in Sources */ = {isa = PBXBuildFile; fileRef = EA97C5D42BB34746003B6A81 /* RatingStarsView.swift */; };
/* End PBXBuildFile section */

/* Begin PBXContainerItemProxy section */
		3F6806AA29CBBAF200B4F915 /* PBXContainerItemProxy */ = {
			isa = PBXContainerItemProxy;
			containerPortal = 3F68068B29CBBAF100B4F915 /* Project object */;
			proxyType = 1;
			remoteGlobalIDString = 3F68069229CBBAF100B4F915;
			remoteInfo = FakeNFT;
		};
		3F6806B429CBBAF200B4F915 /* PBXContainerItemProxy */ = {
			isa = PBXContainerItemProxy;
			containerPortal = 3F68068B29CBBAF100B4F915 /* Project object */;
			proxyType = 1;
			remoteGlobalIDString = 3F68069229CBBAF100B4F915;
			remoteInfo = FakeNFT;
		};
/* End PBXContainerItemProxy section */

/* Begin PBXFileReference section */
		0C79EE602A76DCD600EE90EA /* NftRequest.swift */ = {isa = PBXFileReference; lastKnownFileType = sourcecode.swift; path = NftRequest.swift; sourceTree = "<group>"; };
		0C79EE622A76DD1900EE90EA /* RequestConstants.swift */ = {isa = PBXFileReference; lastKnownFileType = sourcecode.swift; path = RequestConstants.swift; sourceTree = "<group>"; };
		0C79EE652A76DDFF00EE90EA /* NftDetailViewController.swift */ = {isa = PBXFileReference; lastKnownFileType = sourcecode.swift; path = NftDetailViewController.swift; sourceTree = "<group>"; };
		0C79EE672A76DE0900EE90EA /* NftDetailPresenter.swift */ = {isa = PBXFileReference; lastKnownFileType = sourcecode.swift; path = NftDetailPresenter.swift; sourceTree = "<group>"; };
		0C79EE692A76DE1000EE90EA /* NftDetailAssembly.swift */ = {isa = PBXFileReference; lastKnownFileType = sourcecode.swift; path = NftDetailAssembly.swift; sourceTree = "<group>"; };
		0C79EE6B2A76DE2E00EE90EA /* ServicesAssemly.swift */ = {isa = PBXFileReference; lastKnownFileType = sourcecode.swift; path = ServicesAssemly.swift; sourceTree = "<group>"; };
		0CF2C2DA2A783C1B00FDC837 /* LoadingView.swift */ = {isa = PBXFileReference; lastKnownFileType = sourcecode.swift; path = LoadingView.swift; sourceTree = "<group>"; };
		0CF2C2DC2A783CE600FDC837 /* ErrorView.swift */ = {isa = PBXFileReference; lastKnownFileType = sourcecode.swift; path = ErrorView.swift; sourceTree = "<group>"; };
		0CF2C2E02A784C7000FDC837 /* LinePageControl.swift */ = {isa = PBXFileReference; lastKnownFileType = sourcecode.swift; path = LinePageControl.swift; sourceTree = "<group>"; };
		0CFCB73F2A78002A0009A829 /* NftService.swift */ = {isa = PBXFileReference; lastKnownFileType = sourcecode.swift; path = NftService.swift; sourceTree = "<group>"; };
		0CFCB7412A78013E0009A829 /* Nft.swift */ = {isa = PBXFileReference; lastKnownFileType = sourcecode.swift; path = Nft.swift; sourceTree = "<group>"; };
		0CFCB7432A7802440009A829 /* NftDetailInput.swift */ = {isa = PBXFileReference; lastKnownFileType = sourcecode.swift; path = NftDetailInput.swift; sourceTree = "<group>"; };
		0CFCB7452A78064B0009A829 /* NftDetailCellModel.swift */ = {isa = PBXFileReference; lastKnownFileType = sourcecode.swift; path = NftDetailCellModel.swift; sourceTree = "<group>"; };
		0CFCB74A2A780EA80009A829 /* UIView+Constraints.swift */ = {isa = PBXFileReference; lastKnownFileType = sourcecode.swift; path = "UIView+Constraints.swift"; sourceTree = "<group>"; };
		0CFCB74D2A7817DC0009A829 /* NftStorage.swift */ = {isa = PBXFileReference; lastKnownFileType = sourcecode.swift; path = NftStorage.swift; sourceTree = "<group>"; };
		3F478ECE29DB474E00F6D39E /* Colors.swift */ = {isa = PBXFileReference; lastKnownFileType = sourcecode.swift; path = Colors.swift; sourceTree = "<group>"; };
		3F478ED029DB476500F6D39E /* Fonts.swift */ = {isa = PBXFileReference; lastKnownFileType = sourcecode.swift; path = Fonts.swift; sourceTree = "<group>"; };
		3F68069329CBBAF100B4F915 /* FakeNFT.app */ = {isa = PBXFileReference; explicitFileType = wrapper.application; includeInIndex = 0; path = FakeNFT.app; sourceTree = BUILT_PRODUCTS_DIR; };
		3F68069629CBBAF100B4F915 /* AppDelegate.swift */ = {isa = PBXFileReference; lastKnownFileType = sourcecode.swift; path = AppDelegate.swift; sourceTree = "<group>"; };
		3F68069829CBBAF100B4F915 /* SceneDelegate.swift */ = {isa = PBXFileReference; lastKnownFileType = sourcecode.swift; path = SceneDelegate.swift; sourceTree = "<group>"; };
		3F68069A29CBBAF100B4F915 /* ProductDetailsTableViewController.swift */ = {isa = PBXFileReference; lastKnownFileType = sourcecode.swift; path = ProductDetailsTableViewController.swift; sourceTree = "<group>"; };
		3F68069F29CBBAF200B4F915 /* Assets.xcassets */ = {isa = PBXFileReference; lastKnownFileType = folder.assetcatalog; path = Assets.xcassets; sourceTree = "<group>"; };
		3F6806A229CBBAF200B4F915 /* Base */ = {isa = PBXFileReference; lastKnownFileType = file.storyboard; name = Base; path = Base.lproj/LaunchScreen.storyboard; sourceTree = "<group>"; };
		3F6806A429CBBAF200B4F915 /* Info.plist */ = {isa = PBXFileReference; lastKnownFileType = text.plist.xml; path = Info.plist; sourceTree = "<group>"; };
		3F6806A929CBBAF200B4F915 /* FakeNFTTests.xctest */ = {isa = PBXFileReference; explicitFileType = wrapper.cfbundle; includeInIndex = 0; path = FakeNFTTests.xctest; sourceTree = BUILT_PRODUCTS_DIR; };
		3F6806AD29CBBAF200B4F915 /* ExampleUnitTests.swift */ = {isa = PBXFileReference; lastKnownFileType = sourcecode.swift; path = ExampleUnitTests.swift; sourceTree = "<group>"; };
		3F6806B329CBBAF200B4F915 /* FakeNFTUITests.xctest */ = {isa = PBXFileReference; explicitFileType = wrapper.cfbundle; includeInIndex = 0; path = FakeNFTUITests.xctest; sourceTree = BUILT_PRODUCTS_DIR; };
		3F6806B729CBBAF200B4F915 /* FakeNFTUITests.swift */ = {isa = PBXFileReference; lastKnownFileType = sourcecode.swift; path = FakeNFTUITests.swift; sourceTree = "<group>"; };
		3F6806D029CBBE6B00B4F915 /* NetworkClient.swift */ = {isa = PBXFileReference; lastKnownFileType = sourcecode.swift; path = NetworkClient.swift; sourceTree = "<group>"; };
		3F6806D229CBBE9600B4F915 /* NetworkRequest.swift */ = {isa = PBXFileReference; lastKnownFileType = sourcecode.swift; path = NetworkRequest.swift; sourceTree = "<group>"; };
		3F6806D429CBBEC700B4F915 /* NetworkTask.swift */ = {isa = PBXFileReference; lastKnownFileType = sourcecode.swift; path = NetworkTask.swift; sourceTree = "<group>"; };
		3F6806D629CBC50A00B4F915 /* CellsReusingUtils.swift */ = {isa = PBXFileReference; lastKnownFileType = sourcecode.swift; path = CellsReusingUtils.swift; sourceTree = "<group>"; };
		3FC8C38A29D242E90081F015 /* ProductDetailsTableViewCell.swift */ = {isa = PBXFileReference; lastKnownFileType = sourcecode.swift; path = ProductDetailsTableViewCell.swift; sourceTree = "<group>"; };
		3FC8C39029D2453B0081F015 /* ExampleRequest.swift */ = {isa = PBXFileReference; lastKnownFileType = sourcecode.swift; path = ExampleRequest.swift; sourceTree = "<group>"; };
		3FC8C39229D246BA0081F015 /* DateFormatters+Presets.swift */ = {isa = PBXFileReference; lastKnownFileType = sourcecode.swift; path = "DateFormatters+Presets.swift"; sourceTree = "<group>"; };
		5EE7BEE52BAA028400A32EC0 /* SplashAssembly.swift */ = {isa = PBXFileReference; lastKnownFileType = sourcecode.swift; path = SplashAssembly.swift; sourceTree = "<group>"; };
		5EE7BEE72BAA028D00A32EC0 /* SplashViewController.swift */ = {isa = PBXFileReference; lastKnownFileType = sourcecode.swift; path = SplashViewController.swift; sourceTree = "<group>"; };
		5EE7BEE92BAA029400A32EC0 /* SplashPresenter.swift */ = {isa = PBXFileReference; lastKnownFileType = sourcecode.swift; path = SplashPresenter.swift; sourceTree = "<group>"; };
		5EE7BEEB2BAA029C00A32EC0 /* SplashRouter.swift */ = {isa = PBXFileReference; lastKnownFileType = sourcecode.swift; path = SplashRouter.swift; sourceTree = "<group>"; };
		5EE7BEED2BAA179800A32EC0 /* CatalogAssembly.swift */ = {isa = PBXFileReference; lastKnownFileType = sourcecode.swift; path = CatalogAssembly.swift; sourceTree = "<group>"; };
		5EE7BEEF2BAA17A200A32EC0 /* CatalogViewController.swift */ = {isa = PBXFileReference; lastKnownFileType = sourcecode.swift; path = CatalogViewController.swift; sourceTree = "<group>"; };
		5EE7BEF12BAA17A800A32EC0 /* CatalogRouter.swift */ = {isa = PBXFileReference; lastKnownFileType = sourcecode.swift; path = CatalogRouter.swift; sourceTree = "<group>"; };
		5EE7BEF32BAA17B000A32EC0 /* CatalogPresenter.swift */ = {isa = PBXFileReference; lastKnownFileType = sourcecode.swift; path = CatalogPresenter.swift; sourceTree = "<group>"; };
		5EE7BEF82BAA19C700A32EC0 /* CartAssembly.swift */ = {isa = PBXFileReference; lastKnownFileType = sourcecode.swift; path = CartAssembly.swift; sourceTree = "<group>"; };
		5EE7BEFA2BAA19CF00A32EC0 /* CartViewController.swift */ = {isa = PBXFileReference; lastKnownFileType = sourcecode.swift; path = CartViewController.swift; sourceTree = "<group>"; };
		5EE7BEFC2BAA19D600A32EC0 /* CartPresenter.swift */ = {isa = PBXFileReference; lastKnownFileType = sourcecode.swift; path = CartPresenter.swift; sourceTree = "<group>"; };
		5EE7BEFE2BAA19DD00A32EC0 /* CartRouter.swift */ = {isa = PBXFileReference; lastKnownFileType = sourcecode.swift; path = CartRouter.swift; sourceTree = "<group>"; };
		5EE7BF002BAA1A9300A32EC0 /* StatisticsAssembly.swift */ = {isa = PBXFileReference; lastKnownFileType = sourcecode.swift; path = StatisticsAssembly.swift; sourceTree = "<group>"; };
		5EE7BF022BAA1A9900A32EC0 /* StatisticsViewController.swift */ = {isa = PBXFileReference; lastKnownFileType = sourcecode.swift; path = StatisticsViewController.swift; sourceTree = "<group>"; };
		5EE7BF042BAA1A9F00A32EC0 /* StatisticsPresenter.swift */ = {isa = PBXFileReference; lastKnownFileType = sourcecode.swift; path = StatisticsPresenter.swift; sourceTree = "<group>"; };
		5EE7BF062BAA1AA400A32EC0 /* StatisticsRouter.swift */ = {isa = PBXFileReference; lastKnownFileType = sourcecode.swift; path = StatisticsRouter.swift; sourceTree = "<group>"; };
		5EE7BF082BAA1B6600A32EC0 /* ProfileAssembly.swift */ = {isa = PBXFileReference; lastKnownFileType = sourcecode.swift; path = ProfileAssembly.swift; sourceTree = "<group>"; };
		5EE7BF0A2BAA1B6C00A32EC0 /* ProfileViewController.swift */ = {isa = PBXFileReference; lastKnownFileType = sourcecode.swift; path = ProfileViewController.swift; sourceTree = "<group>"; };
		5EE7BF0C2BAA1B7300A32EC0 /* ProfilePresenter.swift */ = {isa = PBXFileReference; lastKnownFileType = sourcecode.swift; path = ProfilePresenter.swift; sourceTree = "<group>"; };
		5EE7BF0E2BAA1B7900A32EC0 /* ProfileRouter.swift */ = {isa = PBXFileReference; lastKnownFileType = sourcecode.swift; path = ProfileRouter.swift; sourceTree = "<group>"; };
		5EE7BF122BAA213600A32EC0 /* ru */ = {isa = PBXFileReference; lastKnownFileType = text.plist.strings; name = ru; path = ru.lproj/Localizable.strings; sourceTree = "<group>"; };
		5EE7BF142BAA213A00A32EC0 /* en */ = {isa = PBXFileReference; lastKnownFileType = text.plist.strings; name = en; path = en.lproj/Localizable.strings; sourceTree = "<group>"; };
		5EE7BF162BAA218400A32EC0 /* Assets.swift */ = {isa = PBXFileReference; fileEncoding = 4; lastKnownFileType = sourcecode.swift; path = Assets.swift; sourceTree = "<group>"; };
		5EE7BF172BAA218400A32EC0 /* Localization.swift */ = {isa = PBXFileReference; fileEncoding = 4; lastKnownFileType = sourcecode.swift; path = Localization.swift; sourceTree = "<group>"; };
		5EE7BF1B2BAA223A00A32EC0 /* Bundle+Ext.swift */ = {isa = PBXFileReference; lastKnownFileType = sourcecode.swift; path = "Bundle+Ext.swift"; sourceTree = "<group>"; };
		5EE7BF1D2BAA227A00A32EC0 /* StringGenerated.swift */ = {isa = PBXFileReference; lastKnownFileType = sourcecode.swift; path = StringGenerated.swift; sourceTree = "<group>"; };
		7C31AE212BC3B12100C8226E /* UIBlockingProgressHUD.swift */ = {isa = PBXFileReference; lastKnownFileType = sourcecode.swift; path = UIBlockingProgressHUD.swift; sourceTree = "<group>"; };
		7C31AE232BC3DCE700C8226E /* NetworkConstants.swift */ = {isa = PBXFileReference; lastKnownFileType = sourcecode.swift; path = NetworkConstants.swift; sourceTree = "<group>"; };
		7C31AE252BC5214000C8226E /* MockName.swift */ = {isa = PBXFileReference; lastKnownFileType = sourcecode.swift; path = MockName.swift; sourceTree = "<group>"; };
		7C9833B72BB40DC300781151 /* ProfileFavoritesRouter.swift */ = {isa = PBXFileReference; fileEncoding = 4; lastKnownFileType = sourcecode.swift; path = ProfileFavoritesRouter.swift; sourceTree = "<group>"; };
		7C9833B92BB40E0D00781151 /* ProfileFavoritesAssembly.swift */ = {isa = PBXFileReference; lastKnownFileType = sourcecode.swift; path = ProfileFavoritesAssembly.swift; sourceTree = "<group>"; };
		7C9833BB2BB40E4A00781151 /* ProfileFavoritesPresenter.swift */ = {isa = PBXFileReference; lastKnownFileType = sourcecode.swift; path = ProfileFavoritesPresenter.swift; sourceTree = "<group>"; };
		7C9833BD2BB40EB500781151 /* ProfileFavoritesViewController.swift */ = {isa = PBXFileReference; lastKnownFileType = sourcecode.swift; path = ProfileFavoritesViewController.swift; sourceTree = "<group>"; };
		7C9833BF2BB4135300781151 /* ProfileFavoritesCollectionViewCell.swift */ = {isa = PBXFileReference; lastKnownFileType = sourcecode.swift; path = ProfileFavoritesCollectionViewCell.swift; sourceTree = "<group>"; };
		7C9833C32BB4360D00781151 /* GeometricParamsCollectionView.swift */ = {isa = PBXFileReference; lastKnownFileType = sourcecode.swift; path = GeometricParamsCollectionView.swift; sourceTree = "<group>"; };
		7C9833C62BB445BC00781151 /* ProfileUserWebViewPresenter.swift */ = {isa = PBXFileReference; lastKnownFileType = sourcecode.swift; path = ProfileUserWebViewPresenter.swift; sourceTree = "<group>"; };
		7C9833C82BB445E900781151 /* ProfileUserWebViewAssembly.swift */ = {isa = PBXFileReference; lastKnownFileType = sourcecode.swift; path = ProfileUserWebViewAssembly.swift; sourceTree = "<group>"; };
		7C9833CA2BB4460A00781151 /* ProfileUserWebViewViewController.swift */ = {isa = PBXFileReference; lastKnownFileType = sourcecode.swift; path = ProfileUserWebViewViewController.swift; sourceTree = "<group>"; };
		7C9833CC2BB44E7E00781151 /* ProfileViewModel.swift */ = {isa = PBXFileReference; lastKnownFileType = sourcecode.swift; path = ProfileViewModel.swift; sourceTree = "<group>"; };
		7C9833FF2BBBECAE00781151 /* ProfileMyNFT.swift */ = {isa = PBXFileReference; fileEncoding = 4; lastKnownFileType = sourcecode.swift; path = ProfileMyNFT.swift; sourceTree = "<group>"; };
		7C9834002BBBECAF00781151 /* Profile.swift */ = {isa = PBXFileReference; fileEncoding = 4; lastKnownFileType = sourcecode.swift; path = Profile.swift; sourceTree = "<group>"; };
		7C9834042BBBECED00781151 /* ProfileRequest.swift */ = {isa = PBXFileReference; fileEncoding = 4; lastKnownFileType = sourcecode.swift; path = ProfileRequest.swift; sourceTree = "<group>"; };
		7C9834072BBBED1900781151 /* ProfileService.swift */ = {isa = PBXFileReference; fileEncoding = 4; lastKnownFileType = sourcecode.swift; path = ProfileService.swift; sourceTree = "<group>"; };
		7C9834092BBBED1900781151 /* ProfileNFTServices.swift */ = {isa = PBXFileReference; fileEncoding = 4; lastKnownFileType = sourcecode.swift; path = ProfileNFTServices.swift; sourceTree = "<group>"; };
		7C98340D2BBD431B00781151 /* ProfileUpdateRequest.swift */ = {isa = PBXFileReference; lastKnownFileType = sourcecode.swift; path = ProfileUpdateRequest.swift; sourceTree = "<group>"; };
		7C98340F2BBEC9A200781151 /* ObserverProtocol.swift */ = {isa = PBXFileReference; lastKnownFileType = sourcecode.swift; path = ObserverProtocol.swift; sourceTree = "<group>"; };
		9682A24B6A9D60C7EBD048DB /* libPods-FakeNFT.a */ = {isa = PBXFileReference; explicitFileType = archive.ar; includeInIndex = 0; path = "libPods-FakeNFT.a"; sourceTree = BUILT_PRODUCTS_DIR; };
		C23EEC135AE7060A5EC11213 /* Pods-FakeNFT.release.xcconfig */ = {isa = PBXFileReference; includeInIndex = 1; lastKnownFileType = text.xcconfig; name = "Pods-FakeNFT.release.xcconfig"; path = "Target Support Files/Pods-FakeNFT/Pods-FakeNFT.release.xcconfig"; sourceTree = "<group>"; };
		E19CD5AA2A98B56600CA39A5 /* NftImageCollectionViewCell.swift */ = {isa = PBXFileReference; lastKnownFileType = sourcecode.swift; path = NftImageCollectionViewCell.swift; sourceTree = "<group>"; };
		E1A1B9D92AA01CE400C3AFBC /* TabBarController.swift */ = {isa = PBXFileReference; lastKnownFileType = sourcecode.swift; path = TabBarController.swift; sourceTree = "<group>"; };
		E1CD40D92A96BE7D00BE7FE8 /* ru */ = {isa = PBXFileReference; lastKnownFileType = text.plist.strings; name = ru; path = ru.lproj/LaunchScreen.strings; sourceTree = "<group>"; };
		E6370B2CCA02D1136D7C178F /* Pods-FakeNFT.debug.xcconfig */ = {isa = PBXFileReference; includeInIndex = 1; lastKnownFileType = text.xcconfig; name = "Pods-FakeNFT.debug.xcconfig"; path = "Target Support Files/Pods-FakeNFT/Pods-FakeNFT.debug.xcconfig"; sourceTree = "<group>"; };
		EA97C5AE2BADF1F9003B6A81 /* ProfileButtonFactoryProtocol.swift */ = {isa = PBXFileReference; lastKnownFileType = sourcecode.swift; path = ProfileButtonFactoryProtocol.swift; sourceTree = "<group>"; };
		EA97C5B12BADF242003B6A81 /* ProfileButtonFactory.swift */ = {isa = PBXFileReference; lastKnownFileType = sourcecode.swift; path = ProfileButtonFactory.swift; sourceTree = "<group>"; };
		EA97C5B32BAEB00D003B6A81 /* RouterCases.swift */ = {isa = PBXFileReference; lastKnownFileType = sourcecode.swift; path = RouterCases.swift; sourceTree = "<group>"; };
		EA97C5B52BB075AF003B6A81 /* ProfileViewTableViewCell.swift */ = {isa = PBXFileReference; lastKnownFileType = sourcecode.swift; path = ProfileViewTableViewCell.swift; sourceTree = "<group>"; };
		EA97C5BA2BB1D4BB003B6A81 /* ProfileEditViewController.swift */ = {isa = PBXFileReference; lastKnownFileType = sourcecode.swift; path = ProfileEditViewController.swift; sourceTree = "<group>"; };
		EA97C5BE2BB1D5D8003B6A81 /* ProfileEditPresenter.swift */ = {isa = PBXFileReference; lastKnownFileType = sourcecode.swift; path = ProfileEditPresenter.swift; sourceTree = "<group>"; };
		EA97C5C02BB1DB50003B6A81 /* ProfileEditAssembly.swift */ = {isa = PBXFileReference; lastKnownFileType = sourcecode.swift; path = ProfileEditAssembly.swift; sourceTree = "<group>"; };
		EA97C5C22BB1E3DE003B6A81 /* ProfileEditRouter.swift */ = {isa = PBXFileReference; lastKnownFileType = sourcecode.swift; path = ProfileEditRouter.swift; sourceTree = "<group>"; };
		EA97C5C42BB2BEE2003B6A81 /* Extension+TextField.swift */ = {isa = PBXFileReference; lastKnownFileType = sourcecode.swift; path = "Extension+TextField.swift"; sourceTree = "<group>"; };
		EA97C5C72BB2D8F6003B6A81 /* ProfileMyNFTViewController.swift */ = {isa = PBXFileReference; lastKnownFileType = sourcecode.swift; path = ProfileMyNFTViewController.swift; sourceTree = "<group>"; };
		EA97C5C92BB2D90D003B6A81 /* ProfileMyNFTPresenter.swift */ = {isa = PBXFileReference; lastKnownFileType = sourcecode.swift; path = ProfileMyNFTPresenter.swift; sourceTree = "<group>"; };
		EA97C5CB2BB2D923003B6A81 /* ProfileMyNFTAssembly.swift */ = {isa = PBXFileReference; lastKnownFileType = sourcecode.swift; path = ProfileMyNFTAssembly.swift; sourceTree = "<group>"; };
		EA97C5CD2BB2D932003B6A81 /* ProfileMyNFTRouter.swift */ = {isa = PBXFileReference; lastKnownFileType = sourcecode.swift; path = ProfileMyNFTRouter.swift; sourceTree = "<group>"; };
		EA97C5D02BB2FFB0003B6A81 /* MyNFTViewModel.swift */ = {isa = PBXFileReference; lastKnownFileType = sourcecode.swift; path = MyNFTViewModel.swift; sourceTree = "<group>"; };
		EA97C5D22BB30E23003B6A81 /* ProfileMyNFTTableViewCell.swift */ = {isa = PBXFileReference; lastKnownFileType = sourcecode.swift; path = ProfileMyNFTTableViewCell.swift; sourceTree = "<group>"; };
		EA97C5D42BB34746003B6A81 /* RatingStarsView.swift */ = {isa = PBXFileReference; lastKnownFileType = sourcecode.swift; path = RatingStarsView.swift; sourceTree = "<group>"; };
/* End PBXFileReference section */

/* Begin PBXFrameworksBuildPhase section */
		3F68069029CBBAF100B4F915 /* Frameworks */ = {
			isa = PBXFrameworksBuildPhase;
			buildActionMask = 2147483647;
			files = (
				3F603CD029DB4A74000C43D7 /* Kingfisher in Frameworks */,
				3F603CCD29DB4A53000C43D7 /* ProgressHUD in Frameworks */,
				31112FFC9F67C833A82853C1 /* libPods-FakeNFT.a in Frameworks */,
			);
			runOnlyForDeploymentPostprocessing = 0;
		};
		3F6806A629CBBAF200B4F915 /* Frameworks */ = {
			isa = PBXFrameworksBuildPhase;
			buildActionMask = 2147483647;
			files = (
			);
			runOnlyForDeploymentPostprocessing = 0;
		};
		3F6806B029CBBAF200B4F915 /* Frameworks */ = {
			isa = PBXFrameworksBuildPhase;
			buildActionMask = 2147483647;
			files = (
			);
			runOnlyForDeploymentPostprocessing = 0;
		};
/* End PBXFrameworksBuildPhase section */

/* Begin PBXGroup section */
		0C79EE642A76DDCF00EE90EA /* NftDetails */ = {
			isa = PBXGroup;
			children = (
				E19CD5A92A98B55900CA39A5 /* Cell */,
				0C79EE652A76DDFF00EE90EA /* NftDetailViewController.swift */,
				0C79EE672A76DE0900EE90EA /* NftDetailPresenter.swift */,
				0C79EE692A76DE1000EE90EA /* NftDetailAssembly.swift */,
				0CFCB7432A7802440009A829 /* NftDetailInput.swift */,
			);
			path = NftDetails;
			sourceTree = "<group>";
		};
		0CF2C2D92A783C1600FDC837 /* Common */ = {
			isa = PBXGroup;
			children = (
				0CF2C2DF2A784C5600FDC837 /* Views */,
				0CF2C2DE2A784C4C00FDC837 /* Protocols */,
			);
			path = Common;
			sourceTree = "<group>";
		};
		0CF2C2DE2A784C4C00FDC837 /* Protocols */ = {
			isa = PBXGroup;
			children = (
				0CF2C2DA2A783C1B00FDC837 /* LoadingView.swift */,
				0CF2C2DC2A783CE600FDC837 /* ErrorView.swift */,
			);
			path = Protocols;
			sourceTree = "<group>";
		};
		0CF2C2DF2A784C5600FDC837 /* Views */ = {
			isa = PBXGroup;
			children = (
				0CF2C2E02A784C7000FDC837 /* LinePageControl.swift */,
			);
			path = Views;
			sourceTree = "<group>";
		};
		0CFCB7472A7808870009A829 /* Catalog */ = {
			isa = PBXGroup;
			children = (
				3F6806C829CBBC8100B4F915 /* ProductDetails */,
				0C79EE642A76DDCF00EE90EA /* NftDetails */,
				5EE7BEED2BAA179800A32EC0 /* CatalogAssembly.swift */,
				5EE7BEEF2BAA17A200A32EC0 /* CatalogViewController.swift */,
				5EE7BEF32BAA17B000A32EC0 /* CatalogPresenter.swift */,
				5EE7BEF12BAA17A800A32EC0 /* CatalogRouter.swift */,
			);
			path = Catalog;
			sourceTree = "<group>";
		};
		0CFCB74C2A7817C30009A829 /* MemoryStorage */ = {
			isa = PBXGroup;
			children = (
				0CFCB74D2A7817DC0009A829 /* NftStorage.swift */,
			);
			path = MemoryStorage;
			sourceTree = "<group>";
		};
		1B44CA3FD5EF006C268E732B /* Frameworks */ = {
			isa = PBXGroup;
			children = (
				9682A24B6A9D60C7EBD048DB /* libPods-FakeNFT.a */,
			);
			name = Frameworks;
			sourceTree = "<group>";
		};
		3F478ECD29DB473000F6D39E /* DesignSystem */ = {
			isa = PBXGroup;
			children = (
				3F478ECE29DB474E00F6D39E /* Colors.swift */,
				3F478ED029DB476500F6D39E /* Fonts.swift */,
			);
			path = DesignSystem;
			sourceTree = "<group>";
		};
		3F68068A29CBBAF100B4F915 = {
			isa = PBXGroup;
			children = (
				3F68069529CBBAF100B4F915 /* FakeNFT */,
				3F6806AC29CBBAF200B4F915 /* FakeNFTTests */,
				3F6806B629CBBAF200B4F915 /* FakeNFTUITests */,
				3F68069429CBBAF100B4F915 /* Products */,
				69BD3A8DEB1E9B54A54CCF48 /* Pods */,
				1B44CA3FD5EF006C268E732B /* Frameworks */,
			);
			sourceTree = "<group>";
		};
		3F68069429CBBAF100B4F915 /* Products */ = {
			isa = PBXGroup;
			children = (
				3F68069329CBBAF100B4F915 /* FakeNFT.app */,
				3F6806A929CBBAF200B4F915 /* FakeNFTTests.xctest */,
				3F6806B329CBBAF200B4F915 /* FakeNFTUITests.xctest */,
			);
			name = Products;
			sourceTree = "<group>";
		};
		3F68069529CBBAF100B4F915 /* FakeNFT */ = {
			isa = PBXGroup;
			children = (
				3F68069629CBBAF100B4F915 /* AppDelegate.swift */,
				3F68069829CBBAF100B4F915 /* SceneDelegate.swift */,
				E1CD40DA2A96BE9B00BE7FE8 /* Resources */,
				3F478ECD29DB473000F6D39E /* DesignSystem */,
				3F6806CE29CBBD1B00B4F915 /* Foundation */,
				3F6806C929CBBCAF00B4F915 /* Models */,
				3F6806C729CBBC5B00B4F915 /* Scenes  */,
				3F6806C629CBBC4E00B4F915 /* Services */,
				3F6806A429CBBAF200B4F915 /* Info.plist */,
			);
			path = FakeNFT;
			sourceTree = "<group>";
		};
		3F6806AC29CBBAF200B4F915 /* FakeNFTTests */ = {
			isa = PBXGroup;
			children = (
				3F6806AD29CBBAF200B4F915 /* ExampleUnitTests.swift */,
			);
			path = FakeNFTTests;
			sourceTree = "<group>";
		};
		3F6806B629CBBAF200B4F915 /* FakeNFTUITests */ = {
			isa = PBXGroup;
			children = (
				3F6806B729CBBAF200B4F915 /* FakeNFTUITests.swift */,
			);
			path = FakeNFTUITests;
			sourceTree = "<group>";
		};
		3F6806C629CBBC4E00B4F915 /* Services */ = {
			isa = PBXGroup;
			children = (
				3FC8C38F29D245250081F015 /* Requests */,
				0C79EE6B2A76DE2E00EE90EA /* ServicesAssemly.swift */,
				0CFCB73F2A78002A0009A829 /* NftService.swift */,
			);
			path = Services;
			sourceTree = "<group>";
		};
		3F6806C729CBBC5B00B4F915 /* Scenes  */ = {
			isa = PBXGroup;
			children = (
				0CF2C2D92A783C1600FDC837 /* Common */,
				5EE7BEE42BAA026500A32EC0 /* Splash */,
				5EE7BEF62BAA196A00A32EC0 /* Profile */,
				0CFCB7472A7808870009A829 /* Catalog */,
				5EE7BEF52BAA193800A32EC0 /* Cart */,
				5EE7BEF72BAA197400A32EC0 /* Statistics */,
				E1A1B9D92AA01CE400C3AFBC /* TabBarController.swift */,
			);
			path = "Scenes ";
			sourceTree = "<group>";
		};
		3F6806C829CBBC8100B4F915 /* ProductDetails */ = {
			isa = PBXGroup;
			children = (
				3F68069A29CBBAF100B4F915 /* ProductDetailsTableViewController.swift */,
				3FC8C38A29D242E90081F015 /* ProductDetailsTableViewCell.swift */,
			);
			path = ProductDetails;
			sourceTree = "<group>";
		};
		3F6806C929CBBCAF00B4F915 /* Models */ = {
			isa = PBXGroup;
			children = (
				3F6806D829CC979D00B4F915 /* Network */,
			);
			path = Models;
			sourceTree = "<group>";
		};
		3F6806CE29CBBD1B00B4F915 /* Foundation */ = {
			isa = PBXGroup;
			children = (
				0CFCB74C2A7817C30009A829 /* MemoryStorage */,
				3F6806CF29CBBDB100B4F915 /* NetworkClient */,
				3F6806D629CBC50A00B4F915 /* CellsReusingUtils.swift */,
				3FC8C39229D246BA0081F015 /* DateFormatters+Presets.swift */,
				0CFCB74A2A780EA80009A829 /* UIView+Constraints.swift */,
			);
			path = Foundation;
			sourceTree = "<group>";
		};
		3F6806CF29CBBDB100B4F915 /* NetworkClient */ = {
			isa = PBXGroup;
			children = (
				3F6806D029CBBE6B00B4F915 /* NetworkClient.swift */,
				7C31AE232BC3DCE700C8226E /* NetworkConstants.swift */,
				3F6806D229CBBE9600B4F915 /* NetworkRequest.swift */,
				3F6806D429CBBEC700B4F915 /* NetworkTask.swift */,
			);
			path = NetworkClient;
			sourceTree = "<group>";
		};
		3F6806D829CC979D00B4F915 /* Network */ = {
			isa = PBXGroup;
			children = (
				0CFCB7412A78013E0009A829 /* Nft.swift */,
				7C9834002BBBECAF00781151 /* Profile.swift */,
				7C9833FF2BBBECAE00781151 /* ProfileMyNFT.swift */,
			);
			path = Network;
			sourceTree = "<group>";
		};
		3FC8C38F29D245250081F015 /* Requests */ = {
			isa = PBXGroup;
			children = (
				3FC8C39029D2453B0081F015 /* ExampleRequest.swift */,
				0C79EE622A76DD1900EE90EA /* RequestConstants.swift */,
			);
			path = Requests;
			sourceTree = "<group>";
		};
		5EE7BEE42BAA026500A32EC0 /* Splash */ = {
			isa = PBXGroup;
			children = (
				5EE7BEE52BAA028400A32EC0 /* SplashAssembly.swift */,
				5EE7BEE72BAA028D00A32EC0 /* SplashViewController.swift */,
				5EE7BEE92BAA029400A32EC0 /* SplashPresenter.swift */,
				5EE7BEEB2BAA029C00A32EC0 /* SplashRouter.swift */,
			);
			path = Splash;
			sourceTree = "<group>";
		};
		5EE7BEF52BAA193800A32EC0 /* Cart */ = {
			isa = PBXGroup;
			children = (
				5EE7BEF82BAA19C700A32EC0 /* CartAssembly.swift */,
				5EE7BEFA2BAA19CF00A32EC0 /* CartViewController.swift */,
				5EE7BEFC2BAA19D600A32EC0 /* CartPresenter.swift */,
				5EE7BEFE2BAA19DD00A32EC0 /* CartRouter.swift */,
			);
			path = Cart;
			sourceTree = "<group>";
		};
		5EE7BEF62BAA196A00A32EC0 /* Profile */ = {
			isa = PBXGroup;
			children = (
				7C9834062BBBED0100781151 /* Services */,
				7C9834032BBBECED00781151 /* Requests */,
				EA97C5CF2BB2FF3E003B6A81 /* ViewModels */,
				EA97C5B02BADF227003B6A81 /* Helper */,
				7C9833B42BB4092F00781151 /* ProfileMyNFT */,
				EA97C5C62BB2D89C003B6A81 /* ProfileFavorites */,
				EA97C5B92BB1D467003B6A81 /* ProfileEdit */,
				EA97C5B82BB1D21E003B6A81 /* ProfileMain */,
				7C9833C52BB4452200781151 /* ProfileUserWebSite */,
			);
			path = Profile;
			sourceTree = "<group>";
		};
		5EE7BEF72BAA197400A32EC0 /* Statistics */ = {
			isa = PBXGroup;
			children = (
				5EE7BF002BAA1A9300A32EC0 /* StatisticsAssembly.swift */,
				5EE7BF022BAA1A9900A32EC0 /* StatisticsViewController.swift */,
				5EE7BF042BAA1A9F00A32EC0 /* StatisticsPresenter.swift */,
				5EE7BF062BAA1AA400A32EC0 /* StatisticsRouter.swift */,
			);
			path = Statistics;
			sourceTree = "<group>";
		};
		5EE7BF152BAA218400A32EC0 /* Generated */ = {
			isa = PBXGroup;
			children = (
				5EE7BF1A2BAA222900A32EC0 /* Utils */,
				5EE7BF162BAA218400A32EC0 /* Assets.swift */,
				5EE7BF172BAA218400A32EC0 /* Localization.swift */,
			);
			path = Generated;
			sourceTree = "<group>";
		};
		5EE7BF1A2BAA222900A32EC0 /* Utils */ = {
			isa = PBXGroup;
			children = (
				5EE7BF1B2BAA223A00A32EC0 /* Bundle+Ext.swift */,
				5EE7BF1D2BAA227A00A32EC0 /* StringGenerated.swift */,
			);
			path = Utils;
			sourceTree = "<group>";
		};
		69BD3A8DEB1E9B54A54CCF48 /* Pods */ = {
			isa = PBXGroup;
			children = (
				E6370B2CCA02D1136D7C178F /* Pods-FakeNFT.debug.xcconfig */,
				C23EEC135AE7060A5EC11213 /* Pods-FakeNFT.release.xcconfig */,
			);
			path = Pods;
			sourceTree = "<group>";
		};
		7C31AE272BC5214900C8226E /* Helper */ = {
			isa = PBXGroup;
			children = (
				7C31AE252BC5214000C8226E /* MockName.swift */,
			);
			path = Helper;
			sourceTree = "<group>";
		};
		7C9833B42BB4092F00781151 /* ProfileMyNFT */ = {
			isa = PBXGroup;
			children = (
				EA97C5C72BB2D8F6003B6A81 /* ProfileMyNFTViewController.swift */,
				EA97C5D22BB30E23003B6A81 /* ProfileMyNFTTableViewCell.swift */,
				EA97C5C92BB2D90D003B6A81 /* ProfileMyNFTPresenter.swift */,
				EA97C5CB2BB2D923003B6A81 /* ProfileMyNFTAssembly.swift */,
				EA97C5CD2BB2D932003B6A81 /* ProfileMyNFTRouter.swift */,
				7C31AE272BC5214900C8226E /* Helper */,
			);
			path = ProfileMyNFT;
			sourceTree = "<group>";
		};
		7C9833C52BB4452200781151 /* ProfileUserWebSite */ = {
			isa = PBXGroup;
			children = (
				7C9833CA2BB4460A00781151 /* ProfileUserWebViewViewController.swift */,
				7C9833C62BB445BC00781151 /* ProfileUserWebViewPresenter.swift */,
				7C9833C82BB445E900781151 /* ProfileUserWebViewAssembly.swift */,
			);
			path = ProfileUserWebSite;
			sourceTree = "<group>";
		};
		7C9833CE2BB5454400781151 /* Archive */ = {
			isa = PBXGroup;
			children = (
				EA97C5AE2BADF1F9003B6A81 /* ProfileButtonFactoryProtocol.swift */,
				EA97C5B12BADF242003B6A81 /* ProfileButtonFactory.swift */,
				EA97C5B32BAEB00D003B6A81 /* RouterCases.swift */,
			);
			path = Archive;
			sourceTree = "<group>";
		};
		7C9833FC2BBADEB500781151 /* Helper */ = {
			isa = PBXGroup;
			children = (
				7C98340F2BBEC9A200781151 /* ObserverProtocol.swift */,
			);
			path = Helper;
			sourceTree = "<group>";
		};
		7C9834032BBBECED00781151 /* Requests */ = {
			isa = PBXGroup;
			children = (
				7C9834042BBBECED00781151 /* ProfileRequest.swift */,
				7C98340D2BBD431B00781151 /* ProfileUpdateRequest.swift */,
				0C79EE602A76DCD600EE90EA /* NftRequest.swift */,
			);
			path = Requests;
			sourceTree = "<group>";
		};
		7C9834062BBBED0100781151 /* Services */ = {
			isa = PBXGroup;
			children = (
				7C9834072BBBED1900781151 /* ProfileService.swift */,
				7C9834092BBBED1900781151 /* ProfileNFTServices.swift */,
			);
			path = Services;
			sourceTree = "<group>";
		};
		E19CD5A92A98B55900CA39A5 /* Cell */ = {
			isa = PBXGroup;
			children = (
				0CFCB7452A78064B0009A829 /* NftDetailCellModel.swift */,
				E19CD5AA2A98B56600CA39A5 /* NftImageCollectionViewCell.swift */,
			);
			path = Cell;
			sourceTree = "<group>";
		};
		E1CD40DA2A96BE9B00BE7FE8 /* Resources */ = {
			isa = PBXGroup;
			children = (
				5EE7BF152BAA218400A32EC0 /* Generated */,
				3F68069F29CBBAF200B4F915 /* Assets.xcassets */,
				3F6806A129CBBAF200B4F915 /* LaunchScreen.storyboard */,
				5EE7BF132BAA213600A32EC0 /* Localizable.strings */,
			);
			path = Resources;
			sourceTree = "<group>";
		};
		EA97C5B02BADF227003B6A81 /* Helper */ = {
			isa = PBXGroup;
			children = (
				7C9833CE2BB5454400781151 /* Archive */,
				EA97C5C42BB2BEE2003B6A81 /* Extension+TextField.swift */,
				7C9833C32BB4360D00781151 /* GeometricParamsCollectionView.swift */,
				7C31AE212BC3B12100C8226E /* UIBlockingProgressHUD.swift */,
			);
			path = Helper;
			sourceTree = "<group>";
		};
		EA97C5B72BB1D1FB003B6A81 /* View */ = {
			isa = PBXGroup;
			children = (
				5EE7BF0A2BAA1B6C00A32EC0 /* ProfileViewController.swift */,
				EA97C5B52BB075AF003B6A81 /* ProfileViewTableViewCell.swift */,
			);
			path = View;
			sourceTree = "<group>";
		};
		EA97C5B82BB1D21E003B6A81 /* ProfileMain */ = {
			isa = PBXGroup;
			children = (
				EA97C5B72BB1D1FB003B6A81 /* View */,
				5EE7BF0C2BAA1B7300A32EC0 /* ProfilePresenter.swift */,
				5EE7BF082BAA1B6600A32EC0 /* ProfileAssembly.swift */,
				5EE7BF0E2BAA1B7900A32EC0 /* ProfileRouter.swift */,
			);
			path = ProfileMain;
			sourceTree = "<group>";
		};
		EA97C5B92BB1D467003B6A81 /* ProfileEdit */ = {
			isa = PBXGroup;
			children = (
				EA97C5BA2BB1D4BB003B6A81 /* ProfileEditViewController.swift */,
				EA97C5BE2BB1D5D8003B6A81 /* ProfileEditPresenter.swift */,
				EA97C5C02BB1DB50003B6A81 /* ProfileEditAssembly.swift */,
				EA97C5C22BB1E3DE003B6A81 /* ProfileEditRouter.swift */,
				7C9833FC2BBADEB500781151 /* Helper */,
			);
			path = ProfileEdit;
			sourceTree = "<group>";
		};
		EA97C5C62BB2D89C003B6A81 /* ProfileFavorites */ = {
			isa = PBXGroup;
			children = (
				7C9833BD2BB40EB500781151 /* ProfileFavoritesViewController.swift */,
				7C9833BF2BB4135300781151 /* ProfileFavoritesCollectionViewCell.swift */,
				7C9833BB2BB40E4A00781151 /* ProfileFavoritesPresenter.swift */,
				7C9833B92BB40E0D00781151 /* ProfileFavoritesAssembly.swift */,
				7C9833B72BB40DC300781151 /* ProfileFavoritesRouter.swift */,
			);
			path = ProfileFavorites;
			sourceTree = "<group>";
		};
		EA97C5CF2BB2FF3E003B6A81 /* ViewModels */ = {
			isa = PBXGroup;
			children = (
				EA97C5D02BB2FFB0003B6A81 /* MyNFTViewModel.swift */,
				7C9833CC2BB44E7E00781151 /* ProfileViewModel.swift */,
				EA97C5D42BB34746003B6A81 /* RatingStarsView.swift */,
			);
			path = ViewModels;
			sourceTree = "<group>";
		};
/* End PBXGroup section */

/* Begin PBXNativeTarget section */
		3F68069229CBBAF100B4F915 /* FakeNFT */ = {
			isa = PBXNativeTarget;
			buildConfigurationList = 3F6806BD29CBBAF200B4F915 /* Build configuration list for PBXNativeTarget "FakeNFT" */;
			buildPhases = (
				A78E524CE5FF646E7E668D86 /* [CP] Check Pods Manifest.lock */,
				3FC8C39529D24CDB0081F015 /* Swiftlint */,
				3F68068F29CBBAF100B4F915 /* Sources */,
				3F68069029CBBAF100B4F915 /* Frameworks */,
				3F68069129CBBAF100B4F915 /* Resources */,
				5EE7BF102BAA20E300A32EC0 /* ShellScript */,
			);
			buildRules = (
			);
			dependencies = (
			);
			name = FakeNFT;
			packageProductDependencies = (
				3F603CCC29DB4A53000C43D7 /* ProgressHUD */,
				3F603CCF29DB4A74000C43D7 /* Kingfisher */,
			);
			productName = FakeNFT;
			productReference = 3F68069329CBBAF100B4F915 /* FakeNFT.app */;
			productType = "com.apple.product-type.application";
		};
		3F6806A829CBBAF200B4F915 /* FakeNFTTests */ = {
			isa = PBXNativeTarget;
			buildConfigurationList = 3F6806C029CBBAF200B4F915 /* Build configuration list for PBXNativeTarget "FakeNFTTests" */;
			buildPhases = (
				3F6806A529CBBAF200B4F915 /* Sources */,
				3F6806A629CBBAF200B4F915 /* Frameworks */,
				3F6806A729CBBAF200B4F915 /* Resources */,
			);
			buildRules = (
			);
			dependencies = (
				3F6806AB29CBBAF200B4F915 /* PBXTargetDependency */,
			);
			name = FakeNFTTests;
			productName = FakeNFTTests;
			productReference = 3F6806A929CBBAF200B4F915 /* FakeNFTTests.xctest */;
			productType = "com.apple.product-type.bundle.unit-test";
		};
		3F6806B229CBBAF200B4F915 /* FakeNFTUITests */ = {
			isa = PBXNativeTarget;
			buildConfigurationList = 3F6806C329CBBAF200B4F915 /* Build configuration list for PBXNativeTarget "FakeNFTUITests" */;
			buildPhases = (
				3F6806AF29CBBAF200B4F915 /* Sources */,
				3F6806B029CBBAF200B4F915 /* Frameworks */,
				3F6806B129CBBAF200B4F915 /* Resources */,
			);
			buildRules = (
			);
			dependencies = (
				3F6806B529CBBAF200B4F915 /* PBXTargetDependency */,
			);
			name = FakeNFTUITests;
			productName = FakeNFTUITests;
			productReference = 3F6806B329CBBAF200B4F915 /* FakeNFTUITests.xctest */;
			productType = "com.apple.product-type.bundle.ui-testing";
		};
/* End PBXNativeTarget section */

/* Begin PBXProject section */
		3F68068B29CBBAF100B4F915 /* Project object */ = {
			isa = PBXProject;
			attributes = {
				BuildIndependentTargetsInParallel = 1;
				LastSwiftUpdateCheck = 1420;
				LastUpgradeCheck = 1420;
				TargetAttributes = {
					3F68069229CBBAF100B4F915 = {
						CreatedOnToolsVersion = 14.2;
					};
					3F6806A829CBBAF200B4F915 = {
						CreatedOnToolsVersion = 14.2;
						TestTargetID = 3F68069229CBBAF100B4F915;
					};
					3F6806B229CBBAF200B4F915 = {
						CreatedOnToolsVersion = 14.2;
						TestTargetID = 3F68069229CBBAF100B4F915;
					};
				};
			};
			buildConfigurationList = 3F68068E29CBBAF100B4F915 /* Build configuration list for PBXProject "FakeNFT" */;
			compatibilityVersion = "Xcode 14.0";
			developmentRegion = ru;
			hasScannedForEncodings = 0;
			knownRegions = (
				en,
				Base,
				ru,
			);
			mainGroup = 3F68068A29CBBAF100B4F915;
			packageReferences = (
				3F603CCB29DB4A53000C43D7 /* XCRemoteSwiftPackageReference "ProgressHUD" */,
				3F603CCE29DB4A74000C43D7 /* XCRemoteSwiftPackageReference "Kingfisher" */,
			);
			productRefGroup = 3F68069429CBBAF100B4F915 /* Products */;
			projectDirPath = "";
			projectRoot = "";
			targets = (
				3F68069229CBBAF100B4F915 /* FakeNFT */,
				3F6806A829CBBAF200B4F915 /* FakeNFTTests */,
				3F6806B229CBBAF200B4F915 /* FakeNFTUITests */,
			);
		};
/* End PBXProject section */

/* Begin PBXResourcesBuildPhase section */
		3F68069129CBBAF100B4F915 /* Resources */ = {
			isa = PBXResourcesBuildPhase;
			buildActionMask = 2147483647;
			files = (
				3F6806A329CBBAF200B4F915 /* LaunchScreen.storyboard in Resources */,
				5EE7BF112BAA213600A32EC0 /* Localizable.strings in Resources */,
				3F6806A029CBBAF200B4F915 /* Assets.xcassets in Resources */,
			);
			runOnlyForDeploymentPostprocessing = 0;
		};
		3F6806A729CBBAF200B4F915 /* Resources */ = {
			isa = PBXResourcesBuildPhase;
			buildActionMask = 2147483647;
			files = (
			);
			runOnlyForDeploymentPostprocessing = 0;
		};
		3F6806B129CBBAF200B4F915 /* Resources */ = {
			isa = PBXResourcesBuildPhase;
			buildActionMask = 2147483647;
			files = (
			);
			runOnlyForDeploymentPostprocessing = 0;
		};
/* End PBXResourcesBuildPhase section */

/* Begin PBXShellScriptBuildPhase section */
		3FC8C39529D24CDB0081F015 /* Swiftlint */ = {
			isa = PBXShellScriptBuildPhase;
			buildActionMask = 2147483647;
			files = (
			);
			inputFileListPaths = (
			);
			inputPaths = (
			);
			name = Swiftlint;
			outputFileListPaths = (
			);
			outputPaths = (
			);
			runOnlyForDeploymentPostprocessing = 0;
			shellPath = /bin/sh;
			shellScript = "if [[ \"$(uname -m)\" == arm64 ]]; then\n    export PATH=\"/opt/homebrew/bin:$PATH\"\nfi\n\nif which swiftlint > /dev/null; then\n  swiftlint\nelse\n  echo \"warning: SwiftLint not installed, download from https://github.com/realm/SwiftLint\"\nfi\n";
		};
		5EE7BF102BAA20E300A32EC0 /* ShellScript */ = {
			isa = PBXShellScriptBuildPhase;
			buildActionMask = 2147483647;
			files = (
			);
			inputFileListPaths = (
			);
			inputPaths = (
			);
			outputFileListPaths = (
			);
			outputPaths = (
			);
			runOnlyForDeploymentPostprocessing = 0;
			shellPath = /bin/sh;
			shellScript = "if [[ -f \"${PODS_ROOT}/SwiftGen/bin/swiftgen\" ]]; then\n  \"${PODS_ROOT}/SwiftGen/bin/swiftgen\"\nelse\n  echo \"warning: SwiftGen is not installed. Run 'pod install --repo-update' to install it.\"\nfi \n";
		};
		A78E524CE5FF646E7E668D86 /* [CP] Check Pods Manifest.lock */ = {
			isa = PBXShellScriptBuildPhase;
			buildActionMask = 2147483647;
			files = (
			);
			inputFileListPaths = (
			);
			inputPaths = (
				"${PODS_PODFILE_DIR_PATH}/Podfile.lock",
				"${PODS_ROOT}/Manifest.lock",
			);
			name = "[CP] Check Pods Manifest.lock";
			outputFileListPaths = (
			);
			outputPaths = (
				"$(DERIVED_FILE_DIR)/Pods-FakeNFT-checkManifestLockResult.txt",
			);
			runOnlyForDeploymentPostprocessing = 0;
			shellPath = /bin/sh;
			shellScript = "diff \"${PODS_PODFILE_DIR_PATH}/Podfile.lock\" \"${PODS_ROOT}/Manifest.lock\" > /dev/null\nif [ $? != 0 ] ; then\n    # print error to STDERR\n    echo \"error: The sandbox is not in sync with the Podfile.lock. Run 'pod install' or update your CocoaPods installation.\" >&2\n    exit 1\nfi\n# This output is used by Xcode 'outputs' to avoid re-running this script phase.\necho \"SUCCESS\" > \"${SCRIPT_OUTPUT_FILE_0}\"\n";
			showEnvVarsInLog = 0;
		};
/* End PBXShellScriptBuildPhase section */

/* Begin PBXSourcesBuildPhase section */
		3F68068F29CBBAF100B4F915 /* Sources */ = {
			isa = PBXSourcesBuildPhase;
			buildActionMask = 2147483647;
			files = (
				7C9833C92BB445E900781151 /* ProfileUserWebViewAssembly.swift in Sources */,
				EA97C5AF2BADF1F9003B6A81 /* ProfileButtonFactoryProtocol.swift in Sources */,
				EA97C5B22BADF242003B6A81 /* ProfileButtonFactory.swift in Sources */,
				7C9833BA2BB40E0D00781151 /* ProfileFavoritesAssembly.swift in Sources */,
				EA97C5CA2BB2D90D003B6A81 /* ProfileMyNFTPresenter.swift in Sources */,
				5EE7BEF02BAA17A200A32EC0 /* CatalogViewController.swift in Sources */,
				EA97C5D12BB2FFB0003B6A81 /* MyNFTViewModel.swift in Sources */,
				3FC8C38B29D242E90081F015 /* ProductDetailsTableViewCell.swift in Sources */,
				EA97C5BF2BB1D5D8003B6A81 /* ProfileEditPresenter.swift in Sources */,
				3F478ECF29DB474E00F6D39E /* Colors.swift in Sources */,
				7C98340E2BBD431B00781151 /* ProfileUpdateRequest.swift in Sources */,
				7C9834102BBEC9A200781151 /* ObserverProtocol.swift in Sources */,
				5EE7BF032BAA1A9900A32EC0 /* StatisticsViewController.swift in Sources */,
				0C79EE662A76DDFF00EE90EA /* NftDetailViewController.swift in Sources */,
				EA97C5C82BB2D8F6003B6A81 /* ProfileMyNFTViewController.swift in Sources */,
				EA97C5D52BB34746003B6A81 /* RatingStarsView.swift in Sources */,
				5EE7BF012BAA1A9300A32EC0 /* StatisticsAssembly.swift in Sources */,
				7C9833B82BB40DC300781151 /* ProfileFavoritesRouter.swift in Sources */,
				E1A1B9DA2AA01CE400C3AFBC /* TabBarController.swift in Sources */,
				7C9833C02BB4135300781151 /* ProfileFavoritesCollectionViewCell.swift in Sources */,
				EA97C5CE2BB2D932003B6A81 /* ProfileMyNFTRouter.swift in Sources */,
				3F478ED129DB476500F6D39E /* Fonts.swift in Sources */,
				5EE7BF182BAA218400A32EC0 /* Assets.swift in Sources */,
				5EE7BF0B2BAA1B6C00A32EC0 /* ProfileViewController.swift in Sources */,
				7C31AE242BC3DCE700C8226E /* NetworkConstants.swift in Sources */,
				5EE7BEE62BAA028400A32EC0 /* SplashAssembly.swift in Sources */,
				5EE7BF092BAA1B6600A32EC0 /* ProfileAssembly.swift in Sources */,
				0C79EE6A2A76DE1000EE90EA /* NftDetailAssembly.swift in Sources */,
				7C9834022BBBECAF00781151 /* Profile.swift in Sources */,
				3FC8C39329D246BA0081F015 /* DateFormatters+Presets.swift in Sources */,
				7C31AE222BC3B12100C8226E /* UIBlockingProgressHUD.swift in Sources */,
				EA97C5CC2BB2D923003B6A81 /* ProfileMyNFTAssembly.swift in Sources */,
				EA97C5C12BB1DB50003B6A81 /* ProfileEditAssembly.swift in Sources */,
				EA97C5C32BB1E3DE003B6A81 /* ProfileEditRouter.swift in Sources */,
				5EE7BF1E2BAA227A00A32EC0 /* StringGenerated.swift in Sources */,
				0CFCB7422A78013E0009A829 /* Nft.swift in Sources */,
				7C9833CB2BB4460A00781151 /* ProfileUserWebViewViewController.swift in Sources */,
				0CF2C2DD2A783CE600FDC837 /* ErrorView.swift in Sources */,
				5EE7BEF92BAA19C700A32EC0 /* CartAssembly.swift in Sources */,
				5EE7BF1C2BAA223A00A32EC0 /* Bundle+Ext.swift in Sources */,
				0C79EE682A76DE0900EE90EA /* NftDetailPresenter.swift in Sources */,
				3F68069B29CBBAF100B4F915 /* ProductDetailsTableViewController.swift in Sources */,
				0CFCB7402A78002A0009A829 /* NftService.swift in Sources */,
				EA97C5BB2BB1D4BC003B6A81 /* ProfileEditViewController.swift in Sources */,
				3F6806D529CBBEC700B4F915 /* NetworkTask.swift in Sources */,
				7C98340A2BBBED1900781151 /* ProfileService.swift in Sources */,
				5EE7BF0F2BAA1B7900A32EC0 /* ProfileRouter.swift in Sources */,
				5EE7BEFD2BAA19D600A32EC0 /* CartPresenter.swift in Sources */,
				0CF2C2DB2A783C1B00FDC837 /* LoadingView.swift in Sources */,
				3F68069729CBBAF100B4F915 /* AppDelegate.swift in Sources */,
				3F68069929CBBAF100B4F915 /* SceneDelegate.swift in Sources */,
				5EE7BF072BAA1AA400A32EC0 /* StatisticsRouter.swift in Sources */,
				7C9833C72BB445BC00781151 /* ProfileUserWebViewPresenter.swift in Sources */,
				5EE7BEFB2BAA19CF00A32EC0 /* CartViewController.swift in Sources */,
				EA97C5D32BB30E23003B6A81 /* ProfileMyNFTTableViewCell.swift in Sources */,
				5EE7BF0D2BAA1B7300A32EC0 /* ProfilePresenter.swift in Sources */,
				0C79EE6C2A76DE2E00EE90EA /* ServicesAssemly.swift in Sources */,
				7C9834052BBBECED00781151 /* ProfileRequest.swift in Sources */,
				0CFCB74E2A7817DC0009A829 /* NftStorage.swift in Sources */,
				5EE7BEEE2BAA179800A32EC0 /* CatalogAssembly.swift in Sources */,
				3FC8C39129D2453B0081F015 /* ExampleRequest.swift in Sources */,
				7C9833C42BB4360D00781151 /* GeometricParamsCollectionView.swift in Sources */,
				5EE7BF052BAA1A9F00A32EC0 /* StatisticsPresenter.swift in Sources */,
				0CFCB7462A78064B0009A829 /* NftDetailCellModel.swift in Sources */,
				5EE7BF192BAA218400A32EC0 /* Localization.swift in Sources */,
				EA97C5B62BB075AF003B6A81 /* ProfileViewTableViewCell.swift in Sources */,
				7C9834012BBBECAF00781151 /* ProfileMyNFT.swift in Sources */,
				7C9833BC2BB40E4A00781151 /* ProfileFavoritesPresenter.swift in Sources */,
				0CFCB74B2A780EA80009A829 /* UIView+Constraints.swift in Sources */,
				3F6806D729CBC50A00B4F915 /* CellsReusingUtils.swift in Sources */,
				0C79EE612A76DCD600EE90EA /* NftRequest.swift in Sources */,
				E19CD5AB2A98B56600CA39A5 /* NftImageCollectionViewCell.swift in Sources */,
				5EE7BEFF2BAA19DD00A32EC0 /* CartRouter.swift in Sources */,
				5EE7BEEC2BAA029C00A32EC0 /* SplashRouter.swift in Sources */,
				0CF2C2E12A784C7000FDC837 /* LinePageControl.swift in Sources */,
				5EE7BEEA2BAA029400A32EC0 /* SplashPresenter.swift in Sources */,
				EA97C5C52BB2BEE2003B6A81 /* Extension+TextField.swift in Sources */,
				7C31AE262BC5214000C8226E /* MockName.swift in Sources */,
				3F6806D329CBBE9600B4F915 /* NetworkRequest.swift in Sources */,
				3F6806D129CBBE6B00B4F915 /* NetworkClient.swift in Sources */,
				0CFCB7442A7802440009A829 /* NftDetailInput.swift in Sources */,
				7C9833BE2BB40EB500781151 /* ProfileFavoritesViewController.swift in Sources */,
				5EE7BEF42BAA17B000A32EC0 /* CatalogPresenter.swift in Sources */,
				7C9833CD2BB44E7E00781151 /* ProfileViewModel.swift in Sources */,
				0C79EE632A76DD1900EE90EA /* RequestConstants.swift in Sources */,
				EA97C5B42BAEB00D003B6A81 /* RouterCases.swift in Sources */,
				5EE7BEF22BAA17A800A32EC0 /* CatalogRouter.swift in Sources */,
				7C98340C2BBBED1900781151 /* ProfileNFTServices.swift in Sources */,
				5EE7BEE82BAA028D00A32EC0 /* SplashViewController.swift in Sources */,
			);
			runOnlyForDeploymentPostprocessing = 0;
		};
		3F6806A529CBBAF200B4F915 /* Sources */ = {
			isa = PBXSourcesBuildPhase;
			buildActionMask = 2147483647;
			files = (
				3F6806AE29CBBAF200B4F915 /* ExampleUnitTests.swift in Sources */,
			);
			runOnlyForDeploymentPostprocessing = 0;
		};
		3F6806AF29CBBAF200B4F915 /* Sources */ = {
			isa = PBXSourcesBuildPhase;
			buildActionMask = 2147483647;
			files = (
				3F6806B829CBBAF200B4F915 /* FakeNFTUITests.swift in Sources */,
			);
			runOnlyForDeploymentPostprocessing = 0;
		};
/* End PBXSourcesBuildPhase section */

/* Begin PBXTargetDependency section */
		3F6806AB29CBBAF200B4F915 /* PBXTargetDependency */ = {
			isa = PBXTargetDependency;
			target = 3F68069229CBBAF100B4F915 /* FakeNFT */;
			targetProxy = 3F6806AA29CBBAF200B4F915 /* PBXContainerItemProxy */;
		};
		3F6806B529CBBAF200B4F915 /* PBXTargetDependency */ = {
			isa = PBXTargetDependency;
			target = 3F68069229CBBAF100B4F915 /* FakeNFT */;
			targetProxy = 3F6806B429CBBAF200B4F915 /* PBXContainerItemProxy */;
		};
/* End PBXTargetDependency section */

/* Begin PBXVariantGroup section */
		3F6806A129CBBAF200B4F915 /* LaunchScreen.storyboard */ = {
			isa = PBXVariantGroup;
			children = (
				3F6806A229CBBAF200B4F915 /* Base */,
				E1CD40D92A96BE7D00BE7FE8 /* ru */,
			);
			name = LaunchScreen.storyboard;
			sourceTree = "<group>";
		};
		5EE7BF132BAA213600A32EC0 /* Localizable.strings */ = {
			isa = PBXVariantGroup;
			children = (
				5EE7BF122BAA213600A32EC0 /* ru */,
				5EE7BF142BAA213A00A32EC0 /* en */,
			);
			name = Localizable.strings;
			sourceTree = "<group>";
		};
/* End PBXVariantGroup section */

/* Begin XCBuildConfiguration section */
		3F6806BB29CBBAF200B4F915 /* Debug */ = {
			isa = XCBuildConfiguration;
			buildSettings = {
				ALWAYS_SEARCH_USER_PATHS = NO;
				CLANG_ANALYZER_LOCALIZABILITY_NONLOCALIZED = YES;
				CLANG_ANALYZER_NONNULL = YES;
				CLANG_ANALYZER_NUMBER_OBJECT_CONVERSION = YES_AGGRESSIVE;
				CLANG_CXX_LANGUAGE_STANDARD = "gnu++20";
				CLANG_ENABLE_MODULES = YES;
				CLANG_ENABLE_OBJC_ARC = YES;
				CLANG_ENABLE_OBJC_WEAK = YES;
				CLANG_WARN_BLOCK_CAPTURE_AUTORELEASING = YES;
				CLANG_WARN_BOOL_CONVERSION = YES;
				CLANG_WARN_COMMA = YES;
				CLANG_WARN_CONSTANT_CONVERSION = YES;
				CLANG_WARN_DEPRECATED_OBJC_IMPLEMENTATIONS = YES;
				CLANG_WARN_DIRECT_OBJC_ISA_USAGE = YES_ERROR;
				CLANG_WARN_DOCUMENTATION_COMMENTS = YES;
				CLANG_WARN_EMPTY_BODY = YES;
				CLANG_WARN_ENUM_CONVERSION = YES;
				CLANG_WARN_INFINITE_RECURSION = YES;
				CLANG_WARN_INT_CONVERSION = YES;
				CLANG_WARN_NON_LITERAL_NULL_CONVERSION = YES;
				CLANG_WARN_OBJC_IMPLICIT_RETAIN_SELF = YES;
				CLANG_WARN_OBJC_LITERAL_CONVERSION = YES;
				CLANG_WARN_OBJC_ROOT_CLASS = YES_ERROR;
				CLANG_WARN_QUOTED_INCLUDE_IN_FRAMEWORK_HEADER = YES;
				CLANG_WARN_RANGE_LOOP_ANALYSIS = YES;
				CLANG_WARN_STRICT_PROTOTYPES = YES;
				CLANG_WARN_SUSPICIOUS_MOVE = YES;
				CLANG_WARN_UNGUARDED_AVAILABILITY = YES_AGGRESSIVE;
				CLANG_WARN_UNREACHABLE_CODE = YES;
				CLANG_WARN__DUPLICATE_METHOD_MATCH = YES;
				COPY_PHASE_STRIP = NO;
				DEBUG_INFORMATION_FORMAT = dwarf;
				ENABLE_STRICT_OBJC_MSGSEND = YES;
				ENABLE_TESTABILITY = YES;
				GCC_C_LANGUAGE_STANDARD = gnu11;
				GCC_DYNAMIC_NO_PIC = NO;
				GCC_NO_COMMON_BLOCKS = YES;
				GCC_OPTIMIZATION_LEVEL = 0;
				GCC_PREPROCESSOR_DEFINITIONS = (
					"DEBUG=1",
					"$(inherited)",
				);
				GCC_WARN_64_TO_32_BIT_CONVERSION = YES;
				GCC_WARN_ABOUT_RETURN_TYPE = YES_ERROR;
				GCC_WARN_UNDECLARED_SELECTOR = YES;
				GCC_WARN_UNINITIALIZED_AUTOS = YES_AGGRESSIVE;
				GCC_WARN_UNUSED_FUNCTION = YES;
				GCC_WARN_UNUSED_VARIABLE = YES;
				IPHONEOS_DEPLOYMENT_TARGET = 13.0;
				MTL_ENABLE_DEBUG_INFO = INCLUDE_SOURCE;
				MTL_FAST_MATH = YES;
				ONLY_ACTIVE_ARCH = YES;
				SDKROOT = iphoneos;
				SWIFT_ACTIVE_COMPILATION_CONDITIONS = DEBUG;
				SWIFT_OPTIMIZATION_LEVEL = "-Onone";
			};
			name = Debug;
		};
		3F6806BC29CBBAF200B4F915 /* Release */ = {
			isa = XCBuildConfiguration;
			buildSettings = {
				ALWAYS_SEARCH_USER_PATHS = NO;
				CLANG_ANALYZER_LOCALIZABILITY_NONLOCALIZED = YES;
				CLANG_ANALYZER_NONNULL = YES;
				CLANG_ANALYZER_NUMBER_OBJECT_CONVERSION = YES_AGGRESSIVE;
				CLANG_CXX_LANGUAGE_STANDARD = "gnu++20";
				CLANG_ENABLE_MODULES = YES;
				CLANG_ENABLE_OBJC_ARC = YES;
				CLANG_ENABLE_OBJC_WEAK = YES;
				CLANG_WARN_BLOCK_CAPTURE_AUTORELEASING = YES;
				CLANG_WARN_BOOL_CONVERSION = YES;
				CLANG_WARN_COMMA = YES;
				CLANG_WARN_CONSTANT_CONVERSION = YES;
				CLANG_WARN_DEPRECATED_OBJC_IMPLEMENTATIONS = YES;
				CLANG_WARN_DIRECT_OBJC_ISA_USAGE = YES_ERROR;
				CLANG_WARN_DOCUMENTATION_COMMENTS = YES;
				CLANG_WARN_EMPTY_BODY = YES;
				CLANG_WARN_ENUM_CONVERSION = YES;
				CLANG_WARN_INFINITE_RECURSION = YES;
				CLANG_WARN_INT_CONVERSION = YES;
				CLANG_WARN_NON_LITERAL_NULL_CONVERSION = YES;
				CLANG_WARN_OBJC_IMPLICIT_RETAIN_SELF = YES;
				CLANG_WARN_OBJC_LITERAL_CONVERSION = YES;
				CLANG_WARN_OBJC_ROOT_CLASS = YES_ERROR;
				CLANG_WARN_QUOTED_INCLUDE_IN_FRAMEWORK_HEADER = YES;
				CLANG_WARN_RANGE_LOOP_ANALYSIS = YES;
				CLANG_WARN_STRICT_PROTOTYPES = YES;
				CLANG_WARN_SUSPICIOUS_MOVE = YES;
				CLANG_WARN_UNGUARDED_AVAILABILITY = YES_AGGRESSIVE;
				CLANG_WARN_UNREACHABLE_CODE = YES;
				CLANG_WARN__DUPLICATE_METHOD_MATCH = YES;
				COPY_PHASE_STRIP = NO;
				DEBUG_INFORMATION_FORMAT = "dwarf-with-dsym";
				ENABLE_NS_ASSERTIONS = NO;
				ENABLE_STRICT_OBJC_MSGSEND = YES;
				GCC_C_LANGUAGE_STANDARD = gnu11;
				GCC_NO_COMMON_BLOCKS = YES;
				GCC_WARN_64_TO_32_BIT_CONVERSION = YES;
				GCC_WARN_ABOUT_RETURN_TYPE = YES_ERROR;
				GCC_WARN_UNDECLARED_SELECTOR = YES;
				GCC_WARN_UNINITIALIZED_AUTOS = YES_AGGRESSIVE;
				GCC_WARN_UNUSED_FUNCTION = YES;
				GCC_WARN_UNUSED_VARIABLE = YES;
				IPHONEOS_DEPLOYMENT_TARGET = 13.0;
				MTL_ENABLE_DEBUG_INFO = NO;
				MTL_FAST_MATH = YES;
				SDKROOT = iphoneos;
				SWIFT_COMPILATION_MODE = wholemodule;
				SWIFT_OPTIMIZATION_LEVEL = "-O";
				VALIDATE_PRODUCT = YES;
			};
			name = Release;
		};
		3F6806BE29CBBAF200B4F915 /* Debug */ = {
			isa = XCBuildConfiguration;
			baseConfigurationReference = E6370B2CCA02D1136D7C178F /* Pods-FakeNFT.debug.xcconfig */;
			buildSettings = {
				ASSETCATALOG_COMPILER_APPICON_NAME = AppIcon;
				ASSETCATALOG_COMPILER_GLOBAL_ACCENT_COLOR_NAME = AccentColor;
				ASSETCATALOG_COMPILER_INCLUDE_ALL_APPICON_ASSETS = NO;
				CODE_SIGN_STYLE = Automatic;
				CURRENT_PROJECT_VERSION = 1;
				DEVELOPMENT_TEAM = X7JCT2793N;
				ENABLE_USER_SCRIPT_SANDBOXING = NO;
				GENERATE_INFOPLIST_FILE = YES;
				INFOPLIST_FILE = FakeNFT/Info.plist;
				INFOPLIST_KEY_UIApplicationSupportsIndirectInputEvents = YES;
				INFOPLIST_KEY_UILaunchStoryboardName = LaunchScreen;
				INFOPLIST_KEY_UISupportedInterfaceOrientations_iPad = "UIInterfaceOrientationPortrait UIInterfaceOrientationPortraitUpsideDown UIInterfaceOrientationLandscapeLeft UIInterfaceOrientationLandscapeRight";
				INFOPLIST_KEY_UISupportedInterfaceOrientations_iPhone = "UIInterfaceOrientationPortrait UIInterfaceOrientationLandscapeLeft UIInterfaceOrientationLandscapeRight";
				IPHONEOS_DEPLOYMENT_TARGET = 13.0;
				LD_RUNPATH_SEARCH_PATHS = (
					"$(inherited)",
					"@executable_path/Frameworks",
				);
				MARKETING_VERSION = 1.0;
				PRODUCT_BUNDLE_IDENTIFIER = com.ios11.FakeNFT;
				PRODUCT_NAME = "$(TARGET_NAME)";
				SWIFT_EMIT_LOC_STRINGS = YES;
				SWIFT_VERSION = 5.0;
				TARGETED_DEVICE_FAMILY = "1,2";
			};
			name = Debug;
		};
		3F6806BF29CBBAF200B4F915 /* Release */ = {
			isa = XCBuildConfiguration;
			baseConfigurationReference = C23EEC135AE7060A5EC11213 /* Pods-FakeNFT.release.xcconfig */;
			buildSettings = {
				ASSETCATALOG_COMPILER_APPICON_NAME = AppIcon;
				ASSETCATALOG_COMPILER_GLOBAL_ACCENT_COLOR_NAME = AccentColor;
				ASSETCATALOG_COMPILER_INCLUDE_ALL_APPICON_ASSETS = NO;
				CODE_SIGN_STYLE = Automatic;
				CURRENT_PROJECT_VERSION = 1;
				DEVELOPMENT_TEAM = X7JCT2793N;
				ENABLE_USER_SCRIPT_SANDBOXING = NO;
				GENERATE_INFOPLIST_FILE = YES;
				INFOPLIST_FILE = FakeNFT/Info.plist;
				INFOPLIST_KEY_UIApplicationSupportsIndirectInputEvents = YES;
				INFOPLIST_KEY_UILaunchStoryboardName = LaunchScreen;
				INFOPLIST_KEY_UISupportedInterfaceOrientations_iPad = "UIInterfaceOrientationPortrait UIInterfaceOrientationPortraitUpsideDown UIInterfaceOrientationLandscapeLeft UIInterfaceOrientationLandscapeRight";
				INFOPLIST_KEY_UISupportedInterfaceOrientations_iPhone = "UIInterfaceOrientationPortrait UIInterfaceOrientationLandscapeLeft UIInterfaceOrientationLandscapeRight";
				IPHONEOS_DEPLOYMENT_TARGET = 13.0;
				LD_RUNPATH_SEARCH_PATHS = (
					"$(inherited)",
					"@executable_path/Frameworks",
				);
				MARKETING_VERSION = 1.0;
				PRODUCT_BUNDLE_IDENTIFIER = com.ios11.FakeNFT;
				PRODUCT_NAME = "$(TARGET_NAME)";
				SWIFT_EMIT_LOC_STRINGS = YES;
				SWIFT_VERSION = 5.0;
				TARGETED_DEVICE_FAMILY = "1,2";
			};
			name = Release;
		};
		3F6806C129CBBAF200B4F915 /* Debug */ = {
			isa = XCBuildConfiguration;
			buildSettings = {
				ALWAYS_EMBED_SWIFT_STANDARD_LIBRARIES = YES;
				BUNDLE_LOADER = "$(TEST_HOST)";
				CODE_SIGN_STYLE = Automatic;
				CURRENT_PROJECT_VERSION = 1;
				GENERATE_INFOPLIST_FILE = YES;
				IPHONEOS_DEPLOYMENT_TARGET = 16.2;
				MARKETING_VERSION = 1.0;
				PRODUCT_BUNDLE_IDENTIFIER = com.ios11.FakeNFT;
				PRODUCT_NAME = "$(TARGET_NAME)";
				SWIFT_EMIT_LOC_STRINGS = NO;
				SWIFT_VERSION = 5.0;
				TARGETED_DEVICE_FAMILY = "1,2";
				TEST_HOST = "$(BUILT_PRODUCTS_DIR)/FakeNFT.app/$(BUNDLE_EXECUTABLE_FOLDER_PATH)/FakeNFT";
			};
			name = Debug;
		};
		3F6806C229CBBAF200B4F915 /* Release */ = {
			isa = XCBuildConfiguration;
			buildSettings = {
				ALWAYS_EMBED_SWIFT_STANDARD_LIBRARIES = YES;
				BUNDLE_LOADER = "$(TEST_HOST)";
				CODE_SIGN_STYLE = Automatic;
				CURRENT_PROJECT_VERSION = 1;
				GENERATE_INFOPLIST_FILE = YES;
				IPHONEOS_DEPLOYMENT_TARGET = 16.2;
				MARKETING_VERSION = 1.0;
				PRODUCT_BUNDLE_IDENTIFIER = com.ios11.FakeNFT;
				PRODUCT_NAME = "$(TARGET_NAME)";
				SWIFT_EMIT_LOC_STRINGS = NO;
				SWIFT_VERSION = 5.0;
				TARGETED_DEVICE_FAMILY = "1,2";
				TEST_HOST = "$(BUILT_PRODUCTS_DIR)/FakeNFT.app/$(BUNDLE_EXECUTABLE_FOLDER_PATH)/FakeNFT";
			};
			name = Release;
		};
		3F6806C429CBBAF200B4F915 /* Debug */ = {
			isa = XCBuildConfiguration;
			buildSettings = {
				ALWAYS_EMBED_SWIFT_STANDARD_LIBRARIES = YES;
				CODE_SIGN_STYLE = Automatic;
				CURRENT_PROJECT_VERSION = 1;
				GENERATE_INFOPLIST_FILE = YES;
				MARKETING_VERSION = 1.0;
				PRODUCT_BUNDLE_IDENTIFIER = com.ios11.FakeNFT;
				PRODUCT_NAME = "$(TARGET_NAME)";
				SWIFT_EMIT_LOC_STRINGS = NO;
				SWIFT_VERSION = 5.0;
				TARGETED_DEVICE_FAMILY = "1,2";
				TEST_TARGET_NAME = FakeNFT;
			};
			name = Debug;
		};
		3F6806C529CBBAF200B4F915 /* Release */ = {
			isa = XCBuildConfiguration;
			buildSettings = {
				ALWAYS_EMBED_SWIFT_STANDARD_LIBRARIES = YES;
				CODE_SIGN_STYLE = Automatic;
				CURRENT_PROJECT_VERSION = 1;
				GENERATE_INFOPLIST_FILE = YES;
				MARKETING_VERSION = 1.0;
				PRODUCT_BUNDLE_IDENTIFIER = com.ios11.FakeNFT;
				PRODUCT_NAME = "$(TARGET_NAME)";
				SWIFT_EMIT_LOC_STRINGS = NO;
				SWIFT_VERSION = 5.0;
				TARGETED_DEVICE_FAMILY = "1,2";
				TEST_TARGET_NAME = FakeNFT;
			};
			name = Release;
		};
/* End XCBuildConfiguration section */

/* Begin XCConfigurationList section */
		3F68068E29CBBAF100B4F915 /* Build configuration list for PBXProject "FakeNFT" */ = {
			isa = XCConfigurationList;
			buildConfigurations = (
				3F6806BB29CBBAF200B4F915 /* Debug */,
				3F6806BC29CBBAF200B4F915 /* Release */,
			);
			defaultConfigurationIsVisible = 0;
			defaultConfigurationName = Release;
		};
		3F6806BD29CBBAF200B4F915 /* Build configuration list for PBXNativeTarget "FakeNFT" */ = {
			isa = XCConfigurationList;
			buildConfigurations = (
				3F6806BE29CBBAF200B4F915 /* Debug */,
				3F6806BF29CBBAF200B4F915 /* Release */,
			);
			defaultConfigurationIsVisible = 0;
			defaultConfigurationName = Release;
		};
		3F6806C029CBBAF200B4F915 /* Build configuration list for PBXNativeTarget "FakeNFTTests" */ = {
			isa = XCConfigurationList;
			buildConfigurations = (
				3F6806C129CBBAF200B4F915 /* Debug */,
				3F6806C229CBBAF200B4F915 /* Release */,
			);
			defaultConfigurationIsVisible = 0;
			defaultConfigurationName = Release;
		};
		3F6806C329CBBAF200B4F915 /* Build configuration list for PBXNativeTarget "FakeNFTUITests" */ = {
			isa = XCConfigurationList;
			buildConfigurations = (
				3F6806C429CBBAF200B4F915 /* Debug */,
				3F6806C529CBBAF200B4F915 /* Release */,
			);
			defaultConfigurationIsVisible = 0;
			defaultConfigurationName = Release;
		};
/* End XCConfigurationList section */

/* Begin XCRemoteSwiftPackageReference section */
		3F603CCB29DB4A53000C43D7 /* XCRemoteSwiftPackageReference "ProgressHUD" */ = {
			isa = XCRemoteSwiftPackageReference;
			repositoryURL = "https://github.com/relatedcode/ProgressHUD";
			requirement = {
				kind = upToNextMajorVersion;
				minimumVersion = 13.0.0;
			};
		};
		3F603CCE29DB4A74000C43D7 /* XCRemoteSwiftPackageReference "Kingfisher" */ = {
			isa = XCRemoteSwiftPackageReference;
			repositoryURL = "https://github.com/onevcat/Kingfisher.git";
			requirement = {
				kind = upToNextMajorVersion;
				minimumVersion = 7.0.0;
			};
		};
/* End XCRemoteSwiftPackageReference section */

/* Begin XCSwiftPackageProductDependency section */
		3F603CCC29DB4A53000C43D7 /* ProgressHUD */ = {
			isa = XCSwiftPackageProductDependency;
			package = 3F603CCB29DB4A53000C43D7 /* XCRemoteSwiftPackageReference "ProgressHUD" */;
			productName = ProgressHUD;
		};
		3F603CCF29DB4A74000C43D7 /* Kingfisher */ = {
			isa = XCSwiftPackageProductDependency;
			package = 3F603CCE29DB4A74000C43D7 /* XCRemoteSwiftPackageReference "Kingfisher" */;
			productName = Kingfisher;
		};
/* End XCSwiftPackageProductDependency section */
	};
	rootObject = 3F68068B29CBBAF100B4F915 /* Project object */;
}
